
Microsoft Visual Studio Solution File, Format Version 12.00
# Visual Studio 15
VisualStudioVersion = 15.0.26124.0
MinimumVisualStudioVersion = 15.0.26124.0
Project("{FAE04EC0-301F-11D3-BF4B-00C04F79EFBC}") = "Penguin.Cms.Modules.Reporting.Local", "Penguin.Cms.Modules.Reporting.Local.csproj", "{3F822149-7720-4283-9DB5-3C362B467DE9}"
EndProject
Project("{FAE04EC0-301F-11D3-BF4B-00C04F79EFBC}") = "Penguin.Cms.Modules.Dynamic.Local", "..\Penguin.Cms.Modules.Dynamic\Penguin.Cms.Modules.Dynamic.Local.csproj", "{61EAE566-7DE9-46FC-B3B8-7749809667F8}"
EndProject
Project("{FAE04EC0-301F-11D3-BF4B-00C04F79EFBC}") = "Penguin.Cms.Entities.Local", "..\Penguin.Cms.Entities\Penguin.Cms.Entities.Local.csproj", "{34170A4D-1A6A-4A50-8708-BDC2ED637C16}"
EndProject
Project("{FAE04EC0-301F-11D3-BF4B-00C04F79EFBC}") = "Penguin.Persistence.Abstractions.Local", "..\Penguin.Persistence.Abstractions\Penguin.Persistence.Abstractions.Local.csproj", "{A57846F9-7DDB-4647-8962-948F55AA8644}"
EndProject
Project("{FAE04EC0-301F-11D3-BF4B-00C04F79EFBC}") = "Penguin.Entities.Abstractions.Local", "..\Penguin.Entities.Abstractions\Penguin.Entities.Abstractions.Local.csproj", "{6588721A-D71E-4177-BB25-753779F52BB1}"
EndProject
Project("{FAE04EC0-301F-11D3-BF4B-00C04F79EFBC}") = "Penguin.Reflection.Extensions.Local", "..\Penguin.Reflection.Extensions\Penguin.Reflection.Extensions.Local.csproj", "{54F3AB3F-5FA4-4675-8AE8-F78C89BFAF57}"
EndProject
Project("{FAE04EC0-301F-11D3-BF4B-00C04F79EFBC}") = "Penguin.Extensions.String.Local", "..\Penguin.Extensions.String\Penguin.Extensions.String.Local.csproj", "{CFFD96EA-2AFF-4BD3-A9E1-F09985331249}"
EndProject
Project("{FAE04EC0-301F-11D3-BF4B-00C04F79EFBC}") = "Penguin.Reflection.Abstractions.Local", "..\Penguin.Reflection.Abstractions\Penguin.Reflection.Abstractions.Local.csproj", "{6E2C9DDA-828C-4E9C-BCEA-61FAC1C8FDB3}"
EndProject
Project("{FAE04EC0-301F-11D3-BF4B-00C04F79EFBC}") = "Penguin.Cms.Errors.Local", "..\Penguin.Cms.Errors\Penguin.Cms.Errors.Local.csproj", "{913B30B8-1A83-45DF-9ED6-2B707D338BBF}"
EndProject
Project("{FAE04EC0-301F-11D3-BF4B-00C04F79EFBC}") = "Penguin.Auditing.Abstractions.Local", "..\Penguin.Auditing.Abstractions\Penguin.Auditing.Abstractions.Local.csproj", "{A5BBE3BA-5854-4E27-AA9C-A407DE1D4C04}"
EndProject
Project("{FAE04EC0-301F-11D3-BF4B-00C04F79EFBC}") = "Penguin.Extensions.Exceptions.Local", "..\Penguin.Extensions.Exceptions\Penguin.Extensions.Exceptions.Local.csproj", "{78A54348-7DAF-4C57-BC89-696E77ED30AD}"
EndProject
Project("{FAE04EC0-301F-11D3-BF4B-00C04F79EFBC}") = "Penguin.Cms.Modules.Admin.Local", "..\Penguin.Cms.Modules.Admin\Penguin.Cms.Modules.Admin.Local.csproj", "{27D85ADD-E69A-4003-AC16-5CA17D719CEF}"
EndProject
Project("{FAE04EC0-301F-11D3-BF4B-00C04F79EFBC}") = "Penguin.Cms.Modules.Core.Local", "..\Penguin.Cms.Modules.Core\Penguin.Cms.Modules.Core.Local.csproj", "{70BA1B89-6291-4BD2-94F7-426D98F9D6DE}"
EndProject
Project("{FAE04EC0-301F-11D3-BF4B-00C04F79EFBC}") = "Penguin.Cms.Abstractions.Local", "..\Penguin.Cms.Abstractions\Penguin.Cms.Abstractions.Local.csproj", "{EBC724BA-1261-4E60-A413-ED00F33C69E9}"
EndProject
Project("{FAE04EC0-301F-11D3-BF4B-00C04F79EFBC}") = "Penguin.DependencyInjection.Abstractions.Local", "..\Penguin.DependencyInjection.Abstractions\Penguin.DependencyInjection.Abstractions.Local.csproj", "{A1FC82FF-3FC6-44BE-9367-9FAA2963CD24}"
EndProject
Project("{FAE04EC0-301F-11D3-BF4B-00C04F79EFBC}") = "Penguin.Cms.Core.Local", "..\Penguin.Cms.Core\Penguin.Cms.Core.Local.csproj", "{74AE32B2-CC6F-4805-B174-723AB7EDCDAF}"
EndProject
Project("{FAE04EC0-301F-11D3-BF4B-00C04F79EFBC}") = "Penguin.Reflection.Local", "..\Penguin.Reflection\Penguin.Reflection.Local.csproj", "{C59312AC-4C0C-4608-8FD5-19BF94CDDC5B}"
EndProject
Project("{FAE04EC0-301F-11D3-BF4B-00C04F79EFBC}") = "Penguin.Debugging.Local", "..\Penguin.Debugging\Penguin.Debugging.Local.csproj", "{6D105D93-B01F-4FBF-B3A6-0C093429F10D}"
EndProject
Project("{FAE04EC0-301F-11D3-BF4B-00C04F79EFBC}") = "Penguin.Cms.Web.Local", "..\Penguin.Cms.Web\Penguin.Cms.Web.Local.csproj", "{FC1DA977-763F-4CB1-8313-22E009D04346}"
EndProject
Project("{FAE04EC0-301F-11D3-BF4B-00C04F79EFBC}") = "Penguin.Configuration.Local", "..\Penguin.Configuration\Penguin.Configuration.Local.csproj", "{6D326003-5B51-4883-8B52-BE64871125BE}"
EndProject
Project("{FAE04EC0-301F-11D3-BF4B-00C04F79EFBC}") = "Penguin.Configuration.Abstractions.Local", "..\Penguin.Configuration.Abstractions\Penguin.Configuration.Abstractions.Local.csproj", "{E175A06B-4C85-4801-A6A4-CBD489AC466D}"
EndProject
Project("{FAE04EC0-301F-11D3-BF4B-00C04F79EFBC}") = "Penguin.DependencyInjection.Local", "..\Penguin.DependencyInjection\Penguin.DependencyInjection.Local.csproj", "{4BFC6CED-D864-4A60-BBF8-176BB94D5FB0}"
EndProject
Project("{FAE04EC0-301F-11D3-BF4B-00C04F79EFBC}") = "Penguin.Extensions.Collections.Local", "..\Penguin.Extensions.Collections\Penguin.Extensions.Collections.Local.csproj", "{41D0D94C-355A-4E56-8888-F8814653605C}"
EndProject
Project("{FAE04EC0-301F-11D3-BF4B-00C04F79EFBC}") = "Penguin.Files.Local", "..\Penguin.Files\Penguin.Files.Local.csproj", "{9E20CF1D-A475-41EC-823D-893ABED52F90}"
EndProject
Project("{FAE04EC0-301F-11D3-BF4B-00C04F79EFBC}") = "Penguin.Files.Abstractions.Local", "..\Penguin.Files.Abstractions\Penguin.Files.Abstractions.Local.csproj", "{00AFEF54-0AB0-4D9D-BB4A-C37060F6AC64}"
EndProject
Project("{FAE04EC0-301F-11D3-BF4B-00C04F79EFBC}") = "Penguin.Security.Abstractions.Local", "..\Penguin.Security.Abstractions\Penguin.Security.Abstractions.Local.csproj", "{FA5D03A7-995F-4FC5-BFB7-10E7E6EBBF9B}"
EndProject
Project("{FAE04EC0-301F-11D3-BF4B-00C04F79EFBC}") = "Penguin.Messaging.Application.Local", "..\Penguin.Messaging.Application\Penguin.Messaging.Application.Local.csproj", "{ECAF66D6-4089-4637-9018-A0D7D35EAF2C}"
EndProject
Project("{FAE04EC0-301F-11D3-BF4B-00C04F79EFBC}") = "Penguin.Messaging.Abstractions.Local", "..\Penguin.Messaging.Abstractions\Penguin.Messaging.Abstractions.Local.csproj", "{723A5758-9842-425F-984E-B349FE02FBC9}"
EndProject
Project("{FAE04EC0-301F-11D3-BF4B-00C04F79EFBC}") = "Penguin.Messaging.Core.Local", "..\Penguin.Messaging.Core\Penguin.Messaging.Core.Local.csproj", "{281C7277-94B4-483B-AF06-27F89D4D5167}"
EndProject
Project("{FAE04EC0-301F-11D3-BF4B-00C04F79EFBC}") = "Penguin.Persistence.Database.Local", "..\Penguin.Persistence.Database\Penguin.Persistence.Database.Local.csproj", "{E7DCB923-C502-4F2C-8A33-2B8094F60AB0}"
EndProject
Project("{FAE04EC0-301F-11D3-BF4B-00C04F79EFBC}") = "Penguin.Threading.BackgroundWorker.Local", "..\Penguin.Threading.BackgroundWorker\Penguin.Threading.BackgroundWorker.Local.csproj", "{0CE6FEF3-8FFD-4D63-8FC7-9A2DBA42F3CB}"
EndProject
Project("{FAE04EC0-301F-11D3-BF4B-00C04F79EFBC}") = "Penguin.Persistence.Repositories.Local", "..\Penguin.Persistence.Repositories\Penguin.Persistence.Repositories.Local.csproj", "{8C302B21-FD33-4591-811E-808DCC9EBE67}"
EndProject
Project("{FAE04EC0-301F-11D3-BF4B-00C04F79EFBC}") = "Penguin.Messaging.Persistence.Local", "..\Penguin.Messaging.Persistence\Penguin.Messaging.Persistence.Local.csproj", "{86A987B1-997A-4D94-B4C8-348D5023F178}"
EndProject
Project("{FAE04EC0-301F-11D3-BF4B-00C04F79EFBC}") = "Penguin.Reflection.Serialization.Local", "..\Penguin.Reflection.Serialization\Penguin.Reflection.Serialization.Local.csproj", "{53E48AE7-6BA9-4224-97B5-32283E41436C}"
EndProject
Project("{FAE04EC0-301F-11D3-BF4B-00C04F79EFBC}") = "Penguin.Reflection.Serialization.Abstractions.Local", "..\Penguin.Reflection.Serialization.Abstractions\Penguin.Reflection.Serialization.Abstractions.Local.csproj", "{400231A0-B685-44C0-AEFE-92FF762B8355}"
EndProject
Project("{FAE04EC0-301F-11D3-BF4B-00C04F79EFBC}") = "Penguin.Reflection.Serialization.Extensions.Local", "..\Penguin.Reflection.Serialization.Extensions\Penguin.Reflection.Serialization.Extensions.Local.csproj", "{79B15866-F01A-4AD0-99B0-71A391D5C78C}"
EndProject
Project("{FAE04EC0-301F-11D3-BF4B-00C04F79EFBC}") = "Penguin.Templating.Abstractions.Local", "..\Penguin.Templating.Abstractions\Penguin.Templating.Abstractions.Local.csproj", "{1E9D9278-AB69-4CDD-9CA8-446F68BB5D00}"
EndProject
Project("{FAE04EC0-301F-11D3-BF4B-00C04F79EFBC}") = "Penguin.Testing.Local", "..\Penguin.Testing\Penguin.Testing.Local.csproj", "{43E4CBBC-6A4D-433F-B39F-86D17F6983F9}"
EndProject
Project("{FAE04EC0-301F-11D3-BF4B-00C04F79EFBC}") = "Penguin.Web.Abstractions.Local", "..\Penguin.Web.Abstractions\Penguin.Web.Abstractions.Local.csproj", "{7B1362E6-FE8B-414F-8FEB-26F443E7F563}"
EndProject
Project("{FAE04EC0-301F-11D3-BF4B-00C04F79EFBC}") = "Penguin.Web.DependencyInjection.Local", "..\Penguin.Web.DependencyInjection\Penguin.Web.DependencyInjection.Local.csproj", "{DD9B1B41-8D63-44AF-A7F9-453776FA87EA}"
EndProject
Project("{FAE04EC0-301F-11D3-BF4B-00C04F79EFBC}") = "Penguin.Web.Testing.Local", "..\Penguin.Web.Testing\Penguin.Web.Testing.Local.csproj", "{1798B85D-35A1-4397-8017-A194EEEBF7C6}"
EndProject
Project("{FAE04EC0-301F-11D3-BF4B-00C04F79EFBC}") = "Penguin.Web.Errors.Local", "..\Penguin.Web.Errors\Penguin.Web.Errors.Local.csproj", "{202D1657-938C-42A9-AB68-9AE0473A6DEF}"
EndProject
Project("{FAE04EC0-301F-11D3-BF4B-00C04F79EFBC}") = "Penguin.Web.Mvc.Local", "..\Penguin.Web.Mvc\Penguin.Web.Mvc.Local.csproj", "{C29398D5-2E12-45B2-B627-8F3FD5A3D8BF}"
EndProject
Project("{FAE04EC0-301F-11D3-BF4B-00C04F79EFBC}") = "Penguin.Web.Mvc.Abstractions.Local", "..\Penguin.Web.Mvc.Abstractions\Penguin.Web.Mvc.Abstractions.Local.csproj", "{4D6595EA-FF62-49AB-8381-B62569D4E649}"
EndProject
Project("{FAE04EC0-301F-11D3-BF4B-00C04F79EFBC}") = "Penguin.Navigation.Abstractions.Local", "..\Penguin.Navigation.Abstractions\Penguin.Navigation.Abstractions.Local.csproj", "{C2EF2896-0E85-45A6-9525-2638C54BFC31}"
EndProject
Project("{FAE04EC0-301F-11D3-BF4B-00C04F79EFBC}") = "Penguin.Web.Security.Local", "..\Penguin.Web.Security\Penguin.Web.Security.Local.csproj", "{83EBAE6F-19B7-40A5-B1B1-033CD8FDC859}"
EndProject
Project("{FAE04EC0-301F-11D3-BF4B-00C04F79EFBC}") = "Penguin.Cms.Repositories.Local", "..\Penguin.Cms.Repositories\Penguin.Cms.Repositories.Local.csproj", "{C04734FB-A13A-456F-88D0-3F8C43176249}"
EndProject
Project("{FAE04EC0-301F-11D3-BF4B-00C04F79EFBC}") = "Penguin.Shared.Objects.Local", "..\Penguin.Shared.Objects\Penguin.Shared.Objects.Local.csproj", "{EFA6A425-DD49-4F49-AE78-2C5E4E0A37A3}"
EndProject
Project("{FAE04EC0-301F-11D3-BF4B-00C04F79EFBC}") = "Penguin.Web.Dynamic.Local", "..\Penguin.Web.Dynamic\Penguin.Web.Dynamic.Local.csproj", "{5E0BEEEF-7E49-4746-82AF-DD6D0E7C08C6}"
EndProject
Project("{FAE04EC0-301F-11D3-BF4B-00C04F79EFBC}") = "Penguin.Cms.Reporting.Local", "..\Penguin.Cms.Reporting\Penguin.Cms.Reporting.Local.csproj", "{37C91E94-1755-49C6-A3E0-AC1AB7A6CE99}"
EndProject
Project("{FAE04EC0-301F-11D3-BF4B-00C04F79EFBC}") = "Penguin.Persistence.Database.Serialization.Extensions.Local", "..\Penguin.Persistence.Database.Serialization.Extensions\Penguin.Persistence.Database.Serialization.Extensions.Local.csproj", "{323E2503-1F43-4398-BC8C-5685D8F67DB0}"
EndProject
Project("{FAE04EC0-301F-11D3-BF4B-00C04F79EFBC}") = "Penguin.Reflection.Dynamic.Local", "..\Penguin.Reflection.Dynamic\Penguin.Reflection.Dynamic.Local.csproj", "{BF96BBC8-C1BF-46EB-BF8E-E82DFF5A8E3C}"
EndProject
Global
	GlobalSection(SolutionConfigurationPlatforms) = preSolution
		Debug|Any CPU = Debug|Any CPU
		Debug|x64 = Debug|x64
		Debug|x86 = Debug|x86
		Release|Any CPU = Release|Any CPU
		Release|x64 = Release|x64
		Release|x86 = Release|x86
	EndGlobalSection
	GlobalSection(SolutionProperties) = preSolution
		HideSolutionNode = FALSE
	EndGlobalSection
	GlobalSection(ProjectConfigurationPlatforms) = postSolution
		{3F822149-7720-4283-9DB5-3C362B467DE9}.Debug|Any CPU.ActiveCfg = Debug|Any CPU
		{3F822149-7720-4283-9DB5-3C362B467DE9}.Debug|Any CPU.Build.0 = Debug|Any CPU
		{3F822149-7720-4283-9DB5-3C362B467DE9}.Debug|x64.ActiveCfg = Debug|Any CPU
		{3F822149-7720-4283-9DB5-3C362B467DE9}.Debug|x64.Build.0 = Debug|Any CPU
		{3F822149-7720-4283-9DB5-3C362B467DE9}.Debug|x86.ActiveCfg = Debug|Any CPU
		{3F822149-7720-4283-9DB5-3C362B467DE9}.Debug|x86.Build.0 = Debug|Any CPU
		{3F822149-7720-4283-9DB5-3C362B467DE9}.Release|Any CPU.ActiveCfg = Release|Any CPU
		{3F822149-7720-4283-9DB5-3C362B467DE9}.Release|Any CPU.Build.0 = Release|Any CPU
		{3F822149-7720-4283-9DB5-3C362B467DE9}.Release|x64.ActiveCfg = Release|Any CPU
		{3F822149-7720-4283-9DB5-3C362B467DE9}.Release|x64.Build.0 = Release|Any CPU
		{3F822149-7720-4283-9DB5-3C362B467DE9}.Release|x86.ActiveCfg = Release|Any CPU
		{3F822149-7720-4283-9DB5-3C362B467DE9}.Release|x86.Build.0 = Release|Any CPU
		{61EAE566-7DE9-46FC-B3B8-7749809667F8}.Debug|Any CPU.ActiveCfg = Debug|Any CPU
		{61EAE566-7DE9-46FC-B3B8-7749809667F8}.Debug|Any CPU.Build.0 = Debug|Any CPU
		{61EAE566-7DE9-46FC-B3B8-7749809667F8}.Debug|x64.ActiveCfg = Debug|Any CPU
		{61EAE566-7DE9-46FC-B3B8-7749809667F8}.Debug|x64.Build.0 = Debug|Any CPU
		{61EAE566-7DE9-46FC-B3B8-7749809667F8}.Debug|x86.ActiveCfg = Debug|Any CPU
		{61EAE566-7DE9-46FC-B3B8-7749809667F8}.Debug|x86.Build.0 = Debug|Any CPU
		{61EAE566-7DE9-46FC-B3B8-7749809667F8}.Release|Any CPU.ActiveCfg = Release|Any CPU
		{61EAE566-7DE9-46FC-B3B8-7749809667F8}.Release|Any CPU.Build.0 = Release|Any CPU
		{61EAE566-7DE9-46FC-B3B8-7749809667F8}.Release|x64.ActiveCfg = Release|Any CPU
		{61EAE566-7DE9-46FC-B3B8-7749809667F8}.Release|x64.Build.0 = Release|Any CPU
		{61EAE566-7DE9-46FC-B3B8-7749809667F8}.Release|x86.ActiveCfg = Release|Any CPU
		{61EAE566-7DE9-46FC-B3B8-7749809667F8}.Release|x86.Build.0 = Release|Any CPU
		{34170A4D-1A6A-4A50-8708-BDC2ED637C16}.Debug|Any CPU.ActiveCfg = Debug|Any CPU
		{34170A4D-1A6A-4A50-8708-BDC2ED637C16}.Debug|Any CPU.Build.0 = Debug|Any CPU
		{34170A4D-1A6A-4A50-8708-BDC2ED637C16}.Debug|x64.ActiveCfg = Debug|Any CPU
		{34170A4D-1A6A-4A50-8708-BDC2ED637C16}.Debug|x64.Build.0 = Debug|Any CPU
		{34170A4D-1A6A-4A50-8708-BDC2ED637C16}.Debug|x86.ActiveCfg = Debug|Any CPU
		{34170A4D-1A6A-4A50-8708-BDC2ED637C16}.Debug|x86.Build.0 = Debug|Any CPU
		{34170A4D-1A6A-4A50-8708-BDC2ED637C16}.Release|Any CPU.ActiveCfg = Release|Any CPU
		{34170A4D-1A6A-4A50-8708-BDC2ED637C16}.Release|Any CPU.Build.0 = Release|Any CPU
		{34170A4D-1A6A-4A50-8708-BDC2ED637C16}.Release|x64.ActiveCfg = Release|Any CPU
		{34170A4D-1A6A-4A50-8708-BDC2ED637C16}.Release|x64.Build.0 = Release|Any CPU
		{34170A4D-1A6A-4A50-8708-BDC2ED637C16}.Release|x86.ActiveCfg = Release|Any CPU
		{34170A4D-1A6A-4A50-8708-BDC2ED637C16}.Release|x86.Build.0 = Release|Any CPU
		{A57846F9-7DDB-4647-8962-948F55AA8644}.Debug|Any CPU.ActiveCfg = Debug|Any CPU
		{A57846F9-7DDB-4647-8962-948F55AA8644}.Debug|Any CPU.Build.0 = Debug|Any CPU
		{A57846F9-7DDB-4647-8962-948F55AA8644}.Debug|x64.ActiveCfg = Debug|Any CPU
		{A57846F9-7DDB-4647-8962-948F55AA8644}.Debug|x64.Build.0 = Debug|Any CPU
		{A57846F9-7DDB-4647-8962-948F55AA8644}.Debug|x86.ActiveCfg = Debug|Any CPU
		{A57846F9-7DDB-4647-8962-948F55AA8644}.Debug|x86.Build.0 = Debug|Any CPU
		{A57846F9-7DDB-4647-8962-948F55AA8644}.Release|Any CPU.ActiveCfg = Release|Any CPU
		{A57846F9-7DDB-4647-8962-948F55AA8644}.Release|Any CPU.Build.0 = Release|Any CPU
		{A57846F9-7DDB-4647-8962-948F55AA8644}.Release|x64.ActiveCfg = Release|Any CPU
		{A57846F9-7DDB-4647-8962-948F55AA8644}.Release|x64.Build.0 = Release|Any CPU
		{A57846F9-7DDB-4647-8962-948F55AA8644}.Release|x86.ActiveCfg = Release|Any CPU
		{A57846F9-7DDB-4647-8962-948F55AA8644}.Release|x86.Build.0 = Release|Any CPU
		{6588721A-D71E-4177-BB25-753779F52BB1}.Debug|Any CPU.ActiveCfg = Debug|Any CPU
		{6588721A-D71E-4177-BB25-753779F52BB1}.Debug|Any CPU.Build.0 = Debug|Any CPU
		{6588721A-D71E-4177-BB25-753779F52BB1}.Debug|x64.ActiveCfg = Debug|Any CPU
		{6588721A-D71E-4177-BB25-753779F52BB1}.Debug|x64.Build.0 = Debug|Any CPU
		{6588721A-D71E-4177-BB25-753779F52BB1}.Debug|x86.ActiveCfg = Debug|Any CPU
		{6588721A-D71E-4177-BB25-753779F52BB1}.Debug|x86.Build.0 = Debug|Any CPU
		{6588721A-D71E-4177-BB25-753779F52BB1}.Release|Any CPU.ActiveCfg = Release|Any CPU
		{6588721A-D71E-4177-BB25-753779F52BB1}.Release|Any CPU.Build.0 = Release|Any CPU
		{6588721A-D71E-4177-BB25-753779F52BB1}.Release|x64.ActiveCfg = Release|Any CPU
		{6588721A-D71E-4177-BB25-753779F52BB1}.Release|x64.Build.0 = Release|Any CPU
		{6588721A-D71E-4177-BB25-753779F52BB1}.Release|x86.ActiveCfg = Release|Any CPU
		{6588721A-D71E-4177-BB25-753779F52BB1}.Release|x86.Build.0 = Release|Any CPU
		{54F3AB3F-5FA4-4675-8AE8-F78C89BFAF57}.Debug|Any CPU.ActiveCfg = Debug|Any CPU
		{54F3AB3F-5FA4-4675-8AE8-F78C89BFAF57}.Debug|Any CPU.Build.0 = Debug|Any CPU
		{54F3AB3F-5FA4-4675-8AE8-F78C89BFAF57}.Debug|x64.ActiveCfg = Debug|Any CPU
		{54F3AB3F-5FA4-4675-8AE8-F78C89BFAF57}.Debug|x64.Build.0 = Debug|Any CPU
		{54F3AB3F-5FA4-4675-8AE8-F78C89BFAF57}.Debug|x86.ActiveCfg = Debug|Any CPU
		{54F3AB3F-5FA4-4675-8AE8-F78C89BFAF57}.Debug|x86.Build.0 = Debug|Any CPU
		{54F3AB3F-5FA4-4675-8AE8-F78C89BFAF57}.Release|Any CPU.ActiveCfg = Release|Any CPU
		{54F3AB3F-5FA4-4675-8AE8-F78C89BFAF57}.Release|Any CPU.Build.0 = Release|Any CPU
		{54F3AB3F-5FA4-4675-8AE8-F78C89BFAF57}.Release|x64.ActiveCfg = Release|Any CPU
		{54F3AB3F-5FA4-4675-8AE8-F78C89BFAF57}.Release|x64.Build.0 = Release|Any CPU
		{54F3AB3F-5FA4-4675-8AE8-F78C89BFAF57}.Release|x86.ActiveCfg = Release|Any CPU
		{54F3AB3F-5FA4-4675-8AE8-F78C89BFAF57}.Release|x86.Build.0 = Release|Any CPU
		{CFFD96EA-2AFF-4BD3-A9E1-F09985331249}.Debug|Any CPU.ActiveCfg = Debug|Any CPU
		{CFFD96EA-2AFF-4BD3-A9E1-F09985331249}.Debug|Any CPU.Build.0 = Debug|Any CPU
		{CFFD96EA-2AFF-4BD3-A9E1-F09985331249}.Debug|x64.ActiveCfg = Debug|Any CPU
		{CFFD96EA-2AFF-4BD3-A9E1-F09985331249}.Debug|x64.Build.0 = Debug|Any CPU
		{CFFD96EA-2AFF-4BD3-A9E1-F09985331249}.Debug|x86.ActiveCfg = Debug|Any CPU
		{CFFD96EA-2AFF-4BD3-A9E1-F09985331249}.Debug|x86.Build.0 = Debug|Any CPU
		{CFFD96EA-2AFF-4BD3-A9E1-F09985331249}.Release|Any CPU.ActiveCfg = Release|Any CPU
		{CFFD96EA-2AFF-4BD3-A9E1-F09985331249}.Release|Any CPU.Build.0 = Release|Any CPU
		{CFFD96EA-2AFF-4BD3-A9E1-F09985331249}.Release|x64.ActiveCfg = Release|Any CPU
		{CFFD96EA-2AFF-4BD3-A9E1-F09985331249}.Release|x64.Build.0 = Release|Any CPU
		{CFFD96EA-2AFF-4BD3-A9E1-F09985331249}.Release|x86.ActiveCfg = Release|Any CPU
		{CFFD96EA-2AFF-4BD3-A9E1-F09985331249}.Release|x86.Build.0 = Release|Any CPU
		{6E2C9DDA-828C-4E9C-BCEA-61FAC1C8FDB3}.Debug|Any CPU.ActiveCfg = Debug|Any CPU
		{6E2C9DDA-828C-4E9C-BCEA-61FAC1C8FDB3}.Debug|Any CPU.Build.0 = Debug|Any CPU
		{6E2C9DDA-828C-4E9C-BCEA-61FAC1C8FDB3}.Debug|x64.ActiveCfg = Debug|Any CPU
		{6E2C9DDA-828C-4E9C-BCEA-61FAC1C8FDB3}.Debug|x64.Build.0 = Debug|Any CPU
		{6E2C9DDA-828C-4E9C-BCEA-61FAC1C8FDB3}.Debug|x86.ActiveCfg = Debug|Any CPU
		{6E2C9DDA-828C-4E9C-BCEA-61FAC1C8FDB3}.Debug|x86.Build.0 = Debug|Any CPU
		{6E2C9DDA-828C-4E9C-BCEA-61FAC1C8FDB3}.Release|Any CPU.ActiveCfg = Release|Any CPU
		{6E2C9DDA-828C-4E9C-BCEA-61FAC1C8FDB3}.Release|Any CPU.Build.0 = Release|Any CPU
		{6E2C9DDA-828C-4E9C-BCEA-61FAC1C8FDB3}.Release|x64.ActiveCfg = Release|Any CPU
		{6E2C9DDA-828C-4E9C-BCEA-61FAC1C8FDB3}.Release|x64.Build.0 = Release|Any CPU
		{6E2C9DDA-828C-4E9C-BCEA-61FAC1C8FDB3}.Release|x86.ActiveCfg = Release|Any CPU
		{6E2C9DDA-828C-4E9C-BCEA-61FAC1C8FDB3}.Release|x86.Build.0 = Release|Any CPU
		{913B30B8-1A83-45DF-9ED6-2B707D338BBF}.Debug|Any CPU.ActiveCfg = Debug|Any CPU
		{913B30B8-1A83-45DF-9ED6-2B707D338BBF}.Debug|Any CPU.Build.0 = Debug|Any CPU
		{913B30B8-1A83-45DF-9ED6-2B707D338BBF}.Debug|x64.ActiveCfg = Debug|Any CPU
		{913B30B8-1A83-45DF-9ED6-2B707D338BBF}.Debug|x64.Build.0 = Debug|Any CPU
		{913B30B8-1A83-45DF-9ED6-2B707D338BBF}.Debug|x86.ActiveCfg = Debug|Any CPU
		{913B30B8-1A83-45DF-9ED6-2B707D338BBF}.Debug|x86.Build.0 = Debug|Any CPU
		{913B30B8-1A83-45DF-9ED6-2B707D338BBF}.Release|Any CPU.ActiveCfg = Release|Any CPU
		{913B30B8-1A83-45DF-9ED6-2B707D338BBF}.Release|Any CPU.Build.0 = Release|Any CPU
		{913B30B8-1A83-45DF-9ED6-2B707D338BBF}.Release|x64.ActiveCfg = Release|Any CPU
		{913B30B8-1A83-45DF-9ED6-2B707D338BBF}.Release|x64.Build.0 = Release|Any CPU
		{913B30B8-1A83-45DF-9ED6-2B707D338BBF}.Release|x86.ActiveCfg = Release|Any CPU
		{913B30B8-1A83-45DF-9ED6-2B707D338BBF}.Release|x86.Build.0 = Release|Any CPU
		{A5BBE3BA-5854-4E27-AA9C-A407DE1D4C04}.Debug|Any CPU.ActiveCfg = Debug|Any CPU
		{A5BBE3BA-5854-4E27-AA9C-A407DE1D4C04}.Debug|Any CPU.Build.0 = Debug|Any CPU
		{A5BBE3BA-5854-4E27-AA9C-A407DE1D4C04}.Debug|x64.ActiveCfg = Debug|Any CPU
		{A5BBE3BA-5854-4E27-AA9C-A407DE1D4C04}.Debug|x64.Build.0 = Debug|Any CPU
		{A5BBE3BA-5854-4E27-AA9C-A407DE1D4C04}.Debug|x86.ActiveCfg = Debug|Any CPU
		{A5BBE3BA-5854-4E27-AA9C-A407DE1D4C04}.Debug|x86.Build.0 = Debug|Any CPU
		{A5BBE3BA-5854-4E27-AA9C-A407DE1D4C04}.Release|Any CPU.ActiveCfg = Release|Any CPU
		{A5BBE3BA-5854-4E27-AA9C-A407DE1D4C04}.Release|Any CPU.Build.0 = Release|Any CPU
		{A5BBE3BA-5854-4E27-AA9C-A407DE1D4C04}.Release|x64.ActiveCfg = Release|Any CPU
		{A5BBE3BA-5854-4E27-AA9C-A407DE1D4C04}.Release|x64.Build.0 = Release|Any CPU
		{A5BBE3BA-5854-4E27-AA9C-A407DE1D4C04}.Release|x86.ActiveCfg = Release|Any CPU
		{A5BBE3BA-5854-4E27-AA9C-A407DE1D4C04}.Release|x86.Build.0 = Release|Any CPU
		{78A54348-7DAF-4C57-BC89-696E77ED30AD}.Debug|Any CPU.ActiveCfg = Debug|Any CPU
		{78A54348-7DAF-4C57-BC89-696E77ED30AD}.Debug|Any CPU.Build.0 = Debug|Any CPU
		{78A54348-7DAF-4C57-BC89-696E77ED30AD}.Debug|x64.ActiveCfg = Debug|Any CPU
		{78A54348-7DAF-4C57-BC89-696E77ED30AD}.Debug|x64.Build.0 = Debug|Any CPU
		{78A54348-7DAF-4C57-BC89-696E77ED30AD}.Debug|x86.ActiveCfg = Debug|Any CPU
		{78A54348-7DAF-4C57-BC89-696E77ED30AD}.Debug|x86.Build.0 = Debug|Any CPU
		{78A54348-7DAF-4C57-BC89-696E77ED30AD}.Release|Any CPU.ActiveCfg = Release|Any CPU
		{78A54348-7DAF-4C57-BC89-696E77ED30AD}.Release|Any CPU.Build.0 = Release|Any CPU
		{78A54348-7DAF-4C57-BC89-696E77ED30AD}.Release|x64.ActiveCfg = Release|Any CPU
		{78A54348-7DAF-4C57-BC89-696E77ED30AD}.Release|x64.Build.0 = Release|Any CPU
		{78A54348-7DAF-4C57-BC89-696E77ED30AD}.Release|x86.ActiveCfg = Release|Any CPU
		{78A54348-7DAF-4C57-BC89-696E77ED30AD}.Release|x86.Build.0 = Release|Any CPU
		{27D85ADD-E69A-4003-AC16-5CA17D719CEF}.Debug|Any CPU.ActiveCfg = Debug|Any CPU
		{27D85ADD-E69A-4003-AC16-5CA17D719CEF}.Debug|Any CPU.Build.0 = Debug|Any CPU
		{27D85ADD-E69A-4003-AC16-5CA17D719CEF}.Debug|x64.ActiveCfg = Debug|Any CPU
		{27D85ADD-E69A-4003-AC16-5CA17D719CEF}.Debug|x64.Build.0 = Debug|Any CPU
		{27D85ADD-E69A-4003-AC16-5CA17D719CEF}.Debug|x86.ActiveCfg = Debug|Any CPU
		{27D85ADD-E69A-4003-AC16-5CA17D719CEF}.Debug|x86.Build.0 = Debug|Any CPU
		{27D85ADD-E69A-4003-AC16-5CA17D719CEF}.Release|Any CPU.ActiveCfg = Release|Any CPU
		{27D85ADD-E69A-4003-AC16-5CA17D719CEF}.Release|Any CPU.Build.0 = Release|Any CPU
		{27D85ADD-E69A-4003-AC16-5CA17D719CEF}.Release|x64.ActiveCfg = Release|Any CPU
		{27D85ADD-E69A-4003-AC16-5CA17D719CEF}.Release|x64.Build.0 = Release|Any CPU
		{27D85ADD-E69A-4003-AC16-5CA17D719CEF}.Release|x86.ActiveCfg = Release|Any CPU
		{27D85ADD-E69A-4003-AC16-5CA17D719CEF}.Release|x86.Build.0 = Release|Any CPU
		{70BA1B89-6291-4BD2-94F7-426D98F9D6DE}.Debug|Any CPU.ActiveCfg = Debug|Any CPU
		{70BA1B89-6291-4BD2-94F7-426D98F9D6DE}.Debug|Any CPU.Build.0 = Debug|Any CPU
		{70BA1B89-6291-4BD2-94F7-426D98F9D6DE}.Debug|x64.ActiveCfg = Debug|Any CPU
		{70BA1B89-6291-4BD2-94F7-426D98F9D6DE}.Debug|x64.Build.0 = Debug|Any CPU
		{70BA1B89-6291-4BD2-94F7-426D98F9D6DE}.Debug|x86.ActiveCfg = Debug|Any CPU
		{70BA1B89-6291-4BD2-94F7-426D98F9D6DE}.Debug|x86.Build.0 = Debug|Any CPU
		{70BA1B89-6291-4BD2-94F7-426D98F9D6DE}.Release|Any CPU.ActiveCfg = Release|Any CPU
		{70BA1B89-6291-4BD2-94F7-426D98F9D6DE}.Release|Any CPU.Build.0 = Release|Any CPU
		{70BA1B89-6291-4BD2-94F7-426D98F9D6DE}.Release|x64.ActiveCfg = Release|Any CPU
		{70BA1B89-6291-4BD2-94F7-426D98F9D6DE}.Release|x64.Build.0 = Release|Any CPU
		{70BA1B89-6291-4BD2-94F7-426D98F9D6DE}.Release|x86.ActiveCfg = Release|Any CPU
		{70BA1B89-6291-4BD2-94F7-426D98F9D6DE}.Release|x86.Build.0 = Release|Any CPU
		{EBC724BA-1261-4E60-A413-ED00F33C69E9}.Debug|Any CPU.ActiveCfg = Debug|Any CPU
		{EBC724BA-1261-4E60-A413-ED00F33C69E9}.Debug|Any CPU.Build.0 = Debug|Any CPU
		{EBC724BA-1261-4E60-A413-ED00F33C69E9}.Debug|x64.ActiveCfg = Debug|Any CPU
		{EBC724BA-1261-4E60-A413-ED00F33C69E9}.Debug|x64.Build.0 = Debug|Any CPU
		{EBC724BA-1261-4E60-A413-ED00F33C69E9}.Debug|x86.ActiveCfg = Debug|Any CPU
		{EBC724BA-1261-4E60-A413-ED00F33C69E9}.Debug|x86.Build.0 = Debug|Any CPU
		{EBC724BA-1261-4E60-A413-ED00F33C69E9}.Release|Any CPU.ActiveCfg = Release|Any CPU
		{EBC724BA-1261-4E60-A413-ED00F33C69E9}.Release|Any CPU.Build.0 = Release|Any CPU
		{EBC724BA-1261-4E60-A413-ED00F33C69E9}.Release|x64.ActiveCfg = Release|Any CPU
		{EBC724BA-1261-4E60-A413-ED00F33C69E9}.Release|x64.Build.0 = Release|Any CPU
		{EBC724BA-1261-4E60-A413-ED00F33C69E9}.Release|x86.ActiveCfg = Release|Any CPU
		{EBC724BA-1261-4E60-A413-ED00F33C69E9}.Release|x86.Build.0 = Release|Any CPU
		{A1FC82FF-3FC6-44BE-9367-9FAA2963CD24}.Debug|Any CPU.ActiveCfg = Debug|Any CPU
		{A1FC82FF-3FC6-44BE-9367-9FAA2963CD24}.Debug|Any CPU.Build.0 = Debug|Any CPU
		{A1FC82FF-3FC6-44BE-9367-9FAA2963CD24}.Debug|x64.ActiveCfg = Debug|Any CPU
		{A1FC82FF-3FC6-44BE-9367-9FAA2963CD24}.Debug|x64.Build.0 = Debug|Any CPU
		{A1FC82FF-3FC6-44BE-9367-9FAA2963CD24}.Debug|x86.ActiveCfg = Debug|Any CPU
		{A1FC82FF-3FC6-44BE-9367-9FAA2963CD24}.Debug|x86.Build.0 = Debug|Any CPU
		{A1FC82FF-3FC6-44BE-9367-9FAA2963CD24}.Release|Any CPU.ActiveCfg = Release|Any CPU
		{A1FC82FF-3FC6-44BE-9367-9FAA2963CD24}.Release|Any CPU.Build.0 = Release|Any CPU
		{A1FC82FF-3FC6-44BE-9367-9FAA2963CD24}.Release|x64.ActiveCfg = Release|Any CPU
		{A1FC82FF-3FC6-44BE-9367-9FAA2963CD24}.Release|x64.Build.0 = Release|Any CPU
		{A1FC82FF-3FC6-44BE-9367-9FAA2963CD24}.Release|x86.ActiveCfg = Release|Any CPU
		{A1FC82FF-3FC6-44BE-9367-9FAA2963CD24}.Release|x86.Build.0 = Release|Any CPU
		{74AE32B2-CC6F-4805-B174-723AB7EDCDAF}.Debug|Any CPU.ActiveCfg = Debug|Any CPU
		{74AE32B2-CC6F-4805-B174-723AB7EDCDAF}.Debug|Any CPU.Build.0 = Debug|Any CPU
		{74AE32B2-CC6F-4805-B174-723AB7EDCDAF}.Debug|x64.ActiveCfg = Debug|Any CPU
		{74AE32B2-CC6F-4805-B174-723AB7EDCDAF}.Debug|x64.Build.0 = Debug|Any CPU
		{74AE32B2-CC6F-4805-B174-723AB7EDCDAF}.Debug|x86.ActiveCfg = Debug|Any CPU
		{74AE32B2-CC6F-4805-B174-723AB7EDCDAF}.Debug|x86.Build.0 = Debug|Any CPU
		{74AE32B2-CC6F-4805-B174-723AB7EDCDAF}.Release|Any CPU.ActiveCfg = Release|Any CPU
		{74AE32B2-CC6F-4805-B174-723AB7EDCDAF}.Release|Any CPU.Build.0 = Release|Any CPU
		{74AE32B2-CC6F-4805-B174-723AB7EDCDAF}.Release|x64.ActiveCfg = Release|Any CPU
		{74AE32B2-CC6F-4805-B174-723AB7EDCDAF}.Release|x64.Build.0 = Release|Any CPU
		{74AE32B2-CC6F-4805-B174-723AB7EDCDAF}.Release|x86.ActiveCfg = Release|Any CPU
		{74AE32B2-CC6F-4805-B174-723AB7EDCDAF}.Release|x86.Build.0 = Release|Any CPU
		{C59312AC-4C0C-4608-8FD5-19BF94CDDC5B}.Debug|Any CPU.ActiveCfg = Debug|Any CPU
		{C59312AC-4C0C-4608-8FD5-19BF94CDDC5B}.Debug|Any CPU.Build.0 = Debug|Any CPU
		{C59312AC-4C0C-4608-8FD5-19BF94CDDC5B}.Debug|x64.ActiveCfg = Debug|Any CPU
		{C59312AC-4C0C-4608-8FD5-19BF94CDDC5B}.Debug|x64.Build.0 = Debug|Any CPU
		{C59312AC-4C0C-4608-8FD5-19BF94CDDC5B}.Debug|x86.ActiveCfg = Debug|Any CPU
		{C59312AC-4C0C-4608-8FD5-19BF94CDDC5B}.Debug|x86.Build.0 = Debug|Any CPU
		{C59312AC-4C0C-4608-8FD5-19BF94CDDC5B}.Release|Any CPU.ActiveCfg = Release|Any CPU
		{C59312AC-4C0C-4608-8FD5-19BF94CDDC5B}.Release|Any CPU.Build.0 = Release|Any CPU
		{C59312AC-4C0C-4608-8FD5-19BF94CDDC5B}.Release|x64.ActiveCfg = Release|Any CPU
		{C59312AC-4C0C-4608-8FD5-19BF94CDDC5B}.Release|x64.Build.0 = Release|Any CPU
		{C59312AC-4C0C-4608-8FD5-19BF94CDDC5B}.Release|x86.ActiveCfg = Release|Any CPU
		{C59312AC-4C0C-4608-8FD5-19BF94CDDC5B}.Release|x86.Build.0 = Release|Any CPU
		{6D105D93-B01F-4FBF-B3A6-0C093429F10D}.Debug|Any CPU.ActiveCfg = Debug|Any CPU
		{6D105D93-B01F-4FBF-B3A6-0C093429F10D}.Debug|Any CPU.Build.0 = Debug|Any CPU
		{6D105D93-B01F-4FBF-B3A6-0C093429F10D}.Debug|x64.ActiveCfg = Debug|Any CPU
		{6D105D93-B01F-4FBF-B3A6-0C093429F10D}.Debug|x64.Build.0 = Debug|Any CPU
		{6D105D93-B01F-4FBF-B3A6-0C093429F10D}.Debug|x86.ActiveCfg = Debug|Any CPU
		{6D105D93-B01F-4FBF-B3A6-0C093429F10D}.Debug|x86.Build.0 = Debug|Any CPU
		{6D105D93-B01F-4FBF-B3A6-0C093429F10D}.Release|Any CPU.ActiveCfg = Release|Any CPU
		{6D105D93-B01F-4FBF-B3A6-0C093429F10D}.Release|Any CPU.Build.0 = Release|Any CPU
		{6D105D93-B01F-4FBF-B3A6-0C093429F10D}.Release|x64.ActiveCfg = Release|Any CPU
		{6D105D93-B01F-4FBF-B3A6-0C093429F10D}.Release|x64.Build.0 = Release|Any CPU
		{6D105D93-B01F-4FBF-B3A6-0C093429F10D}.Release|x86.ActiveCfg = Release|Any CPU
		{6D105D93-B01F-4FBF-B3A6-0C093429F10D}.Release|x86.Build.0 = Release|Any CPU
		{FC1DA977-763F-4CB1-8313-22E009D04346}.Debug|Any CPU.ActiveCfg = Debug|Any CPU
		{FC1DA977-763F-4CB1-8313-22E009D04346}.Debug|Any CPU.Build.0 = Debug|Any CPU
		{FC1DA977-763F-4CB1-8313-22E009D04346}.Debug|x64.ActiveCfg = Debug|Any CPU
		{FC1DA977-763F-4CB1-8313-22E009D04346}.Debug|x64.Build.0 = Debug|Any CPU
		{FC1DA977-763F-4CB1-8313-22E009D04346}.Debug|x86.ActiveCfg = Debug|Any CPU
		{FC1DA977-763F-4CB1-8313-22E009D04346}.Debug|x86.Build.0 = Debug|Any CPU
		{FC1DA977-763F-4CB1-8313-22E009D04346}.Release|Any CPU.ActiveCfg = Release|Any CPU
		{FC1DA977-763F-4CB1-8313-22E009D04346}.Release|Any CPU.Build.0 = Release|Any CPU
		{FC1DA977-763F-4CB1-8313-22E009D04346}.Release|x64.ActiveCfg = Release|Any CPU
		{FC1DA977-763F-4CB1-8313-22E009D04346}.Release|x64.Build.0 = Release|Any CPU
		{FC1DA977-763F-4CB1-8313-22E009D04346}.Release|x86.ActiveCfg = Release|Any CPU
		{FC1DA977-763F-4CB1-8313-22E009D04346}.Release|x86.Build.0 = Release|Any CPU
		{6D326003-5B51-4883-8B52-BE64871125BE}.Debug|Any CPU.ActiveCfg = Debug|Any CPU
		{6D326003-5B51-4883-8B52-BE64871125BE}.Debug|Any CPU.Build.0 = Debug|Any CPU
		{6D326003-5B51-4883-8B52-BE64871125BE}.Debug|x64.ActiveCfg = Debug|Any CPU
		{6D326003-5B51-4883-8B52-BE64871125BE}.Debug|x64.Build.0 = Debug|Any CPU
		{6D326003-5B51-4883-8B52-BE64871125BE}.Debug|x86.ActiveCfg = Debug|Any CPU
		{6D326003-5B51-4883-8B52-BE64871125BE}.Debug|x86.Build.0 = Debug|Any CPU
		{6D326003-5B51-4883-8B52-BE64871125BE}.Release|Any CPU.ActiveCfg = Release|Any CPU
		{6D326003-5B51-4883-8B52-BE64871125BE}.Release|Any CPU.Build.0 = Release|Any CPU
		{6D326003-5B51-4883-8B52-BE64871125BE}.Release|x64.ActiveCfg = Release|Any CPU
		{6D326003-5B51-4883-8B52-BE64871125BE}.Release|x64.Build.0 = Release|Any CPU
		{6D326003-5B51-4883-8B52-BE64871125BE}.Release|x86.ActiveCfg = Release|Any CPU
		{6D326003-5B51-4883-8B52-BE64871125BE}.Release|x86.Build.0 = Release|Any CPU
		{E175A06B-4C85-4801-A6A4-CBD489AC466D}.Debug|Any CPU.ActiveCfg = Debug|Any CPU
		{E175A06B-4C85-4801-A6A4-CBD489AC466D}.Debug|Any CPU.Build.0 = Debug|Any CPU
		{E175A06B-4C85-4801-A6A4-CBD489AC466D}.Debug|x64.ActiveCfg = Debug|Any CPU
		{E175A06B-4C85-4801-A6A4-CBD489AC466D}.Debug|x64.Build.0 = Debug|Any CPU
		{E175A06B-4C85-4801-A6A4-CBD489AC466D}.Debug|x86.ActiveCfg = Debug|Any CPU
		{E175A06B-4C85-4801-A6A4-CBD489AC466D}.Debug|x86.Build.0 = Debug|Any CPU
		{E175A06B-4C85-4801-A6A4-CBD489AC466D}.Release|Any CPU.ActiveCfg = Release|Any CPU
		{E175A06B-4C85-4801-A6A4-CBD489AC466D}.Release|Any CPU.Build.0 = Release|Any CPU
		{E175A06B-4C85-4801-A6A4-CBD489AC466D}.Release|x64.ActiveCfg = Release|Any CPU
		{E175A06B-4C85-4801-A6A4-CBD489AC466D}.Release|x64.Build.0 = Release|Any CPU
		{E175A06B-4C85-4801-A6A4-CBD489AC466D}.Release|x86.ActiveCfg = Release|Any CPU
		{E175A06B-4C85-4801-A6A4-CBD489AC466D}.Release|x86.Build.0 = Release|Any CPU
		{4BFC6CED-D864-4A60-BBF8-176BB94D5FB0}.Debug|Any CPU.ActiveCfg = Debug|Any CPU
		{4BFC6CED-D864-4A60-BBF8-176BB94D5FB0}.Debug|Any CPU.Build.0 = Debug|Any CPU
		{4BFC6CED-D864-4A60-BBF8-176BB94D5FB0}.Debug|x64.ActiveCfg = Debug|Any CPU
		{4BFC6CED-D864-4A60-BBF8-176BB94D5FB0}.Debug|x64.Build.0 = Debug|Any CPU
		{4BFC6CED-D864-4A60-BBF8-176BB94D5FB0}.Debug|x86.ActiveCfg = Debug|Any CPU
		{4BFC6CED-D864-4A60-BBF8-176BB94D5FB0}.Debug|x86.Build.0 = Debug|Any CPU
		{4BFC6CED-D864-4A60-BBF8-176BB94D5FB0}.Release|Any CPU.ActiveCfg = Release|Any CPU
		{4BFC6CED-D864-4A60-BBF8-176BB94D5FB0}.Release|Any CPU.Build.0 = Release|Any CPU
		{4BFC6CED-D864-4A60-BBF8-176BB94D5FB0}.Release|x64.ActiveCfg = Release|Any CPU
		{4BFC6CED-D864-4A60-BBF8-176BB94D5FB0}.Release|x64.Build.0 = Release|Any CPU
		{4BFC6CED-D864-4A60-BBF8-176BB94D5FB0}.Release|x86.ActiveCfg = Release|Any CPU
		{4BFC6CED-D864-4A60-BBF8-176BB94D5FB0}.Release|x86.Build.0 = Release|Any CPU
		{41D0D94C-355A-4E56-8888-F8814653605C}.Debug|Any CPU.ActiveCfg = Debug|Any CPU
		{41D0D94C-355A-4E56-8888-F8814653605C}.Debug|Any CPU.Build.0 = Debug|Any CPU
		{41D0D94C-355A-4E56-8888-F8814653605C}.Debug|x64.ActiveCfg = Debug|Any CPU
		{41D0D94C-355A-4E56-8888-F8814653605C}.Debug|x64.Build.0 = Debug|Any CPU
		{41D0D94C-355A-4E56-8888-F8814653605C}.Debug|x86.ActiveCfg = Debug|Any CPU
		{41D0D94C-355A-4E56-8888-F8814653605C}.Debug|x86.Build.0 = Debug|Any CPU
		{41D0D94C-355A-4E56-8888-F8814653605C}.Release|Any CPU.ActiveCfg = Release|Any CPU
		{41D0D94C-355A-4E56-8888-F8814653605C}.Release|Any CPU.Build.0 = Release|Any CPU
		{41D0D94C-355A-4E56-8888-F8814653605C}.Release|x64.ActiveCfg = Release|Any CPU
		{41D0D94C-355A-4E56-8888-F8814653605C}.Release|x64.Build.0 = Release|Any CPU
		{41D0D94C-355A-4E56-8888-F8814653605C}.Release|x86.ActiveCfg = Release|Any CPU
		{41D0D94C-355A-4E56-8888-F8814653605C}.Release|x86.Build.0 = Release|Any CPU
		{9E20CF1D-A475-41EC-823D-893ABED52F90}.Debug|Any CPU.ActiveCfg = Debug|Any CPU
		{9E20CF1D-A475-41EC-823D-893ABED52F90}.Debug|Any CPU.Build.0 = Debug|Any CPU
		{9E20CF1D-A475-41EC-823D-893ABED52F90}.Debug|x64.ActiveCfg = Debug|Any CPU
		{9E20CF1D-A475-41EC-823D-893ABED52F90}.Debug|x64.Build.0 = Debug|Any CPU
		{9E20CF1D-A475-41EC-823D-893ABED52F90}.Debug|x86.ActiveCfg = Debug|Any CPU
		{9E20CF1D-A475-41EC-823D-893ABED52F90}.Debug|x86.Build.0 = Debug|Any CPU
		{9E20CF1D-A475-41EC-823D-893ABED52F90}.Release|Any CPU.ActiveCfg = Release|Any CPU
		{9E20CF1D-A475-41EC-823D-893ABED52F90}.Release|Any CPU.Build.0 = Release|Any CPU
		{9E20CF1D-A475-41EC-823D-893ABED52F90}.Release|x64.ActiveCfg = Release|Any CPU
		{9E20CF1D-A475-41EC-823D-893ABED52F90}.Release|x64.Build.0 = Release|Any CPU
		{9E20CF1D-A475-41EC-823D-893ABED52F90}.Release|x86.ActiveCfg = Release|Any CPU
		{9E20CF1D-A475-41EC-823D-893ABED52F90}.Release|x86.Build.0 = Release|Any CPU
		{00AFEF54-0AB0-4D9D-BB4A-C37060F6AC64}.Debug|Any CPU.ActiveCfg = Debug|Any CPU
		{00AFEF54-0AB0-4D9D-BB4A-C37060F6AC64}.Debug|Any CPU.Build.0 = Debug|Any CPU
		{00AFEF54-0AB0-4D9D-BB4A-C37060F6AC64}.Debug|x64.ActiveCfg = Debug|Any CPU
		{00AFEF54-0AB0-4D9D-BB4A-C37060F6AC64}.Debug|x64.Build.0 = Debug|Any CPU
		{00AFEF54-0AB0-4D9D-BB4A-C37060F6AC64}.Debug|x86.ActiveCfg = Debug|Any CPU
		{00AFEF54-0AB0-4D9D-BB4A-C37060F6AC64}.Debug|x86.Build.0 = Debug|Any CPU
		{00AFEF54-0AB0-4D9D-BB4A-C37060F6AC64}.Release|Any CPU.ActiveCfg = Release|Any CPU
		{00AFEF54-0AB0-4D9D-BB4A-C37060F6AC64}.Release|Any CPU.Build.0 = Release|Any CPU
		{00AFEF54-0AB0-4D9D-BB4A-C37060F6AC64}.Release|x64.ActiveCfg = Release|Any CPU
		{00AFEF54-0AB0-4D9D-BB4A-C37060F6AC64}.Release|x64.Build.0 = Release|Any CPU
		{00AFEF54-0AB0-4D9D-BB4A-C37060F6AC64}.Release|x86.ActiveCfg = Release|Any CPU
		{00AFEF54-0AB0-4D9D-BB4A-C37060F6AC64}.Release|x86.Build.0 = Release|Any CPU
		{FA5D03A7-995F-4FC5-BFB7-10E7E6EBBF9B}.Debug|Any CPU.ActiveCfg = Debug|Any CPU
		{FA5D03A7-995F-4FC5-BFB7-10E7E6EBBF9B}.Debug|Any CPU.Build.0 = Debug|Any CPU
		{FA5D03A7-995F-4FC5-BFB7-10E7E6EBBF9B}.Debug|x64.ActiveCfg = Debug|Any CPU
		{FA5D03A7-995F-4FC5-BFB7-10E7E6EBBF9B}.Debug|x64.Build.0 = Debug|Any CPU
		{FA5D03A7-995F-4FC5-BFB7-10E7E6EBBF9B}.Debug|x86.ActiveCfg = Debug|Any CPU
		{FA5D03A7-995F-4FC5-BFB7-10E7E6EBBF9B}.Debug|x86.Build.0 = Debug|Any CPU
		{FA5D03A7-995F-4FC5-BFB7-10E7E6EBBF9B}.Release|Any CPU.ActiveCfg = Release|Any CPU
		{FA5D03A7-995F-4FC5-BFB7-10E7E6EBBF9B}.Release|Any CPU.Build.0 = Release|Any CPU
		{FA5D03A7-995F-4FC5-BFB7-10E7E6EBBF9B}.Release|x64.ActiveCfg = Release|Any CPU
		{FA5D03A7-995F-4FC5-BFB7-10E7E6EBBF9B}.Release|x64.Build.0 = Release|Any CPU
		{FA5D03A7-995F-4FC5-BFB7-10E7E6EBBF9B}.Release|x86.ActiveCfg = Release|Any CPU
		{FA5D03A7-995F-4FC5-BFB7-10E7E6EBBF9B}.Release|x86.Build.0 = Release|Any CPU
		{ECAF66D6-4089-4637-9018-A0D7D35EAF2C}.Debug|Any CPU.ActiveCfg = Debug|Any CPU
		{ECAF66D6-4089-4637-9018-A0D7D35EAF2C}.Debug|Any CPU.Build.0 = Debug|Any CPU
		{ECAF66D6-4089-4637-9018-A0D7D35EAF2C}.Debug|x64.ActiveCfg = Debug|Any CPU
		{ECAF66D6-4089-4637-9018-A0D7D35EAF2C}.Debug|x64.Build.0 = Debug|Any CPU
		{ECAF66D6-4089-4637-9018-A0D7D35EAF2C}.Debug|x86.ActiveCfg = Debug|Any CPU
		{ECAF66D6-4089-4637-9018-A0D7D35EAF2C}.Debug|x86.Build.0 = Debug|Any CPU
		{ECAF66D6-4089-4637-9018-A0D7D35EAF2C}.Release|Any CPU.ActiveCfg = Release|Any CPU
		{ECAF66D6-4089-4637-9018-A0D7D35EAF2C}.Release|Any CPU.Build.0 = Release|Any CPU
		{ECAF66D6-4089-4637-9018-A0D7D35EAF2C}.Release|x64.ActiveCfg = Release|Any CPU
		{ECAF66D6-4089-4637-9018-A0D7D35EAF2C}.Release|x64.Build.0 = Release|Any CPU
		{ECAF66D6-4089-4637-9018-A0D7D35EAF2C}.Release|x86.ActiveCfg = Release|Any CPU
		{ECAF66D6-4089-4637-9018-A0D7D35EAF2C}.Release|x86.Build.0 = Release|Any CPU
		{723A5758-9842-425F-984E-B349FE02FBC9}.Debug|Any CPU.ActiveCfg = Debug|Any CPU
		{723A5758-9842-425F-984E-B349FE02FBC9}.Debug|Any CPU.Build.0 = Debug|Any CPU
		{723A5758-9842-425F-984E-B349FE02FBC9}.Debug|x64.ActiveCfg = Debug|Any CPU
		{723A5758-9842-425F-984E-B349FE02FBC9}.Debug|x64.Build.0 = Debug|Any CPU
		{723A5758-9842-425F-984E-B349FE02FBC9}.Debug|x86.ActiveCfg = Debug|Any CPU
		{723A5758-9842-425F-984E-B349FE02FBC9}.Debug|x86.Build.0 = Debug|Any CPU
		{723A5758-9842-425F-984E-B349FE02FBC9}.Release|Any CPU.ActiveCfg = Release|Any CPU
		{723A5758-9842-425F-984E-B349FE02FBC9}.Release|Any CPU.Build.0 = Release|Any CPU
		{723A5758-9842-425F-984E-B349FE02FBC9}.Release|x64.ActiveCfg = Release|Any CPU
		{723A5758-9842-425F-984E-B349FE02FBC9}.Release|x64.Build.0 = Release|Any CPU
		{723A5758-9842-425F-984E-B349FE02FBC9}.Release|x86.ActiveCfg = Release|Any CPU
		{723A5758-9842-425F-984E-B349FE02FBC9}.Release|x86.Build.0 = Release|Any CPU
		{281C7277-94B4-483B-AF06-27F89D4D5167}.Debug|Any CPU.ActiveCfg = Debug|Any CPU
		{281C7277-94B4-483B-AF06-27F89D4D5167}.Debug|Any CPU.Build.0 = Debug|Any CPU
		{281C7277-94B4-483B-AF06-27F89D4D5167}.Debug|x64.ActiveCfg = Debug|Any CPU
		{281C7277-94B4-483B-AF06-27F89D4D5167}.Debug|x64.Build.0 = Debug|Any CPU
		{281C7277-94B4-483B-AF06-27F89D4D5167}.Debug|x86.ActiveCfg = Debug|Any CPU
		{281C7277-94B4-483B-AF06-27F89D4D5167}.Debug|x86.Build.0 = Debug|Any CPU
		{281C7277-94B4-483B-AF06-27F89D4D5167}.Release|Any CPU.ActiveCfg = Release|Any CPU
		{281C7277-94B4-483B-AF06-27F89D4D5167}.Release|Any CPU.Build.0 = Release|Any CPU
		{281C7277-94B4-483B-AF06-27F89D4D5167}.Release|x64.ActiveCfg = Release|Any CPU
		{281C7277-94B4-483B-AF06-27F89D4D5167}.Release|x64.Build.0 = Release|Any CPU
		{281C7277-94B4-483B-AF06-27F89D4D5167}.Release|x86.ActiveCfg = Release|Any CPU
		{281C7277-94B4-483B-AF06-27F89D4D5167}.Release|x86.Build.0 = Release|Any CPU
		{E7DCB923-C502-4F2C-8A33-2B8094F60AB0}.Debug|Any CPU.ActiveCfg = Debug|Any CPU
		{E7DCB923-C502-4F2C-8A33-2B8094F60AB0}.Debug|Any CPU.Build.0 = Debug|Any CPU
		{E7DCB923-C502-4F2C-8A33-2B8094F60AB0}.Debug|x64.ActiveCfg = Debug|Any CPU
		{E7DCB923-C502-4F2C-8A33-2B8094F60AB0}.Debug|x64.Build.0 = Debug|Any CPU
		{E7DCB923-C502-4F2C-8A33-2B8094F60AB0}.Debug|x86.ActiveCfg = Debug|Any CPU
		{E7DCB923-C502-4F2C-8A33-2B8094F60AB0}.Debug|x86.Build.0 = Debug|Any CPU
		{E7DCB923-C502-4F2C-8A33-2B8094F60AB0}.Release|Any CPU.ActiveCfg = Release|Any CPU
		{E7DCB923-C502-4F2C-8A33-2B8094F60AB0}.Release|Any CPU.Build.0 = Release|Any CPU
		{E7DCB923-C502-4F2C-8A33-2B8094F60AB0}.Release|x64.ActiveCfg = Release|Any CPU
		{E7DCB923-C502-4F2C-8A33-2B8094F60AB0}.Release|x64.Build.0 = Release|Any CPU
		{E7DCB923-C502-4F2C-8A33-2B8094F60AB0}.Release|x86.ActiveCfg = Release|Any CPU
		{E7DCB923-C502-4F2C-8A33-2B8094F60AB0}.Release|x86.Build.0 = Release|Any CPU
		{0CE6FEF3-8FFD-4D63-8FC7-9A2DBA42F3CB}.Debug|Any CPU.ActiveCfg = Debug|Any CPU
		{0CE6FEF3-8FFD-4D63-8FC7-9A2DBA42F3CB}.Debug|Any CPU.Build.0 = Debug|Any CPU
		{0CE6FEF3-8FFD-4D63-8FC7-9A2DBA42F3CB}.Debug|x64.ActiveCfg = Debug|Any CPU
		{0CE6FEF3-8FFD-4D63-8FC7-9A2DBA42F3CB}.Debug|x64.Build.0 = Debug|Any CPU
		{0CE6FEF3-8FFD-4D63-8FC7-9A2DBA42F3CB}.Debug|x86.ActiveCfg = Debug|Any CPU
		{0CE6FEF3-8FFD-4D63-8FC7-9A2DBA42F3CB}.Debug|x86.Build.0 = Debug|Any CPU
		{0CE6FEF3-8FFD-4D63-8FC7-9A2DBA42F3CB}.Release|Any CPU.ActiveCfg = Release|Any CPU
		{0CE6FEF3-8FFD-4D63-8FC7-9A2DBA42F3CB}.Release|Any CPU.Build.0 = Release|Any CPU
		{0CE6FEF3-8FFD-4D63-8FC7-9A2DBA42F3CB}.Release|x64.ActiveCfg = Release|Any CPU
		{0CE6FEF3-8FFD-4D63-8FC7-9A2DBA42F3CB}.Release|x64.Build.0 = Release|Any CPU
		{0CE6FEF3-8FFD-4D63-8FC7-9A2DBA42F3CB}.Release|x86.ActiveCfg = Release|Any CPU
		{0CE6FEF3-8FFD-4D63-8FC7-9A2DBA42F3CB}.Release|x86.Build.0 = Release|Any CPU
		{8C302B21-FD33-4591-811E-808DCC9EBE67}.Debug|Any CPU.ActiveCfg = Debug|Any CPU
		{8C302B21-FD33-4591-811E-808DCC9EBE67}.Debug|Any CPU.Build.0 = Debug|Any CPU
		{8C302B21-FD33-4591-811E-808DCC9EBE67}.Debug|x64.ActiveCfg = Debug|Any CPU
		{8C302B21-FD33-4591-811E-808DCC9EBE67}.Debug|x64.Build.0 = Debug|Any CPU
		{8C302B21-FD33-4591-811E-808DCC9EBE67}.Debug|x86.ActiveCfg = Debug|Any CPU
		{8C302B21-FD33-4591-811E-808DCC9EBE67}.Debug|x86.Build.0 = Debug|Any CPU
		{8C302B21-FD33-4591-811E-808DCC9EBE67}.Release|Any CPU.ActiveCfg = Release|Any CPU
		{8C302B21-FD33-4591-811E-808DCC9EBE67}.Release|Any CPU.Build.0 = Release|Any CPU
		{8C302B21-FD33-4591-811E-808DCC9EBE67}.Release|x64.ActiveCfg = Release|Any CPU
		{8C302B21-FD33-4591-811E-808DCC9EBE67}.Release|x64.Build.0 = Release|Any CPU
		{8C302B21-FD33-4591-811E-808DCC9EBE67}.Release|x86.ActiveCfg = Release|Any CPU
		{8C302B21-FD33-4591-811E-808DCC9EBE67}.Release|x86.Build.0 = Release|Any CPU
		{86A987B1-997A-4D94-B4C8-348D5023F178}.Debug|Any CPU.ActiveCfg = Debug|Any CPU
		{86A987B1-997A-4D94-B4C8-348D5023F178}.Debug|Any CPU.Build.0 = Debug|Any CPU
		{86A987B1-997A-4D94-B4C8-348D5023F178}.Debug|x64.ActiveCfg = Debug|Any CPU
		{86A987B1-997A-4D94-B4C8-348D5023F178}.Debug|x64.Build.0 = Debug|Any CPU
		{86A987B1-997A-4D94-B4C8-348D5023F178}.Debug|x86.ActiveCfg = Debug|Any CPU
		{86A987B1-997A-4D94-B4C8-348D5023F178}.Debug|x86.Build.0 = Debug|Any CPU
		{86A987B1-997A-4D94-B4C8-348D5023F178}.Release|Any CPU.ActiveCfg = Release|Any CPU
		{86A987B1-997A-4D94-B4C8-348D5023F178}.Release|Any CPU.Build.0 = Release|Any CPU
		{86A987B1-997A-4D94-B4C8-348D5023F178}.Release|x64.ActiveCfg = Release|Any CPU
		{86A987B1-997A-4D94-B4C8-348D5023F178}.Release|x64.Build.0 = Release|Any CPU
		{86A987B1-997A-4D94-B4C8-348D5023F178}.Release|x86.ActiveCfg = Release|Any CPU
		{86A987B1-997A-4D94-B4C8-348D5023F178}.Release|x86.Build.0 = Release|Any CPU
		{53E48AE7-6BA9-4224-97B5-32283E41436C}.Debug|Any CPU.ActiveCfg = Debug|Any CPU
		{53E48AE7-6BA9-4224-97B5-32283E41436C}.Debug|Any CPU.Build.0 = Debug|Any CPU
		{53E48AE7-6BA9-4224-97B5-32283E41436C}.Debug|x64.ActiveCfg = Debug|Any CPU
		{53E48AE7-6BA9-4224-97B5-32283E41436C}.Debug|x64.Build.0 = Debug|Any CPU
		{53E48AE7-6BA9-4224-97B5-32283E41436C}.Debug|x86.ActiveCfg = Debug|Any CPU
		{53E48AE7-6BA9-4224-97B5-32283E41436C}.Debug|x86.Build.0 = Debug|Any CPU
		{53E48AE7-6BA9-4224-97B5-32283E41436C}.Release|Any CPU.ActiveCfg = Release|Any CPU
		{53E48AE7-6BA9-4224-97B5-32283E41436C}.Release|Any CPU.Build.0 = Release|Any CPU
		{53E48AE7-6BA9-4224-97B5-32283E41436C}.Release|x64.ActiveCfg = Release|Any CPU
		{53E48AE7-6BA9-4224-97B5-32283E41436C}.Release|x64.Build.0 = Release|Any CPU
		{53E48AE7-6BA9-4224-97B5-32283E41436C}.Release|x86.ActiveCfg = Release|Any CPU
		{53E48AE7-6BA9-4224-97B5-32283E41436C}.Release|x86.Build.0 = Release|Any CPU
		{400231A0-B685-44C0-AEFE-92FF762B8355}.Debug|Any CPU.ActiveCfg = Debug|Any CPU
		{400231A0-B685-44C0-AEFE-92FF762B8355}.Debug|Any CPU.Build.0 = Debug|Any CPU
		{400231A0-B685-44C0-AEFE-92FF762B8355}.Debug|x64.ActiveCfg = Debug|Any CPU
		{400231A0-B685-44C0-AEFE-92FF762B8355}.Debug|x64.Build.0 = Debug|Any CPU
		{400231A0-B685-44C0-AEFE-92FF762B8355}.Debug|x86.ActiveCfg = Debug|Any CPU
		{400231A0-B685-44C0-AEFE-92FF762B8355}.Debug|x86.Build.0 = Debug|Any CPU
		{400231A0-B685-44C0-AEFE-92FF762B8355}.Release|Any CPU.ActiveCfg = Release|Any CPU
		{400231A0-B685-44C0-AEFE-92FF762B8355}.Release|Any CPU.Build.0 = Release|Any CPU
		{400231A0-B685-44C0-AEFE-92FF762B8355}.Release|x64.ActiveCfg = Release|Any CPU
		{400231A0-B685-44C0-AEFE-92FF762B8355}.Release|x64.Build.0 = Release|Any CPU
		{400231A0-B685-44C0-AEFE-92FF762B8355}.Release|x86.ActiveCfg = Release|Any CPU
		{400231A0-B685-44C0-AEFE-92FF762B8355}.Release|x86.Build.0 = Release|Any CPU
		{79B15866-F01A-4AD0-99B0-71A391D5C78C}.Debug|Any CPU.ActiveCfg = Debug|Any CPU
		{79B15866-F01A-4AD0-99B0-71A391D5C78C}.Debug|Any CPU.Build.0 = Debug|Any CPU
		{79B15866-F01A-4AD0-99B0-71A391D5C78C}.Debug|x64.ActiveCfg = Debug|Any CPU
		{79B15866-F01A-4AD0-99B0-71A391D5C78C}.Debug|x64.Build.0 = Debug|Any CPU
		{79B15866-F01A-4AD0-99B0-71A391D5C78C}.Debug|x86.ActiveCfg = Debug|Any CPU
		{79B15866-F01A-4AD0-99B0-71A391D5C78C}.Debug|x86.Build.0 = Debug|Any CPU
		{79B15866-F01A-4AD0-99B0-71A391D5C78C}.Release|Any CPU.ActiveCfg = Release|Any CPU
		{79B15866-F01A-4AD0-99B0-71A391D5C78C}.Release|Any CPU.Build.0 = Release|Any CPU
		{79B15866-F01A-4AD0-99B0-71A391D5C78C}.Release|x64.ActiveCfg = Release|Any CPU
		{79B15866-F01A-4AD0-99B0-71A391D5C78C}.Release|x64.Build.0 = Release|Any CPU
		{79B15866-F01A-4AD0-99B0-71A391D5C78C}.Release|x86.ActiveCfg = Release|Any CPU
		{79B15866-F01A-4AD0-99B0-71A391D5C78C}.Release|x86.Build.0 = Release|Any CPU
		{1E9D9278-AB69-4CDD-9CA8-446F68BB5D00}.Debug|Any CPU.ActiveCfg = Debug|Any CPU
		{1E9D9278-AB69-4CDD-9CA8-446F68BB5D00}.Debug|Any CPU.Build.0 = Debug|Any CPU
		{1E9D9278-AB69-4CDD-9CA8-446F68BB5D00}.Debug|x64.ActiveCfg = Debug|Any CPU
		{1E9D9278-AB69-4CDD-9CA8-446F68BB5D00}.Debug|x64.Build.0 = Debug|Any CPU
		{1E9D9278-AB69-4CDD-9CA8-446F68BB5D00}.Debug|x86.ActiveCfg = Debug|Any CPU
		{1E9D9278-AB69-4CDD-9CA8-446F68BB5D00}.Debug|x86.Build.0 = Debug|Any CPU
		{1E9D9278-AB69-4CDD-9CA8-446F68BB5D00}.Release|Any CPU.ActiveCfg = Release|Any CPU
		{1E9D9278-AB69-4CDD-9CA8-446F68BB5D00}.Release|Any CPU.Build.0 = Release|Any CPU
		{1E9D9278-AB69-4CDD-9CA8-446F68BB5D00}.Release|x64.ActiveCfg = Release|Any CPU
		{1E9D9278-AB69-4CDD-9CA8-446F68BB5D00}.Release|x64.Build.0 = Release|Any CPU
		{1E9D9278-AB69-4CDD-9CA8-446F68BB5D00}.Release|x86.ActiveCfg = Release|Any CPU
		{1E9D9278-AB69-4CDD-9CA8-446F68BB5D00}.Release|x86.Build.0 = Release|Any CPU
		{43E4CBBC-6A4D-433F-B39F-86D17F6983F9}.Debug|Any CPU.ActiveCfg = Debug|Any CPU
		{43E4CBBC-6A4D-433F-B39F-86D17F6983F9}.Debug|Any CPU.Build.0 = Debug|Any CPU
		{43E4CBBC-6A4D-433F-B39F-86D17F6983F9}.Debug|x64.ActiveCfg = Debug|Any CPU
		{43E4CBBC-6A4D-433F-B39F-86D17F6983F9}.Debug|x64.Build.0 = Debug|Any CPU
		{43E4CBBC-6A4D-433F-B39F-86D17F6983F9}.Debug|x86.ActiveCfg = Debug|Any CPU
		{43E4CBBC-6A4D-433F-B39F-86D17F6983F9}.Debug|x86.Build.0 = Debug|Any CPU
		{43E4CBBC-6A4D-433F-B39F-86D17F6983F9}.Release|Any CPU.ActiveCfg = Release|Any CPU
		{43E4CBBC-6A4D-433F-B39F-86D17F6983F9}.Release|Any CPU.Build.0 = Release|Any CPU
		{43E4CBBC-6A4D-433F-B39F-86D17F6983F9}.Release|x64.ActiveCfg = Release|Any CPU
		{43E4CBBC-6A4D-433F-B39F-86D17F6983F9}.Release|x64.Build.0 = Release|Any CPU
		{43E4CBBC-6A4D-433F-B39F-86D17F6983F9}.Release|x86.ActiveCfg = Release|Any CPU
		{43E4CBBC-6A4D-433F-B39F-86D17F6983F9}.Release|x86.Build.0 = Release|Any CPU
		{7B1362E6-FE8B-414F-8FEB-26F443E7F563}.Debug|Any CPU.ActiveCfg = Debug|Any CPU
		{7B1362E6-FE8B-414F-8FEB-26F443E7F563}.Debug|Any CPU.Build.0 = Debug|Any CPU
		{7B1362E6-FE8B-414F-8FEB-26F443E7F563}.Debug|x64.ActiveCfg = Debug|Any CPU
		{7B1362E6-FE8B-414F-8FEB-26F443E7F563}.Debug|x64.Build.0 = Debug|Any CPU
		{7B1362E6-FE8B-414F-8FEB-26F443E7F563}.Debug|x86.ActiveCfg = Debug|Any CPU
		{7B1362E6-FE8B-414F-8FEB-26F443E7F563}.Debug|x86.Build.0 = Debug|Any CPU
		{7B1362E6-FE8B-414F-8FEB-26F443E7F563}.Release|Any CPU.ActiveCfg = Release|Any CPU
		{7B1362E6-FE8B-414F-8FEB-26F443E7F563}.Release|Any CPU.Build.0 = Release|Any CPU
		{7B1362E6-FE8B-414F-8FEB-26F443E7F563}.Release|x64.ActiveCfg = Release|Any CPU
		{7B1362E6-FE8B-414F-8FEB-26F443E7F563}.Release|x64.Build.0 = Release|Any CPU
		{7B1362E6-FE8B-414F-8FEB-26F443E7F563}.Release|x86.ActiveCfg = Release|Any CPU
		{7B1362E6-FE8B-414F-8FEB-26F443E7F563}.Release|x86.Build.0 = Release|Any CPU
		{DD9B1B41-8D63-44AF-A7F9-453776FA87EA}.Debug|Any CPU.ActiveCfg = Debug|Any CPU
		{DD9B1B41-8D63-44AF-A7F9-453776FA87EA}.Debug|Any CPU.Build.0 = Debug|Any CPU
		{DD9B1B41-8D63-44AF-A7F9-453776FA87EA}.Debug|x64.ActiveCfg = Debug|Any CPU
		{DD9B1B41-8D63-44AF-A7F9-453776FA87EA}.Debug|x64.Build.0 = Debug|Any CPU
		{DD9B1B41-8D63-44AF-A7F9-453776FA87EA}.Debug|x86.ActiveCfg = Debug|Any CPU
		{DD9B1B41-8D63-44AF-A7F9-453776FA87EA}.Debug|x86.Build.0 = Debug|Any CPU
		{DD9B1B41-8D63-44AF-A7F9-453776FA87EA}.Release|Any CPU.ActiveCfg = Release|Any CPU
		{DD9B1B41-8D63-44AF-A7F9-453776FA87EA}.Release|Any CPU.Build.0 = Release|Any CPU
		{DD9B1B41-8D63-44AF-A7F9-453776FA87EA}.Release|x64.ActiveCfg = Release|Any CPU
		{DD9B1B41-8D63-44AF-A7F9-453776FA87EA}.Release|x64.Build.0 = Release|Any CPU
		{DD9B1B41-8D63-44AF-A7F9-453776FA87EA}.Release|x86.ActiveCfg = Release|Any CPU
		{DD9B1B41-8D63-44AF-A7F9-453776FA87EA}.Release|x86.Build.0 = Release|Any CPU
		{1798B85D-35A1-4397-8017-A194EEEBF7C6}.Debug|Any CPU.ActiveCfg = Debug|Any CPU
		{1798B85D-35A1-4397-8017-A194EEEBF7C6}.Debug|Any CPU.Build.0 = Debug|Any CPU
		{1798B85D-35A1-4397-8017-A194EEEBF7C6}.Debug|x64.ActiveCfg = Debug|Any CPU
		{1798B85D-35A1-4397-8017-A194EEEBF7C6}.Debug|x64.Build.0 = Debug|Any CPU
		{1798B85D-35A1-4397-8017-A194EEEBF7C6}.Debug|x86.ActiveCfg = Debug|Any CPU
		{1798B85D-35A1-4397-8017-A194EEEBF7C6}.Debug|x86.Build.0 = Debug|Any CPU
		{1798B85D-35A1-4397-8017-A194EEEBF7C6}.Release|Any CPU.ActiveCfg = Release|Any CPU
		{1798B85D-35A1-4397-8017-A194EEEBF7C6}.Release|Any CPU.Build.0 = Release|Any CPU
		{1798B85D-35A1-4397-8017-A194EEEBF7C6}.Release|x64.ActiveCfg = Release|Any CPU
		{1798B85D-35A1-4397-8017-A194EEEBF7C6}.Release|x64.Build.0 = Release|Any CPU
		{1798B85D-35A1-4397-8017-A194EEEBF7C6}.Release|x86.ActiveCfg = Release|Any CPU
		{1798B85D-35A1-4397-8017-A194EEEBF7C6}.Release|x86.Build.0 = Release|Any CPU
		{202D1657-938C-42A9-AB68-9AE0473A6DEF}.Debug|Any CPU.ActiveCfg = Debug|Any CPU
		{202D1657-938C-42A9-AB68-9AE0473A6DEF}.Debug|Any CPU.Build.0 = Debug|Any CPU
		{202D1657-938C-42A9-AB68-9AE0473A6DEF}.Debug|x64.ActiveCfg = Debug|Any CPU
		{202D1657-938C-42A9-AB68-9AE0473A6DEF}.Debug|x64.Build.0 = Debug|Any CPU
		{202D1657-938C-42A9-AB68-9AE0473A6DEF}.Debug|x86.ActiveCfg = Debug|Any CPU
		{202D1657-938C-42A9-AB68-9AE0473A6DEF}.Debug|x86.Build.0 = Debug|Any CPU
		{202D1657-938C-42A9-AB68-9AE0473A6DEF}.Release|Any CPU.ActiveCfg = Release|Any CPU
		{202D1657-938C-42A9-AB68-9AE0473A6DEF}.Release|Any CPU.Build.0 = Release|Any CPU
		{202D1657-938C-42A9-AB68-9AE0473A6DEF}.Release|x64.ActiveCfg = Release|Any CPU
		{202D1657-938C-42A9-AB68-9AE0473A6DEF}.Release|x64.Build.0 = Release|Any CPU
		{202D1657-938C-42A9-AB68-9AE0473A6DEF}.Release|x86.ActiveCfg = Release|Any CPU
		{202D1657-938C-42A9-AB68-9AE0473A6DEF}.Release|x86.Build.0 = Release|Any CPU
		{C29398D5-2E12-45B2-B627-8F3FD5A3D8BF}.Debug|Any CPU.ActiveCfg = Debug|Any CPU
		{C29398D5-2E12-45B2-B627-8F3FD5A3D8BF}.Debug|Any CPU.Build.0 = Debug|Any CPU
		{C29398D5-2E12-45B2-B627-8F3FD5A3D8BF}.Debug|x64.ActiveCfg = Debug|Any CPU
		{C29398D5-2E12-45B2-B627-8F3FD5A3D8BF}.Debug|x64.Build.0 = Debug|Any CPU
		{C29398D5-2E12-45B2-B627-8F3FD5A3D8BF}.Debug|x86.ActiveCfg = Debug|Any CPU
		{C29398D5-2E12-45B2-B627-8F3FD5A3D8BF}.Debug|x86.Build.0 = Debug|Any CPU
		{C29398D5-2E12-45B2-B627-8F3FD5A3D8BF}.Release|Any CPU.ActiveCfg = Release|Any CPU
		{C29398D5-2E12-45B2-B627-8F3FD5A3D8BF}.Release|Any CPU.Build.0 = Release|Any CPU
		{C29398D5-2E12-45B2-B627-8F3FD5A3D8BF}.Release|x64.ActiveCfg = Release|Any CPU
		{C29398D5-2E12-45B2-B627-8F3FD5A3D8BF}.Release|x64.Build.0 = Release|Any CPU
		{C29398D5-2E12-45B2-B627-8F3FD5A3D8BF}.Release|x86.ActiveCfg = Release|Any CPU
		{C29398D5-2E12-45B2-B627-8F3FD5A3D8BF}.Release|x86.Build.0 = Release|Any CPU
		{4D6595EA-FF62-49AB-8381-B62569D4E649}.Debug|Any CPU.ActiveCfg = Debug|Any CPU
		{4D6595EA-FF62-49AB-8381-B62569D4E649}.Debug|Any CPU.Build.0 = Debug|Any CPU
		{4D6595EA-FF62-49AB-8381-B62569D4E649}.Debug|x64.ActiveCfg = Debug|Any CPU
		{4D6595EA-FF62-49AB-8381-B62569D4E649}.Debug|x64.Build.0 = Debug|Any CPU
		{4D6595EA-FF62-49AB-8381-B62569D4E649}.Debug|x86.ActiveCfg = Debug|Any CPU
		{4D6595EA-FF62-49AB-8381-B62569D4E649}.Debug|x86.Build.0 = Debug|Any CPU
		{4D6595EA-FF62-49AB-8381-B62569D4E649}.Release|Any CPU.ActiveCfg = Release|Any CPU
		{4D6595EA-FF62-49AB-8381-B62569D4E649}.Release|Any CPU.Build.0 = Release|Any CPU
		{4D6595EA-FF62-49AB-8381-B62569D4E649}.Release|x64.ActiveCfg = Release|Any CPU
		{4D6595EA-FF62-49AB-8381-B62569D4E649}.Release|x64.Build.0 = Release|Any CPU
		{4D6595EA-FF62-49AB-8381-B62569D4E649}.Release|x86.ActiveCfg = Release|Any CPU
		{4D6595EA-FF62-49AB-8381-B62569D4E649}.Release|x86.Build.0 = Release|Any CPU
		{C2EF2896-0E85-45A6-9525-2638C54BFC31}.Debug|Any CPU.ActiveCfg = Debug|Any CPU
		{C2EF2896-0E85-45A6-9525-2638C54BFC31}.Debug|Any CPU.Build.0 = Debug|Any CPU
		{C2EF2896-0E85-45A6-9525-2638C54BFC31}.Debug|x64.ActiveCfg = Debug|Any CPU
		{C2EF2896-0E85-45A6-9525-2638C54BFC31}.Debug|x64.Build.0 = Debug|Any CPU
		{C2EF2896-0E85-45A6-9525-2638C54BFC31}.Debug|x86.ActiveCfg = Debug|Any CPU
		{C2EF2896-0E85-45A6-9525-2638C54BFC31}.Debug|x86.Build.0 = Debug|Any CPU
		{C2EF2896-0E85-45A6-9525-2638C54BFC31}.Release|Any CPU.ActiveCfg = Release|Any CPU
		{C2EF2896-0E85-45A6-9525-2638C54BFC31}.Release|Any CPU.Build.0 = Release|Any CPU
		{C2EF2896-0E85-45A6-9525-2638C54BFC31}.Release|x64.ActiveCfg = Release|Any CPU
		{C2EF2896-0E85-45A6-9525-2638C54BFC31}.Release|x64.Build.0 = Release|Any CPU
		{C2EF2896-0E85-45A6-9525-2638C54BFC31}.Release|x86.ActiveCfg = Release|Any CPU
		{C2EF2896-0E85-45A6-9525-2638C54BFC31}.Release|x86.Build.0 = Release|Any CPU
		{83EBAE6F-19B7-40A5-B1B1-033CD8FDC859}.Debug|Any CPU.ActiveCfg = Debug|Any CPU
		{83EBAE6F-19B7-40A5-B1B1-033CD8FDC859}.Debug|Any CPU.Build.0 = Debug|Any CPU
		{83EBAE6F-19B7-40A5-B1B1-033CD8FDC859}.Debug|x64.ActiveCfg = Debug|Any CPU
		{83EBAE6F-19B7-40A5-B1B1-033CD8FDC859}.Debug|x64.Build.0 = Debug|Any CPU
		{83EBAE6F-19B7-40A5-B1B1-033CD8FDC859}.Debug|x86.ActiveCfg = Debug|Any CPU
		{83EBAE6F-19B7-40A5-B1B1-033CD8FDC859}.Debug|x86.Build.0 = Debug|Any CPU
		{83EBAE6F-19B7-40A5-B1B1-033CD8FDC859}.Release|Any CPU.ActiveCfg = Release|Any CPU
		{83EBAE6F-19B7-40A5-B1B1-033CD8FDC859}.Release|Any CPU.Build.0 = Release|Any CPU
		{83EBAE6F-19B7-40A5-B1B1-033CD8FDC859}.Release|x64.ActiveCfg = Release|Any CPU
		{83EBAE6F-19B7-40A5-B1B1-033CD8FDC859}.Release|x64.Build.0 = Release|Any CPU
		{83EBAE6F-19B7-40A5-B1B1-033CD8FDC859}.Release|x86.ActiveCfg = Release|Any CPU
		{83EBAE6F-19B7-40A5-B1B1-033CD8FDC859}.Release|x86.Build.0 = Release|Any CPU
		{C04734FB-A13A-456F-88D0-3F8C43176249}.Debug|Any CPU.ActiveCfg = Debug|Any CPU
		{C04734FB-A13A-456F-88D0-3F8C43176249}.Debug|Any CPU.Build.0 = Debug|Any CPU
		{C04734FB-A13A-456F-88D0-3F8C43176249}.Debug|x64.ActiveCfg = Debug|Any CPU
		{C04734FB-A13A-456F-88D0-3F8C43176249}.Debug|x64.Build.0 = Debug|Any CPU
		{C04734FB-A13A-456F-88D0-3F8C43176249}.Debug|x86.ActiveCfg = Debug|Any CPU
		{C04734FB-A13A-456F-88D0-3F8C43176249}.Debug|x86.Build.0 = Debug|Any CPU
		{C04734FB-A13A-456F-88D0-3F8C43176249}.Release|Any CPU.ActiveCfg = Release|Any CPU
		{C04734FB-A13A-456F-88D0-3F8C43176249}.Release|Any CPU.Build.0 = Release|Any CPU
		{C04734FB-A13A-456F-88D0-3F8C43176249}.Release|x64.ActiveCfg = Release|Any CPU
		{C04734FB-A13A-456F-88D0-3F8C43176249}.Release|x64.Build.0 = Release|Any CPU
		{C04734FB-A13A-456F-88D0-3F8C43176249}.Release|x86.ActiveCfg = Release|Any CPU
		{C04734FB-A13A-456F-88D0-3F8C43176249}.Release|x86.Build.0 = Release|Any CPU
		{EFA6A425-DD49-4F49-AE78-2C5E4E0A37A3}.Debug|Any CPU.ActiveCfg = Debug|Any CPU
		{EFA6A425-DD49-4F49-AE78-2C5E4E0A37A3}.Debug|Any CPU.Build.0 = Debug|Any CPU
		{EFA6A425-DD49-4F49-AE78-2C5E4E0A37A3}.Debug|x64.ActiveCfg = Debug|Any CPU
		{EFA6A425-DD49-4F49-AE78-2C5E4E0A37A3}.Debug|x64.Build.0 = Debug|Any CPU
		{EFA6A425-DD49-4F49-AE78-2C5E4E0A37A3}.Debug|x86.ActiveCfg = Debug|Any CPU
		{EFA6A425-DD49-4F49-AE78-2C5E4E0A37A3}.Debug|x86.Build.0 = Debug|Any CPU
		{EFA6A425-DD49-4F49-AE78-2C5E4E0A37A3}.Release|Any CPU.ActiveCfg = Release|Any CPU
		{EFA6A425-DD49-4F49-AE78-2C5E4E0A37A3}.Release|Any CPU.Build.0 = Release|Any CPU
		{EFA6A425-DD49-4F49-AE78-2C5E4E0A37A3}.Release|x64.ActiveCfg = Release|Any CPU
		{EFA6A425-DD49-4F49-AE78-2C5E4E0A37A3}.Release|x64.Build.0 = Release|Any CPU
		{EFA6A425-DD49-4F49-AE78-2C5E4E0A37A3}.Release|x86.ActiveCfg = Release|Any CPU
		{EFA6A425-DD49-4F49-AE78-2C5E4E0A37A3}.Release|x86.Build.0 = Release|Any CPU
		{5E0BEEEF-7E49-4746-82AF-DD6D0E7C08C6}.Debug|Any CPU.ActiveCfg = Debug|Any CPU
		{5E0BEEEF-7E49-4746-82AF-DD6D0E7C08C6}.Debug|Any CPU.Build.0 = Debug|Any CPU
		{5E0BEEEF-7E49-4746-82AF-DD6D0E7C08C6}.Debug|x64.ActiveCfg = Debug|Any CPU
		{5E0BEEEF-7E49-4746-82AF-DD6D0E7C08C6}.Debug|x64.Build.0 = Debug|Any CPU
		{5E0BEEEF-7E49-4746-82AF-DD6D0E7C08C6}.Debug|x86.ActiveCfg = Debug|Any CPU
		{5E0BEEEF-7E49-4746-82AF-DD6D0E7C08C6}.Debug|x86.Build.0 = Debug|Any CPU
		{5E0BEEEF-7E49-4746-82AF-DD6D0E7C08C6}.Release|Any CPU.ActiveCfg = Release|Any CPU
		{5E0BEEEF-7E49-4746-82AF-DD6D0E7C08C6}.Release|Any CPU.Build.0 = Release|Any CPU
		{5E0BEEEF-7E49-4746-82AF-DD6D0E7C08C6}.Release|x64.ActiveCfg = Release|Any CPU
		{5E0BEEEF-7E49-4746-82AF-DD6D0E7C08C6}.Release|x64.Build.0 = Release|Any CPU
		{5E0BEEEF-7E49-4746-82AF-DD6D0E7C08C6}.Release|x86.ActiveCfg = Release|Any CPU
		{5E0BEEEF-7E49-4746-82AF-DD6D0E7C08C6}.Release|x86.Build.0 = Release|Any CPU
		{37C91E94-1755-49C6-A3E0-AC1AB7A6CE99}.Debug|Any CPU.ActiveCfg = Debug|Any CPU
		{37C91E94-1755-49C6-A3E0-AC1AB7A6CE99}.Debug|Any CPU.Build.0 = Debug|Any CPU
		{37C91E94-1755-49C6-A3E0-AC1AB7A6CE99}.Debug|x64.ActiveCfg = Debug|Any CPU
		{37C91E94-1755-49C6-A3E0-AC1AB7A6CE99}.Debug|x64.Build.0 = Debug|Any CPU
		{37C91E94-1755-49C6-A3E0-AC1AB7A6CE99}.Debug|x86.ActiveCfg = Debug|Any CPU
		{37C91E94-1755-49C6-A3E0-AC1AB7A6CE99}.Debug|x86.Build.0 = Debug|Any CPU
		{37C91E94-1755-49C6-A3E0-AC1AB7A6CE99}.Release|Any CPU.ActiveCfg = Release|Any CPU
		{37C91E94-1755-49C6-A3E0-AC1AB7A6CE99}.Release|Any CPU.Build.0 = Release|Any CPU
		{37C91E94-1755-49C6-A3E0-AC1AB7A6CE99}.Release|x64.ActiveCfg = Release|Any CPU
		{37C91E94-1755-49C6-A3E0-AC1AB7A6CE99}.Release|x64.Build.0 = Release|Any CPU
		{37C91E94-1755-49C6-A3E0-AC1AB7A6CE99}.Release|x86.ActiveCfg = Release|Any CPU
		{37C91E94-1755-49C6-A3E0-AC1AB7A6CE99}.Release|x86.Build.0 = Release|Any CPU
		{323E2503-1F43-4398-BC8C-5685D8F67DB0}.Debug|Any CPU.ActiveCfg = Debug|Any CPU
		{323E2503-1F43-4398-BC8C-5685D8F67DB0}.Debug|Any CPU.Build.0 = Debug|Any CPU
		{323E2503-1F43-4398-BC8C-5685D8F67DB0}.Debug|x64.ActiveCfg = Debug|Any CPU
		{323E2503-1F43-4398-BC8C-5685D8F67DB0}.Debug|x64.Build.0 = Debug|Any CPU
		{323E2503-1F43-4398-BC8C-5685D8F67DB0}.Debug|x86.ActiveCfg = Debug|Any CPU
		{323E2503-1F43-4398-BC8C-5685D8F67DB0}.Debug|x86.Build.0 = Debug|Any CPU
		{323E2503-1F43-4398-BC8C-5685D8F67DB0}.Release|Any CPU.ActiveCfg = Release|Any CPU
		{323E2503-1F43-4398-BC8C-5685D8F67DB0}.Release|Any CPU.Build.0 = Release|Any CPU
		{323E2503-1F43-4398-BC8C-5685D8F67DB0}.Release|x64.ActiveCfg = Release|Any CPU
		{323E2503-1F43-4398-BC8C-5685D8F67DB0}.Release|x64.Build.0 = Release|Any CPU
		{323E2503-1F43-4398-BC8C-5685D8F67DB0}.Release|x86.ActiveCfg = Release|Any CPU
		{323E2503-1F43-4398-BC8C-5685D8F67DB0}.Release|x86.Build.0 = Release|Any CPU
		{BF96BBC8-C1BF-46EB-BF8E-E82DFF5A8E3C}.Debug|Any CPU.ActiveCfg = Debug|Any CPU
		{BF96BBC8-C1BF-46EB-BF8E-E82DFF5A8E3C}.Debug|Any CPU.Build.0 = Debug|Any CPU
		{BF96BBC8-C1BF-46EB-BF8E-E82DFF5A8E3C}.Debug|x64.ActiveCfg = Debug|Any CPU
		{BF96BBC8-C1BF-46EB-BF8E-E82DFF5A8E3C}.Debug|x64.Build.0 = Debug|Any CPU
		{BF96BBC8-C1BF-46EB-BF8E-E82DFF5A8E3C}.Debug|x86.ActiveCfg = Debug|Any CPU
		{BF96BBC8-C1BF-46EB-BF8E-E82DFF5A8E3C}.Debug|x86.Build.0 = Debug|Any CPU
		{BF96BBC8-C1BF-46EB-BF8E-E82DFF5A8E3C}.Release|Any CPU.ActiveCfg = Release|Any CPU
		{BF96BBC8-C1BF-46EB-BF8E-E82DFF5A8E3C}.Release|Any CPU.Build.0 = Release|Any CPU
		{BF96BBC8-C1BF-46EB-BF8E-E82DFF5A8E3C}.Release|x64.ActiveCfg = Release|Any CPU
		{BF96BBC8-C1BF-46EB-BF8E-E82DFF5A8E3C}.Release|x64.Build.0 = Release|Any CPU
		{BF96BBC8-C1BF-46EB-BF8E-E82DFF5A8E3C}.Release|x86.ActiveCfg = Release|Any CPU
		{BF96BBC8-C1BF-46EB-BF8E-E82DFF5A8E3C}.Release|x86.Build.0 = Release|Any CPU
	EndGlobalSection
EndGlobal
