
Microsoft Visual Studio Solution File, Format Version 12.00
# Visual Studio Version 16
VisualStudioVersion = 16.0.29418.71
MinimumVisualStudioVersion = 10.0.40219.1
Project("{9A19103F-16F7-4668-BE54-9A1E7A4F7556}") = "Penguin.Cms.Modules.Reporting", "Penguin.Cms.Modules.Reporting.csproj", "{3A854872-6E53-4696-82F0-7CD6B85FB7A1}"
EndProject
Global
	GlobalSection(SolutionConfigurationPlatforms) = preSolution
		Debug|Any CPU = Debug|Any CPU
		Release|Any CPU = Release|Any CPU
	EndGlobalSection
	GlobalSection(ProjectConfigurationPlatforms) = postSolution
		{3A854872-6E53-4696-82F0-7CD6B85FB7A1}.Debug|Any CPU.ActiveCfg = Debug|Any CPU
		{3A854872-6E53-4696-82F0-7CD6B85FB7A1}.Debug|Any CPU.Build.0 = Debug|Any CPU
		{3A854872-6E53-4696-82F0-7CD6B85FB7A1}.Release|Any CPU.ActiveCfg = Release|Any CPU
		{3A854872-6E53-4696-82F0-7CD6B85FB7A1}.Release|Any CPU.Build.0 = Release|Any CPU
	EndGlobalSection
	GlobalSection(SolutionProperties) = preSolution
		HideSolutionNode = FALSE
	EndGlobalSection
	GlobalSection(ExtensibilityGlobals) = postSolution
		SolutionGuid = {D8F58EA5-8DF9-4B8B-BF83-2C421E01A02F}
	EndGlobalSection
EndGlobal
