
Microsoft Visual Studio Solution File, Format Version 12.00
# Visual Studio Version 16
VisualStudioVersion = 16.0.30114.105
MinimumVisualStudioVersion = 10.0.40219.1
Project("{FAE04EC0-301F-11D3-BF4B-00C04F79EFBC}") = "Penguin.Cms.Modules.Reporting.Local", "Penguin.Cms.Modules.Reporting.Local.csproj", "{7152F8E5-CEF5-43D8-ABC4-283B3BCA08FC}"
EndProject
Project("{FAE04EC0-301F-11D3-BF4B-00C04F79EFBC}") = "Penguin.Reflection.Dynamic.Local", "..\Penguin.Reflection.Dynamic\Penguin.Reflection.Dynamic.Local.csproj", "{4328803C-C8DC-4908-B3CA-E1995C067B71}"
EndProject
Project("{FAE04EC0-301F-11D3-BF4B-00C04F79EFBC}") = "Penguin.Cms.Reporting.Local", "..\Penguin.Cms.Reporting\Penguin.Cms.Reporting.Local.csproj", "{495CC7C7-0789-488D-87BE-36DFCACE1FA3}"
EndProject
Project("{FAE04EC0-301F-11D3-BF4B-00C04F79EFBC}") = "Penguin.Cms.Entities.Local", "..\Penguin.Cms.Entities\Penguin.Cms.Entities.Local.csproj", "{086B0338-5967-46BE-84FD-C0714D40948B}"
EndProject
Project("{FAE04EC0-301F-11D3-BF4B-00C04F79EFBC}") = "Penguin.Persistence.Abstractions.Local", "..\Penguin.Persistence.Abstractions\Penguin.Persistence.Abstractions.Local.csproj", "{94595356-962C-449F-B107-6F188F40A8E7}"
EndProject
Project("{FAE04EC0-301F-11D3-BF4B-00C04F79EFBC}") = "Penguin.Entities.Abstractions.Local", "..\Penguin.Entities.Abstractions\Penguin.Entities.Abstractions.Local.csproj", "{5C79A738-2BE7-4CC8-BDB3-53B69B5A7574}"
EndProject
Project("{FAE04EC0-301F-11D3-BF4B-00C04F79EFBC}") = "Penguin.Reflection.Extensions.Local", "..\Penguin.Reflection.Extensions\Penguin.Reflection.Extensions.Local.csproj", "{6A1E9FDB-4523-41B8-968B-BC5E8A9D31E1}"
EndProject
Project("{FAE04EC0-301F-11D3-BF4B-00C04F79EFBC}") = "Penguin.Reflection.Abstractions.Local", "..\Penguin.Reflection.Abstractions\Penguin.Reflection.Abstractions.Local.csproj", "{2EE3356E-4878-4EE8-A51B-CE78C5F1C208}"
EndProject
Project("{FAE04EC0-301F-11D3-BF4B-00C04F79EFBC}") = "Penguin.Extensions.String.Local", "..\Penguin.Extensions.String\Penguin.Extensions.String.Local.csproj", "{70C5E991-C87A-4533-9592-29A84A4F5B3A}"
EndProject
Project("{FAE04EC0-301F-11D3-BF4B-00C04F79EFBC}") = "Penguin.Persistence.Database.Serialization.Extensions.Local", "..\Penguin.Persistence.Database.Serialization.Extensions\Penguin.Persistence.Database.Serialization.Extensions.Local.csproj", "{29307930-3127-4FBB-A428-204991A113F0}"
EndProject
Project("{FAE04EC0-301F-11D3-BF4B-00C04F79EFBC}") = "Penguin.Reflection.Serialization.Local", "..\Penguin.Reflection.Serialization\Penguin.Reflection.Serialization.Local.csproj", "{B17D2D92-2F14-433F-82C9-7434540A611C}"
EndProject
Project("{FAE04EC0-301F-11D3-BF4B-00C04F79EFBC}") = "Penguin.Extensions.Collections.Local", "..\Penguin.Extensions.Collections\Penguin.Extensions.Collections.Local.csproj", "{9C9DBD8F-3AB9-4063-9CCF-7DB2D503FD35}"
EndProject
Project("{FAE04EC0-301F-11D3-BF4B-00C04F79EFBC}") = "Penguin.Reflection.Serialization.Abstractions.Local", "..\Penguin.Reflection.Serialization.Abstractions\Penguin.Reflection.Serialization.Abstractions.Local.csproj", "{F797D183-905E-4004-9F69-5D3F698E8EC1}"
EndProject
Project("{FAE04EC0-301F-11D3-BF4B-00C04F79EFBC}") = "Penguin.Reflection.Local", "..\Penguin.Reflection\Penguin.Reflection.Local.csproj", "{70FA8EB1-6463-40CB-9C63-0EDBA2D8F064}"
EndProject
Project("{FAE04EC0-301F-11D3-BF4B-00C04F79EFBC}") = "Penguin.Debugging.Local", "..\Penguin.Debugging\Penguin.Debugging.Local.csproj", "{B402A073-22DA-4E2D-A238-A5DFD9D7F8AA}"
EndProject
Project("{FAE04EC0-301F-11D3-BF4B-00C04F79EFBC}") = "Penguin.Extensions.Exceptions.Local", "..\Penguin.Extensions.Exceptions\Penguin.Extensions.Exceptions.Local.csproj", "{9B1B3CF7-8636-4AA9-9F10-F0C4EEA8DF5C}"
EndProject
Project("{FAE04EC0-301F-11D3-BF4B-00C04F79EFBC}") = "Penguin.Persistence.Database.Local", "..\Penguin.Persistence.Database\Penguin.Persistence.Database.Local.csproj", "{6388DB6F-3229-4436-BA5F-4C5AE20552E6}"
EndProject
Project("{FAE04EC0-301F-11D3-BF4B-00C04F79EFBC}") = "Penguin.Threading.BackgroundWorker.Local", "..\Penguin.Threading.BackgroundWorker\Penguin.Threading.BackgroundWorker.Local.csproj", "{13B30D0B-2677-4515-9E9B-7696C8914527}"
EndProject
Project("{FAE04EC0-301F-11D3-BF4B-00C04F79EFBC}") = "Penguin.Cms.Modules.Dynamic.Local", "..\Penguin.Cms.Modules.Dynamic\Penguin.Cms.Modules.Dynamic.Local.csproj", "{F4E613B6-0B79-468F-AD16-3CA137E6B061}"
EndProject
Project("{FAE04EC0-301F-11D3-BF4B-00C04F79EFBC}") = "Penguin.Shared.Objects.Local", "..\Penguin.Shared.Objects\Penguin.Shared.Objects.Local.csproj", "{6CA8FF5C-746D-436D-A9B3-C08D17484717}"
EndProject
Project("{FAE04EC0-301F-11D3-BF4B-00C04F79EFBC}") = "Penguin.Cms.Errors.Local", "..\Penguin.Cms.Errors\Penguin.Cms.Errors.Local.csproj", "{5C335E64-D913-40C1-94F6-17E153D980EF}"
EndProject
Project("{FAE04EC0-301F-11D3-BF4B-00C04F79EFBC}") = "Penguin.Auditing.Abstractions.Local", "..\Penguin.Auditing.Abstractions\Penguin.Auditing.Abstractions.Local.csproj", "{650D0A72-A7F3-497F-9CCD-83CD0B6E408B}"
EndProject
Project("{FAE04EC0-301F-11D3-BF4B-00C04F79EFBC}") = "Penguin.Cms.Repositories.Local", "..\Penguin.Cms.Repositories\Penguin.Cms.Repositories.Local.csproj", "{02732CB3-73FB-4790-BBC9-1AFF2CA03F3E}"
EndProject
Project("{FAE04EC0-301F-11D3-BF4B-00C04F79EFBC}") = "Penguin.Persistence.Repositories.Local", "..\Penguin.Persistence.Repositories\Penguin.Persistence.Repositories.Local.csproj", "{2A4E8E85-8149-40E1-BFEF-954719CF5F3C}"
EndProject
Project("{FAE04EC0-301F-11D3-BF4B-00C04F79EFBC}") = "Penguin.DependencyInjection.Abstractions.Local", "..\Penguin.DependencyInjection.Abstractions\Penguin.DependencyInjection.Abstractions.Local.csproj", "{0F75474E-10B2-4962-AFCB-7BF0752F4C2E}"
EndProject
Project("{FAE04EC0-301F-11D3-BF4B-00C04F79EFBC}") = "Penguin.Messaging.Persistence.Local", "..\Penguin.Messaging.Persistence\Penguin.Messaging.Persistence.Local.csproj", "{A97984B4-36A7-437B-A466-40F68A09A71A}"
EndProject
Project("{FAE04EC0-301F-11D3-BF4B-00C04F79EFBC}") = "Penguin.Messaging.Abstractions.Local", "..\Penguin.Messaging.Abstractions\Penguin.Messaging.Abstractions.Local.csproj", "{C082197E-8778-49B5-8074-BB2FCF74F136}"
EndProject
Project("{FAE04EC0-301F-11D3-BF4B-00C04F79EFBC}") = "Penguin.Messaging.Core.Local", "..\Penguin.Messaging.Core\Penguin.Messaging.Core.Local.csproj", "{82313A77-2F5E-4612-86F5-8C0A4FDF1E2B}"
EndProject
Project("{FAE04EC0-301F-11D3-BF4B-00C04F79EFBC}") = "Penguin.Web.Dynamic.Local", "..\Penguin.Web.Dynamic\Penguin.Web.Dynamic.Local.csproj", "{5327355A-373F-49E7-ABB5-65DB70B207B4}"
EndProject
Project("{FAE04EC0-301F-11D3-BF4B-00C04F79EFBC}") = "Penguin.Cms.Modules.Admin.Local", "..\Penguin.Cms.Modules.Admin\Penguin.Cms.Modules.Admin.Local.csproj", "{6E0B6F98-BF79-47FD-ADF6-6AD400A284BF}"
EndProject
Project("{FAE04EC0-301F-11D3-BF4B-00C04F79EFBC}") = "Penguin.Web.Security.Local", "..\Penguin.Web.Security\Penguin.Web.Security.Local.csproj", "{9AA8FB32-312B-4ABE-AB3A-6253B08DE638}"
EndProject
Project("{FAE04EC0-301F-11D3-BF4B-00C04F79EFBC}") = "Penguin.Security.Abstractions.Local", "..\Penguin.Security.Abstractions\Penguin.Security.Abstractions.Local.csproj", "{4E4D9AF8-AAF8-4BE0-A4DD-9402118FFF9E}"
EndProject
Project("{FAE04EC0-301F-11D3-BF4B-00C04F79EFBC}") = "Penguin.Cms.Modules.Core.Local", "..\Penguin.Cms.Modules.Core\Penguin.Cms.Modules.Core.Local.csproj", "{3B233F03-E3F7-4029-92F6-BCFD1215138E}"
EndProject
Project("{FAE04EC0-301F-11D3-BF4B-00C04F79EFBC}") = "Penguin.Navigation.Abstractions.Local", "..\Penguin.Navigation.Abstractions\Penguin.Navigation.Abstractions.Local.csproj", "{77460A57-C2FA-4758-B45B-F59D8BCE4059}"
EndProject
Project("{FAE04EC0-301F-11D3-BF4B-00C04F79EFBC}") = "Penguin.Cms.Core.Local", "..\Penguin.Cms.Core\Penguin.Cms.Core.Local.csproj", "{8A50A4F1-E147-4606-90EC-38F7E2493E7D}"
EndProject
Project("{FAE04EC0-301F-11D3-BF4B-00C04F79EFBC}") = "Penguin.Cms.Abstractions.Local", "..\Penguin.Cms.Abstractions\Penguin.Cms.Abstractions.Local.csproj", "{3FD8D3B7-F6D7-44AB-B497-AA8411C059BB}"
EndProject
Project("{FAE04EC0-301F-11D3-BF4B-00C04F79EFBC}") = "Penguin.Cms.Web.Local", "..\Penguin.Cms.Web\Penguin.Cms.Web.Local.csproj", "{4AB7FA5F-9966-4D10-882D-A86755D0CA41}"
EndProject
Project("{FAE04EC0-301F-11D3-BF4B-00C04F79EFBC}") = "Penguin.Web.Mvc.Local", "..\Penguin.Web.Mvc\Penguin.Web.Mvc.Local.csproj", "{F3428B26-3993-4AA2-B2A0-9DBFE42474FD}"
EndProject
Project("{FAE04EC0-301F-11D3-BF4B-00C04F79EFBC}") = "Penguin.Web.Mvc.Abstractions.Local", "..\Penguin.Web.Mvc.Abstractions\Penguin.Web.Mvc.Abstractions.Local.csproj", "{2E9296C7-D557-4A5C-AD94-1A61C1C57C56}"
EndProject
Project("{FAE04EC0-301F-11D3-BF4B-00C04F79EFBC}") = "Penguin.Templating.Abstractions.Local", "..\Penguin.Templating.Abstractions\Penguin.Templating.Abstractions.Local.csproj", "{4BDC15DD-E956-43E8-BEFC-2F86572DC0D9}"
EndProject
Project("{FAE04EC0-301F-11D3-BF4B-00C04F79EFBC}") = "Penguin.Web.Abstractions.Local", "..\Penguin.Web.Abstractions\Penguin.Web.Abstractions.Local.csproj", "{2D3382AA-3A3D-4C38-A1E3-63903C321BE3}"
EndProject
Project("{FAE04EC0-301F-11D3-BF4B-00C04F79EFBC}") = "Penguin.Configuration.Local", "..\Penguin.Configuration\Penguin.Configuration.Local.csproj", "{D057F88A-5C44-4CF0-A1F9-B0EAC4F45CEA}"
EndProject
Project("{FAE04EC0-301F-11D3-BF4B-00C04F79EFBC}") = "Penguin.Configuration.Abstractions.Local", "..\Penguin.Configuration.Abstractions\Penguin.Configuration.Abstractions.Local.csproj", "{61A2FAE1-C207-4524-86B7-289B611EDC4A}"
EndProject
Project("{FAE04EC0-301F-11D3-BF4B-00C04F79EFBC}") = "Penguin.Messaging.Application.Local", "..\Penguin.Messaging.Application\Penguin.Messaging.Application.Local.csproj", "{C65FFCA3-18E4-4450-B15C-9C7EC5D75272}"
EndProject
Project("{FAE04EC0-301F-11D3-BF4B-00C04F79EFBC}") = "Penguin.Testing.Local", "..\Penguin.Testing\Penguin.Testing.Local.csproj", "{45638CA6-FF03-43D2-A1C8-8854C1905227}"
EndProject
Project("{FAE04EC0-301F-11D3-BF4B-00C04F79EFBC}") = "Penguin.Web.Errors.Local", "..\Penguin.Web.Errors\Penguin.Web.Errors.Local.csproj", "{8B7C361A-D725-43F8-BA92-990AAE21A889}"
EndProject
Project("{FAE04EC0-301F-11D3-BF4B-00C04F79EFBC}") = "Penguin.Files.Local", "..\Penguin.Files\Penguin.Files.Local.csproj", "{C6C6C647-0F2B-4B8C-9999-91F7B5EB6CAA}"
EndProject
Project("{FAE04EC0-301F-11D3-BF4B-00C04F79EFBC}") = "Penguin.Files.Abstractions.Local", "..\Penguin.Files.Abstractions\Penguin.Files.Abstractions.Local.csproj", "{82638A6A-7969-48F0-93B6-622A36F15118}"
EndProject
Project("{FAE04EC0-301F-11D3-BF4B-00C04F79EFBC}") = "Penguin.Web.DependencyInjection.Local", "..\Penguin.Web.DependencyInjection\Penguin.Web.DependencyInjection.Local.csproj", "{97281BBF-EBF6-4391-86DC-3CCC1CA611AC}"
EndProject
Project("{FAE04EC0-301F-11D3-BF4B-00C04F79EFBC}") = "Penguin.Web.Testing.Local", "..\Penguin.Web.Testing\Penguin.Web.Testing.Local.csproj", "{BAD87898-6F98-42A1-87A2-8E3E493C8BD5}"
EndProject
Project("{FAE04EC0-301F-11D3-BF4B-00C04F79EFBC}") = "Penguin.DependencyInjection.Local", "..\Penguin.DependencyInjection\Penguin.DependencyInjection.Local.csproj", "{72CBCABB-F27F-4BF9-AE15-68BC1E15725D}"
EndProject
Project("{FAE04EC0-301F-11D3-BF4B-00C04F79EFBC}") = "Penguin.Reflection.Serialization.Extensions.Local", "..\Penguin.Reflection.Serialization.Extensions\Penguin.Reflection.Serialization.Extensions.Local.csproj", "{D055B60A-3BB0-4CE3-8C7A-0DDDAE9C2D1B}"
EndProject
Project("{FAE04EC0-301F-11D3-BF4B-00C04F79EFBC}") = "Penguin.Json.Local", "..\Penguin.Json\Penguin.Json.Local.csproj", "{4D2CAFB4-4089-4216-BE91-7AFEB3568ECB}"
EndProject
Project("{FAE04EC0-301F-11D3-BF4B-00C04F79EFBC}") = "Penguin.SystemExtensions.Abstractions.Local", "..\Penguin.SystemExtensions.Abstractions\Penguin.SystemExtensions.Abstractions.Local.csproj", "{033C2311-6681-46BD-91CA-38A7AC3B56CF}"
EndProject
Project("{FAE04EC0-301F-11D3-BF4B-00C04F79EFBC}") = "Penguin.Json.Abstractions.Local", "..\Penguin.Json.Abstractions\Penguin.Json.Abstractions.Local.csproj", "{B8B3F2BA-47B0-4958-BE0E-47312B11623A}"
EndProject
Global
	GlobalSection(SolutionConfigurationPlatforms) = preSolution
		Debug|Any CPU = Debug|Any CPU
		Debug|x64 = Debug|x64
		Debug|x86 = Debug|x86
		Release|Any CPU = Release|Any CPU
		Release|x64 = Release|x64
		Release|x86 = Release|x86
	EndGlobalSection
	GlobalSection(SolutionProperties) = preSolution
		HideSolutionNode = FALSE
	EndGlobalSection
	GlobalSection(ProjectConfigurationPlatforms) = postSolution
		{7152F8E5-CEF5-43D8-ABC4-283B3BCA08FC}.Debug|Any CPU.ActiveCfg = Debug|Any CPU
		{7152F8E5-CEF5-43D8-ABC4-283B3BCA08FC}.Debug|Any CPU.Build.0 = Debug|Any CPU
		{7152F8E5-CEF5-43D8-ABC4-283B3BCA08FC}.Debug|x64.ActiveCfg = Debug|Any CPU
		{7152F8E5-CEF5-43D8-ABC4-283B3BCA08FC}.Debug|x64.Build.0 = Debug|Any CPU
		{7152F8E5-CEF5-43D8-ABC4-283B3BCA08FC}.Debug|x86.ActiveCfg = Debug|Any CPU
		{7152F8E5-CEF5-43D8-ABC4-283B3BCA08FC}.Debug|x86.Build.0 = Debug|Any CPU
		{7152F8E5-CEF5-43D8-ABC4-283B3BCA08FC}.Release|Any CPU.ActiveCfg = Release|Any CPU
		{7152F8E5-CEF5-43D8-ABC4-283B3BCA08FC}.Release|Any CPU.Build.0 = Release|Any CPU
		{7152F8E5-CEF5-43D8-ABC4-283B3BCA08FC}.Release|x64.ActiveCfg = Release|Any CPU
		{7152F8E5-CEF5-43D8-ABC4-283B3BCA08FC}.Release|x64.Build.0 = Release|Any CPU
		{7152F8E5-CEF5-43D8-ABC4-283B3BCA08FC}.Release|x86.ActiveCfg = Release|Any CPU
		{7152F8E5-CEF5-43D8-ABC4-283B3BCA08FC}.Release|x86.Build.0 = Release|Any CPU
		{4328803C-C8DC-4908-B3CA-E1995C067B71}.Debug|Any CPU.ActiveCfg = Debug|Any CPU
		{4328803C-C8DC-4908-B3CA-E1995C067B71}.Debug|Any CPU.Build.0 = Debug|Any CPU
		{4328803C-C8DC-4908-B3CA-E1995C067B71}.Debug|x64.ActiveCfg = Debug|Any CPU
		{4328803C-C8DC-4908-B3CA-E1995C067B71}.Debug|x64.Build.0 = Debug|Any CPU
		{4328803C-C8DC-4908-B3CA-E1995C067B71}.Debug|x86.ActiveCfg = Debug|Any CPU
		{4328803C-C8DC-4908-B3CA-E1995C067B71}.Debug|x86.Build.0 = Debug|Any CPU
		{4328803C-C8DC-4908-B3CA-E1995C067B71}.Release|Any CPU.ActiveCfg = Release|Any CPU
		{4328803C-C8DC-4908-B3CA-E1995C067B71}.Release|Any CPU.Build.0 = Release|Any CPU
		{4328803C-C8DC-4908-B3CA-E1995C067B71}.Release|x64.ActiveCfg = Release|Any CPU
		{4328803C-C8DC-4908-B3CA-E1995C067B71}.Release|x64.Build.0 = Release|Any CPU
		{4328803C-C8DC-4908-B3CA-E1995C067B71}.Release|x86.ActiveCfg = Release|Any CPU
		{4328803C-C8DC-4908-B3CA-E1995C067B71}.Release|x86.Build.0 = Release|Any CPU
		{495CC7C7-0789-488D-87BE-36DFCACE1FA3}.Debug|Any CPU.ActiveCfg = Debug|Any CPU
		{495CC7C7-0789-488D-87BE-36DFCACE1FA3}.Debug|Any CPU.Build.0 = Debug|Any CPU
		{495CC7C7-0789-488D-87BE-36DFCACE1FA3}.Debug|x64.ActiveCfg = Debug|Any CPU
		{495CC7C7-0789-488D-87BE-36DFCACE1FA3}.Debug|x64.Build.0 = Debug|Any CPU
		{495CC7C7-0789-488D-87BE-36DFCACE1FA3}.Debug|x86.ActiveCfg = Debug|Any CPU
		{495CC7C7-0789-488D-87BE-36DFCACE1FA3}.Debug|x86.Build.0 = Debug|Any CPU
		{495CC7C7-0789-488D-87BE-36DFCACE1FA3}.Release|Any CPU.ActiveCfg = Release|Any CPU
		{495CC7C7-0789-488D-87BE-36DFCACE1FA3}.Release|Any CPU.Build.0 = Release|Any CPU
		{495CC7C7-0789-488D-87BE-36DFCACE1FA3}.Release|x64.ActiveCfg = Release|Any CPU
		{495CC7C7-0789-488D-87BE-36DFCACE1FA3}.Release|x64.Build.0 = Release|Any CPU
		{495CC7C7-0789-488D-87BE-36DFCACE1FA3}.Release|x86.ActiveCfg = Release|Any CPU
		{495CC7C7-0789-488D-87BE-36DFCACE1FA3}.Release|x86.Build.0 = Release|Any CPU
		{086B0338-5967-46BE-84FD-C0714D40948B}.Debug|Any CPU.ActiveCfg = Debug|Any CPU
		{086B0338-5967-46BE-84FD-C0714D40948B}.Debug|Any CPU.Build.0 = Debug|Any CPU
		{086B0338-5967-46BE-84FD-C0714D40948B}.Debug|x64.ActiveCfg = Debug|Any CPU
		{086B0338-5967-46BE-84FD-C0714D40948B}.Debug|x64.Build.0 = Debug|Any CPU
		{086B0338-5967-46BE-84FD-C0714D40948B}.Debug|x86.ActiveCfg = Debug|Any CPU
		{086B0338-5967-46BE-84FD-C0714D40948B}.Debug|x86.Build.0 = Debug|Any CPU
		{086B0338-5967-46BE-84FD-C0714D40948B}.Release|Any CPU.ActiveCfg = Release|Any CPU
		{086B0338-5967-46BE-84FD-C0714D40948B}.Release|Any CPU.Build.0 = Release|Any CPU
		{086B0338-5967-46BE-84FD-C0714D40948B}.Release|x64.ActiveCfg = Release|Any CPU
		{086B0338-5967-46BE-84FD-C0714D40948B}.Release|x64.Build.0 = Release|Any CPU
		{086B0338-5967-46BE-84FD-C0714D40948B}.Release|x86.ActiveCfg = Release|Any CPU
		{086B0338-5967-46BE-84FD-C0714D40948B}.Release|x86.Build.0 = Release|Any CPU
		{94595356-962C-449F-B107-6F188F40A8E7}.Debug|Any CPU.ActiveCfg = Debug|Any CPU
		{94595356-962C-449F-B107-6F188F40A8E7}.Debug|Any CPU.Build.0 = Debug|Any CPU
		{94595356-962C-449F-B107-6F188F40A8E7}.Debug|x64.ActiveCfg = Debug|Any CPU
		{94595356-962C-449F-B107-6F188F40A8E7}.Debug|x64.Build.0 = Debug|Any CPU
		{94595356-962C-449F-B107-6F188F40A8E7}.Debug|x86.ActiveCfg = Debug|Any CPU
		{94595356-962C-449F-B107-6F188F40A8E7}.Debug|x86.Build.0 = Debug|Any CPU
		{94595356-962C-449F-B107-6F188F40A8E7}.Release|Any CPU.ActiveCfg = Release|Any CPU
		{94595356-962C-449F-B107-6F188F40A8E7}.Release|Any CPU.Build.0 = Release|Any CPU
		{94595356-962C-449F-B107-6F188F40A8E7}.Release|x64.ActiveCfg = Release|Any CPU
		{94595356-962C-449F-B107-6F188F40A8E7}.Release|x64.Build.0 = Release|Any CPU
		{94595356-962C-449F-B107-6F188F40A8E7}.Release|x86.ActiveCfg = Release|Any CPU
		{94595356-962C-449F-B107-6F188F40A8E7}.Release|x86.Build.0 = Release|Any CPU
		{5C79A738-2BE7-4CC8-BDB3-53B69B5A7574}.Debug|Any CPU.ActiveCfg = Debug|Any CPU
		{5C79A738-2BE7-4CC8-BDB3-53B69B5A7574}.Debug|Any CPU.Build.0 = Debug|Any CPU
		{5C79A738-2BE7-4CC8-BDB3-53B69B5A7574}.Debug|x64.ActiveCfg = Debug|Any CPU
		{5C79A738-2BE7-4CC8-BDB3-53B69B5A7574}.Debug|x64.Build.0 = Debug|Any CPU
		{5C79A738-2BE7-4CC8-BDB3-53B69B5A7574}.Debug|x86.ActiveCfg = Debug|Any CPU
		{5C79A738-2BE7-4CC8-BDB3-53B69B5A7574}.Debug|x86.Build.0 = Debug|Any CPU
		{5C79A738-2BE7-4CC8-BDB3-53B69B5A7574}.Release|Any CPU.ActiveCfg = Release|Any CPU
		{5C79A738-2BE7-4CC8-BDB3-53B69B5A7574}.Release|Any CPU.Build.0 = Release|Any CPU
		{5C79A738-2BE7-4CC8-BDB3-53B69B5A7574}.Release|x64.ActiveCfg = Release|Any CPU
		{5C79A738-2BE7-4CC8-BDB3-53B69B5A7574}.Release|x64.Build.0 = Release|Any CPU
		{5C79A738-2BE7-4CC8-BDB3-53B69B5A7574}.Release|x86.ActiveCfg = Release|Any CPU
		{5C79A738-2BE7-4CC8-BDB3-53B69B5A7574}.Release|x86.Build.0 = Release|Any CPU
		{6A1E9FDB-4523-41B8-968B-BC5E8A9D31E1}.Debug|Any CPU.ActiveCfg = Debug|Any CPU
		{6A1E9FDB-4523-41B8-968B-BC5E8A9D31E1}.Debug|Any CPU.Build.0 = Debug|Any CPU
		{6A1E9FDB-4523-41B8-968B-BC5E8A9D31E1}.Debug|x64.ActiveCfg = Debug|Any CPU
		{6A1E9FDB-4523-41B8-968B-BC5E8A9D31E1}.Debug|x64.Build.0 = Debug|Any CPU
		{6A1E9FDB-4523-41B8-968B-BC5E8A9D31E1}.Debug|x86.ActiveCfg = Debug|Any CPU
		{6A1E9FDB-4523-41B8-968B-BC5E8A9D31E1}.Debug|x86.Build.0 = Debug|Any CPU
		{6A1E9FDB-4523-41B8-968B-BC5E8A9D31E1}.Release|Any CPU.ActiveCfg = Release|Any CPU
		{6A1E9FDB-4523-41B8-968B-BC5E8A9D31E1}.Release|Any CPU.Build.0 = Release|Any CPU
		{6A1E9FDB-4523-41B8-968B-BC5E8A9D31E1}.Release|x64.ActiveCfg = Release|Any CPU
		{6A1E9FDB-4523-41B8-968B-BC5E8A9D31E1}.Release|x64.Build.0 = Release|Any CPU
		{6A1E9FDB-4523-41B8-968B-BC5E8A9D31E1}.Release|x86.ActiveCfg = Release|Any CPU
		{6A1E9FDB-4523-41B8-968B-BC5E8A9D31E1}.Release|x86.Build.0 = Release|Any CPU
		{2EE3356E-4878-4EE8-A51B-CE78C5F1C208}.Debug|Any CPU.ActiveCfg = Debug|Any CPU
		{2EE3356E-4878-4EE8-A51B-CE78C5F1C208}.Debug|Any CPU.Build.0 = Debug|Any CPU
		{2EE3356E-4878-4EE8-A51B-CE78C5F1C208}.Debug|x64.ActiveCfg = Debug|Any CPU
		{2EE3356E-4878-4EE8-A51B-CE78C5F1C208}.Debug|x64.Build.0 = Debug|Any CPU
		{2EE3356E-4878-4EE8-A51B-CE78C5F1C208}.Debug|x86.ActiveCfg = Debug|Any CPU
		{2EE3356E-4878-4EE8-A51B-CE78C5F1C208}.Debug|x86.Build.0 = Debug|Any CPU
		{2EE3356E-4878-4EE8-A51B-CE78C5F1C208}.Release|Any CPU.ActiveCfg = Release|Any CPU
		{2EE3356E-4878-4EE8-A51B-CE78C5F1C208}.Release|Any CPU.Build.0 = Release|Any CPU
		{2EE3356E-4878-4EE8-A51B-CE78C5F1C208}.Release|x64.ActiveCfg = Release|Any CPU
		{2EE3356E-4878-4EE8-A51B-CE78C5F1C208}.Release|x64.Build.0 = Release|Any CPU
		{2EE3356E-4878-4EE8-A51B-CE78C5F1C208}.Release|x86.ActiveCfg = Release|Any CPU
		{2EE3356E-4878-4EE8-A51B-CE78C5F1C208}.Release|x86.Build.0 = Release|Any CPU
		{70C5E991-C87A-4533-9592-29A84A4F5B3A}.Debug|Any CPU.ActiveCfg = Debug|Any CPU
		{70C5E991-C87A-4533-9592-29A84A4F5B3A}.Debug|Any CPU.Build.0 = Debug|Any CPU
		{70C5E991-C87A-4533-9592-29A84A4F5B3A}.Debug|x64.ActiveCfg = Debug|Any CPU
		{70C5E991-C87A-4533-9592-29A84A4F5B3A}.Debug|x64.Build.0 = Debug|Any CPU
		{70C5E991-C87A-4533-9592-29A84A4F5B3A}.Debug|x86.ActiveCfg = Debug|Any CPU
		{70C5E991-C87A-4533-9592-29A84A4F5B3A}.Debug|x86.Build.0 = Debug|Any CPU
		{70C5E991-C87A-4533-9592-29A84A4F5B3A}.Release|Any CPU.ActiveCfg = Release|Any CPU
		{70C5E991-C87A-4533-9592-29A84A4F5B3A}.Release|Any CPU.Build.0 = Release|Any CPU
		{70C5E991-C87A-4533-9592-29A84A4F5B3A}.Release|x64.ActiveCfg = Release|Any CPU
		{70C5E991-C87A-4533-9592-29A84A4F5B3A}.Release|x64.Build.0 = Release|Any CPU
		{70C5E991-C87A-4533-9592-29A84A4F5B3A}.Release|x86.ActiveCfg = Release|Any CPU
		{70C5E991-C87A-4533-9592-29A84A4F5B3A}.Release|x86.Build.0 = Release|Any CPU
		{29307930-3127-4FBB-A428-204991A113F0}.Debug|Any CPU.ActiveCfg = Debug|Any CPU
		{29307930-3127-4FBB-A428-204991A113F0}.Debug|Any CPU.Build.0 = Debug|Any CPU
		{29307930-3127-4FBB-A428-204991A113F0}.Debug|x64.ActiveCfg = Debug|Any CPU
		{29307930-3127-4FBB-A428-204991A113F0}.Debug|x64.Build.0 = Debug|Any CPU
		{29307930-3127-4FBB-A428-204991A113F0}.Debug|x86.ActiveCfg = Debug|Any CPU
		{29307930-3127-4FBB-A428-204991A113F0}.Debug|x86.Build.0 = Debug|Any CPU
		{29307930-3127-4FBB-A428-204991A113F0}.Release|Any CPU.ActiveCfg = Release|Any CPU
		{29307930-3127-4FBB-A428-204991A113F0}.Release|Any CPU.Build.0 = Release|Any CPU
		{29307930-3127-4FBB-A428-204991A113F0}.Release|x64.ActiveCfg = Release|Any CPU
		{29307930-3127-4FBB-A428-204991A113F0}.Release|x64.Build.0 = Release|Any CPU
		{29307930-3127-4FBB-A428-204991A113F0}.Release|x86.ActiveCfg = Release|Any CPU
		{29307930-3127-4FBB-A428-204991A113F0}.Release|x86.Build.0 = Release|Any CPU
		{B17D2D92-2F14-433F-82C9-7434540A611C}.Debug|Any CPU.ActiveCfg = Debug|Any CPU
		{B17D2D92-2F14-433F-82C9-7434540A611C}.Debug|Any CPU.Build.0 = Debug|Any CPU
		{B17D2D92-2F14-433F-82C9-7434540A611C}.Debug|x64.ActiveCfg = Debug|Any CPU
		{B17D2D92-2F14-433F-82C9-7434540A611C}.Debug|x64.Build.0 = Debug|Any CPU
		{B17D2D92-2F14-433F-82C9-7434540A611C}.Debug|x86.ActiveCfg = Debug|Any CPU
		{B17D2D92-2F14-433F-82C9-7434540A611C}.Debug|x86.Build.0 = Debug|Any CPU
		{B17D2D92-2F14-433F-82C9-7434540A611C}.Release|Any CPU.ActiveCfg = Release|Any CPU
		{B17D2D92-2F14-433F-82C9-7434540A611C}.Release|Any CPU.Build.0 = Release|Any CPU
		{B17D2D92-2F14-433F-82C9-7434540A611C}.Release|x64.ActiveCfg = Release|Any CPU
		{B17D2D92-2F14-433F-82C9-7434540A611C}.Release|x64.Build.0 = Release|Any CPU
		{B17D2D92-2F14-433F-82C9-7434540A611C}.Release|x86.ActiveCfg = Release|Any CPU
		{B17D2D92-2F14-433F-82C9-7434540A611C}.Release|x86.Build.0 = Release|Any CPU
		{9C9DBD8F-3AB9-4063-9CCF-7DB2D503FD35}.Debug|Any CPU.ActiveCfg = Debug|Any CPU
		{9C9DBD8F-3AB9-4063-9CCF-7DB2D503FD35}.Debug|Any CPU.Build.0 = Debug|Any CPU
		{9C9DBD8F-3AB9-4063-9CCF-7DB2D503FD35}.Debug|x64.ActiveCfg = Debug|Any CPU
		{9C9DBD8F-3AB9-4063-9CCF-7DB2D503FD35}.Debug|x64.Build.0 = Debug|Any CPU
		{9C9DBD8F-3AB9-4063-9CCF-7DB2D503FD35}.Debug|x86.ActiveCfg = Debug|Any CPU
		{9C9DBD8F-3AB9-4063-9CCF-7DB2D503FD35}.Debug|x86.Build.0 = Debug|Any CPU
		{9C9DBD8F-3AB9-4063-9CCF-7DB2D503FD35}.Release|Any CPU.ActiveCfg = Release|Any CPU
		{9C9DBD8F-3AB9-4063-9CCF-7DB2D503FD35}.Release|Any CPU.Build.0 = Release|Any CPU
		{9C9DBD8F-3AB9-4063-9CCF-7DB2D503FD35}.Release|x64.ActiveCfg = Release|Any CPU
		{9C9DBD8F-3AB9-4063-9CCF-7DB2D503FD35}.Release|x64.Build.0 = Release|Any CPU
		{9C9DBD8F-3AB9-4063-9CCF-7DB2D503FD35}.Release|x86.ActiveCfg = Release|Any CPU
		{9C9DBD8F-3AB9-4063-9CCF-7DB2D503FD35}.Release|x86.Build.0 = Release|Any CPU
		{F797D183-905E-4004-9F69-5D3F698E8EC1}.Debug|Any CPU.ActiveCfg = Debug|Any CPU
		{F797D183-905E-4004-9F69-5D3F698E8EC1}.Debug|Any CPU.Build.0 = Debug|Any CPU
		{F797D183-905E-4004-9F69-5D3F698E8EC1}.Debug|x64.ActiveCfg = Debug|Any CPU
		{F797D183-905E-4004-9F69-5D3F698E8EC1}.Debug|x64.Build.0 = Debug|Any CPU
		{F797D183-905E-4004-9F69-5D3F698E8EC1}.Debug|x86.ActiveCfg = Debug|Any CPU
		{F797D183-905E-4004-9F69-5D3F698E8EC1}.Debug|x86.Build.0 = Debug|Any CPU
		{F797D183-905E-4004-9F69-5D3F698E8EC1}.Release|Any CPU.ActiveCfg = Release|Any CPU
		{F797D183-905E-4004-9F69-5D3F698E8EC1}.Release|Any CPU.Build.0 = Release|Any CPU
		{F797D183-905E-4004-9F69-5D3F698E8EC1}.Release|x64.ActiveCfg = Release|Any CPU
		{F797D183-905E-4004-9F69-5D3F698E8EC1}.Release|x64.Build.0 = Release|Any CPU
		{F797D183-905E-4004-9F69-5D3F698E8EC1}.Release|x86.ActiveCfg = Release|Any CPU
		{F797D183-905E-4004-9F69-5D3F698E8EC1}.Release|x86.Build.0 = Release|Any CPU
		{70FA8EB1-6463-40CB-9C63-0EDBA2D8F064}.Debug|Any CPU.ActiveCfg = Debug|Any CPU
		{70FA8EB1-6463-40CB-9C63-0EDBA2D8F064}.Debug|Any CPU.Build.0 = Debug|Any CPU
		{70FA8EB1-6463-40CB-9C63-0EDBA2D8F064}.Debug|x64.ActiveCfg = Debug|Any CPU
		{70FA8EB1-6463-40CB-9C63-0EDBA2D8F064}.Debug|x64.Build.0 = Debug|Any CPU
		{70FA8EB1-6463-40CB-9C63-0EDBA2D8F064}.Debug|x86.ActiveCfg = Debug|Any CPU
		{70FA8EB1-6463-40CB-9C63-0EDBA2D8F064}.Debug|x86.Build.0 = Debug|Any CPU
		{70FA8EB1-6463-40CB-9C63-0EDBA2D8F064}.Release|Any CPU.ActiveCfg = Release|Any CPU
		{70FA8EB1-6463-40CB-9C63-0EDBA2D8F064}.Release|Any CPU.Build.0 = Release|Any CPU
		{70FA8EB1-6463-40CB-9C63-0EDBA2D8F064}.Release|x64.ActiveCfg = Release|Any CPU
		{70FA8EB1-6463-40CB-9C63-0EDBA2D8F064}.Release|x64.Build.0 = Release|Any CPU
		{70FA8EB1-6463-40CB-9C63-0EDBA2D8F064}.Release|x86.ActiveCfg = Release|Any CPU
		{70FA8EB1-6463-40CB-9C63-0EDBA2D8F064}.Release|x86.Build.0 = Release|Any CPU
		{B402A073-22DA-4E2D-A238-A5DFD9D7F8AA}.Debug|Any CPU.ActiveCfg = Debug|Any CPU
		{B402A073-22DA-4E2D-A238-A5DFD9D7F8AA}.Debug|Any CPU.Build.0 = Debug|Any CPU
		{B402A073-22DA-4E2D-A238-A5DFD9D7F8AA}.Debug|x64.ActiveCfg = Debug|Any CPU
		{B402A073-22DA-4E2D-A238-A5DFD9D7F8AA}.Debug|x64.Build.0 = Debug|Any CPU
		{B402A073-22DA-4E2D-A238-A5DFD9D7F8AA}.Debug|x86.ActiveCfg = Debug|Any CPU
		{B402A073-22DA-4E2D-A238-A5DFD9D7F8AA}.Debug|x86.Build.0 = Debug|Any CPU
		{B402A073-22DA-4E2D-A238-A5DFD9D7F8AA}.Release|Any CPU.ActiveCfg = Release|Any CPU
		{B402A073-22DA-4E2D-A238-A5DFD9D7F8AA}.Release|Any CPU.Build.0 = Release|Any CPU
		{B402A073-22DA-4E2D-A238-A5DFD9D7F8AA}.Release|x64.ActiveCfg = Release|Any CPU
		{B402A073-22DA-4E2D-A238-A5DFD9D7F8AA}.Release|x64.Build.0 = Release|Any CPU
		{B402A073-22DA-4E2D-A238-A5DFD9D7F8AA}.Release|x86.ActiveCfg = Release|Any CPU
		{B402A073-22DA-4E2D-A238-A5DFD9D7F8AA}.Release|x86.Build.0 = Release|Any CPU
		{9B1B3CF7-8636-4AA9-9F10-F0C4EEA8DF5C}.Debug|Any CPU.ActiveCfg = Debug|Any CPU
		{9B1B3CF7-8636-4AA9-9F10-F0C4EEA8DF5C}.Debug|Any CPU.Build.0 = Debug|Any CPU
		{9B1B3CF7-8636-4AA9-9F10-F0C4EEA8DF5C}.Debug|x64.ActiveCfg = Debug|Any CPU
		{9B1B3CF7-8636-4AA9-9F10-F0C4EEA8DF5C}.Debug|x64.Build.0 = Debug|Any CPU
		{9B1B3CF7-8636-4AA9-9F10-F0C4EEA8DF5C}.Debug|x86.ActiveCfg = Debug|Any CPU
		{9B1B3CF7-8636-4AA9-9F10-F0C4EEA8DF5C}.Debug|x86.Build.0 = Debug|Any CPU
		{9B1B3CF7-8636-4AA9-9F10-F0C4EEA8DF5C}.Release|Any CPU.ActiveCfg = Release|Any CPU
		{9B1B3CF7-8636-4AA9-9F10-F0C4EEA8DF5C}.Release|Any CPU.Build.0 = Release|Any CPU
		{9B1B3CF7-8636-4AA9-9F10-F0C4EEA8DF5C}.Release|x64.ActiveCfg = Release|Any CPU
		{9B1B3CF7-8636-4AA9-9F10-F0C4EEA8DF5C}.Release|x64.Build.0 = Release|Any CPU
		{9B1B3CF7-8636-4AA9-9F10-F0C4EEA8DF5C}.Release|x86.ActiveCfg = Release|Any CPU
		{9B1B3CF7-8636-4AA9-9F10-F0C4EEA8DF5C}.Release|x86.Build.0 = Release|Any CPU
		{6388DB6F-3229-4436-BA5F-4C5AE20552E6}.Debug|Any CPU.ActiveCfg = Debug|Any CPU
		{6388DB6F-3229-4436-BA5F-4C5AE20552E6}.Debug|Any CPU.Build.0 = Debug|Any CPU
		{6388DB6F-3229-4436-BA5F-4C5AE20552E6}.Debug|x64.ActiveCfg = Debug|Any CPU
		{6388DB6F-3229-4436-BA5F-4C5AE20552E6}.Debug|x64.Build.0 = Debug|Any CPU
		{6388DB6F-3229-4436-BA5F-4C5AE20552E6}.Debug|x86.ActiveCfg = Debug|Any CPU
		{6388DB6F-3229-4436-BA5F-4C5AE20552E6}.Debug|x86.Build.0 = Debug|Any CPU
		{6388DB6F-3229-4436-BA5F-4C5AE20552E6}.Release|Any CPU.ActiveCfg = Release|Any CPU
		{6388DB6F-3229-4436-BA5F-4C5AE20552E6}.Release|Any CPU.Build.0 = Release|Any CPU
		{6388DB6F-3229-4436-BA5F-4C5AE20552E6}.Release|x64.ActiveCfg = Release|Any CPU
		{6388DB6F-3229-4436-BA5F-4C5AE20552E6}.Release|x64.Build.0 = Release|Any CPU
		{6388DB6F-3229-4436-BA5F-4C5AE20552E6}.Release|x86.ActiveCfg = Release|Any CPU
		{6388DB6F-3229-4436-BA5F-4C5AE20552E6}.Release|x86.Build.0 = Release|Any CPU
		{13B30D0B-2677-4515-9E9B-7696C8914527}.Debug|Any CPU.ActiveCfg = Debug|Any CPU
		{13B30D0B-2677-4515-9E9B-7696C8914527}.Debug|Any CPU.Build.0 = Debug|Any CPU
		{13B30D0B-2677-4515-9E9B-7696C8914527}.Debug|x64.ActiveCfg = Debug|Any CPU
		{13B30D0B-2677-4515-9E9B-7696C8914527}.Debug|x64.Build.0 = Debug|Any CPU
		{13B30D0B-2677-4515-9E9B-7696C8914527}.Debug|x86.ActiveCfg = Debug|Any CPU
		{13B30D0B-2677-4515-9E9B-7696C8914527}.Debug|x86.Build.0 = Debug|Any CPU
		{13B30D0B-2677-4515-9E9B-7696C8914527}.Release|Any CPU.ActiveCfg = Release|Any CPU
		{13B30D0B-2677-4515-9E9B-7696C8914527}.Release|Any CPU.Build.0 = Release|Any CPU
		{13B30D0B-2677-4515-9E9B-7696C8914527}.Release|x64.ActiveCfg = Release|Any CPU
		{13B30D0B-2677-4515-9E9B-7696C8914527}.Release|x64.Build.0 = Release|Any CPU
		{13B30D0B-2677-4515-9E9B-7696C8914527}.Release|x86.ActiveCfg = Release|Any CPU
		{13B30D0B-2677-4515-9E9B-7696C8914527}.Release|x86.Build.0 = Release|Any CPU
		{F4E613B6-0B79-468F-AD16-3CA137E6B061}.Debug|Any CPU.ActiveCfg = Debug|Any CPU
		{F4E613B6-0B79-468F-AD16-3CA137E6B061}.Debug|Any CPU.Build.0 = Debug|Any CPU
		{F4E613B6-0B79-468F-AD16-3CA137E6B061}.Debug|x64.ActiveCfg = Debug|Any CPU
		{F4E613B6-0B79-468F-AD16-3CA137E6B061}.Debug|x64.Build.0 = Debug|Any CPU
		{F4E613B6-0B79-468F-AD16-3CA137E6B061}.Debug|x86.ActiveCfg = Debug|Any CPU
		{F4E613B6-0B79-468F-AD16-3CA137E6B061}.Debug|x86.Build.0 = Debug|Any CPU
		{F4E613B6-0B79-468F-AD16-3CA137E6B061}.Release|Any CPU.ActiveCfg = Release|Any CPU
		{F4E613B6-0B79-468F-AD16-3CA137E6B061}.Release|Any CPU.Build.0 = Release|Any CPU
		{F4E613B6-0B79-468F-AD16-3CA137E6B061}.Release|x64.ActiveCfg = Release|Any CPU
		{F4E613B6-0B79-468F-AD16-3CA137E6B061}.Release|x64.Build.0 = Release|Any CPU
		{F4E613B6-0B79-468F-AD16-3CA137E6B061}.Release|x86.ActiveCfg = Release|Any CPU
		{F4E613B6-0B79-468F-AD16-3CA137E6B061}.Release|x86.Build.0 = Release|Any CPU
		{6CA8FF5C-746D-436D-A9B3-C08D17484717}.Debug|Any CPU.ActiveCfg = Debug|Any CPU
		{6CA8FF5C-746D-436D-A9B3-C08D17484717}.Debug|Any CPU.Build.0 = Debug|Any CPU
		{6CA8FF5C-746D-436D-A9B3-C08D17484717}.Debug|x64.ActiveCfg = Debug|Any CPU
		{6CA8FF5C-746D-436D-A9B3-C08D17484717}.Debug|x64.Build.0 = Debug|Any CPU
		{6CA8FF5C-746D-436D-A9B3-C08D17484717}.Debug|x86.ActiveCfg = Debug|Any CPU
		{6CA8FF5C-746D-436D-A9B3-C08D17484717}.Debug|x86.Build.0 = Debug|Any CPU
		{6CA8FF5C-746D-436D-A9B3-C08D17484717}.Release|Any CPU.ActiveCfg = Release|Any CPU
		{6CA8FF5C-746D-436D-A9B3-C08D17484717}.Release|Any CPU.Build.0 = Release|Any CPU
		{6CA8FF5C-746D-436D-A9B3-C08D17484717}.Release|x64.ActiveCfg = Release|Any CPU
		{6CA8FF5C-746D-436D-A9B3-C08D17484717}.Release|x64.Build.0 = Release|Any CPU
		{6CA8FF5C-746D-436D-A9B3-C08D17484717}.Release|x86.ActiveCfg = Release|Any CPU
		{6CA8FF5C-746D-436D-A9B3-C08D17484717}.Release|x86.Build.0 = Release|Any CPU
		{5C335E64-D913-40C1-94F6-17E153D980EF}.Debug|Any CPU.ActiveCfg = Debug|Any CPU
		{5C335E64-D913-40C1-94F6-17E153D980EF}.Debug|Any CPU.Build.0 = Debug|Any CPU
		{5C335E64-D913-40C1-94F6-17E153D980EF}.Debug|x64.ActiveCfg = Debug|Any CPU
		{5C335E64-D913-40C1-94F6-17E153D980EF}.Debug|x64.Build.0 = Debug|Any CPU
		{5C335E64-D913-40C1-94F6-17E153D980EF}.Debug|x86.ActiveCfg = Debug|Any CPU
		{5C335E64-D913-40C1-94F6-17E153D980EF}.Debug|x86.Build.0 = Debug|Any CPU
		{5C335E64-D913-40C1-94F6-17E153D980EF}.Release|Any CPU.ActiveCfg = Release|Any CPU
		{5C335E64-D913-40C1-94F6-17E153D980EF}.Release|Any CPU.Build.0 = Release|Any CPU
		{5C335E64-D913-40C1-94F6-17E153D980EF}.Release|x64.ActiveCfg = Release|Any CPU
		{5C335E64-D913-40C1-94F6-17E153D980EF}.Release|x64.Build.0 = Release|Any CPU
		{5C335E64-D913-40C1-94F6-17E153D980EF}.Release|x86.ActiveCfg = Release|Any CPU
		{5C335E64-D913-40C1-94F6-17E153D980EF}.Release|x86.Build.0 = Release|Any CPU
		{650D0A72-A7F3-497F-9CCD-83CD0B6E408B}.Debug|Any CPU.ActiveCfg = Debug|Any CPU
		{650D0A72-A7F3-497F-9CCD-83CD0B6E408B}.Debug|Any CPU.Build.0 = Debug|Any CPU
		{650D0A72-A7F3-497F-9CCD-83CD0B6E408B}.Debug|x64.ActiveCfg = Debug|Any CPU
		{650D0A72-A7F3-497F-9CCD-83CD0B6E408B}.Debug|x64.Build.0 = Debug|Any CPU
		{650D0A72-A7F3-497F-9CCD-83CD0B6E408B}.Debug|x86.ActiveCfg = Debug|Any CPU
		{650D0A72-A7F3-497F-9CCD-83CD0B6E408B}.Debug|x86.Build.0 = Debug|Any CPU
		{650D0A72-A7F3-497F-9CCD-83CD0B6E408B}.Release|Any CPU.ActiveCfg = Release|Any CPU
		{650D0A72-A7F3-497F-9CCD-83CD0B6E408B}.Release|Any CPU.Build.0 = Release|Any CPU
		{650D0A72-A7F3-497F-9CCD-83CD0B6E408B}.Release|x64.ActiveCfg = Release|Any CPU
		{650D0A72-A7F3-497F-9CCD-83CD0B6E408B}.Release|x64.Build.0 = Release|Any CPU
		{650D0A72-A7F3-497F-9CCD-83CD0B6E408B}.Release|x86.ActiveCfg = Release|Any CPU
		{650D0A72-A7F3-497F-9CCD-83CD0B6E408B}.Release|x86.Build.0 = Release|Any CPU
		{02732CB3-73FB-4790-BBC9-1AFF2CA03F3E}.Debug|Any CPU.ActiveCfg = Debug|Any CPU
		{02732CB3-73FB-4790-BBC9-1AFF2CA03F3E}.Debug|Any CPU.Build.0 = Debug|Any CPU
		{02732CB3-73FB-4790-BBC9-1AFF2CA03F3E}.Debug|x64.ActiveCfg = Debug|Any CPU
		{02732CB3-73FB-4790-BBC9-1AFF2CA03F3E}.Debug|x64.Build.0 = Debug|Any CPU
		{02732CB3-73FB-4790-BBC9-1AFF2CA03F3E}.Debug|x86.ActiveCfg = Debug|Any CPU
		{02732CB3-73FB-4790-BBC9-1AFF2CA03F3E}.Debug|x86.Build.0 = Debug|Any CPU
		{02732CB3-73FB-4790-BBC9-1AFF2CA03F3E}.Release|Any CPU.ActiveCfg = Release|Any CPU
		{02732CB3-73FB-4790-BBC9-1AFF2CA03F3E}.Release|Any CPU.Build.0 = Release|Any CPU
		{02732CB3-73FB-4790-BBC9-1AFF2CA03F3E}.Release|x64.ActiveCfg = Release|Any CPU
		{02732CB3-73FB-4790-BBC9-1AFF2CA03F3E}.Release|x64.Build.0 = Release|Any CPU
		{02732CB3-73FB-4790-BBC9-1AFF2CA03F3E}.Release|x86.ActiveCfg = Release|Any CPU
		{02732CB3-73FB-4790-BBC9-1AFF2CA03F3E}.Release|x86.Build.0 = Release|Any CPU
		{2A4E8E85-8149-40E1-BFEF-954719CF5F3C}.Debug|Any CPU.ActiveCfg = Debug|Any CPU
		{2A4E8E85-8149-40E1-BFEF-954719CF5F3C}.Debug|Any CPU.Build.0 = Debug|Any CPU
		{2A4E8E85-8149-40E1-BFEF-954719CF5F3C}.Debug|x64.ActiveCfg = Debug|Any CPU
		{2A4E8E85-8149-40E1-BFEF-954719CF5F3C}.Debug|x64.Build.0 = Debug|Any CPU
		{2A4E8E85-8149-40E1-BFEF-954719CF5F3C}.Debug|x86.ActiveCfg = Debug|Any CPU
		{2A4E8E85-8149-40E1-BFEF-954719CF5F3C}.Debug|x86.Build.0 = Debug|Any CPU
		{2A4E8E85-8149-40E1-BFEF-954719CF5F3C}.Release|Any CPU.ActiveCfg = Release|Any CPU
		{2A4E8E85-8149-40E1-BFEF-954719CF5F3C}.Release|Any CPU.Build.0 = Release|Any CPU
		{2A4E8E85-8149-40E1-BFEF-954719CF5F3C}.Release|x64.ActiveCfg = Release|Any CPU
		{2A4E8E85-8149-40E1-BFEF-954719CF5F3C}.Release|x64.Build.0 = Release|Any CPU
		{2A4E8E85-8149-40E1-BFEF-954719CF5F3C}.Release|x86.ActiveCfg = Release|Any CPU
		{2A4E8E85-8149-40E1-BFEF-954719CF5F3C}.Release|x86.Build.0 = Release|Any CPU
		{0F75474E-10B2-4962-AFCB-7BF0752F4C2E}.Debug|Any CPU.ActiveCfg = Debug|Any CPU
		{0F75474E-10B2-4962-AFCB-7BF0752F4C2E}.Debug|Any CPU.Build.0 = Debug|Any CPU
		{0F75474E-10B2-4962-AFCB-7BF0752F4C2E}.Debug|x64.ActiveCfg = Debug|Any CPU
		{0F75474E-10B2-4962-AFCB-7BF0752F4C2E}.Debug|x64.Build.0 = Debug|Any CPU
		{0F75474E-10B2-4962-AFCB-7BF0752F4C2E}.Debug|x86.ActiveCfg = Debug|Any CPU
		{0F75474E-10B2-4962-AFCB-7BF0752F4C2E}.Debug|x86.Build.0 = Debug|Any CPU
		{0F75474E-10B2-4962-AFCB-7BF0752F4C2E}.Release|Any CPU.ActiveCfg = Release|Any CPU
		{0F75474E-10B2-4962-AFCB-7BF0752F4C2E}.Release|Any CPU.Build.0 = Release|Any CPU
		{0F75474E-10B2-4962-AFCB-7BF0752F4C2E}.Release|x64.ActiveCfg = Release|Any CPU
		{0F75474E-10B2-4962-AFCB-7BF0752F4C2E}.Release|x64.Build.0 = Release|Any CPU
		{0F75474E-10B2-4962-AFCB-7BF0752F4C2E}.Release|x86.ActiveCfg = Release|Any CPU
		{0F75474E-10B2-4962-AFCB-7BF0752F4C2E}.Release|x86.Build.0 = Release|Any CPU
		{A97984B4-36A7-437B-A466-40F68A09A71A}.Debug|Any CPU.ActiveCfg = Debug|Any CPU
		{A97984B4-36A7-437B-A466-40F68A09A71A}.Debug|Any CPU.Build.0 = Debug|Any CPU
		{A97984B4-36A7-437B-A466-40F68A09A71A}.Debug|x64.ActiveCfg = Debug|Any CPU
		{A97984B4-36A7-437B-A466-40F68A09A71A}.Debug|x64.Build.0 = Debug|Any CPU
		{A97984B4-36A7-437B-A466-40F68A09A71A}.Debug|x86.ActiveCfg = Debug|Any CPU
		{A97984B4-36A7-437B-A466-40F68A09A71A}.Debug|x86.Build.0 = Debug|Any CPU
		{A97984B4-36A7-437B-A466-40F68A09A71A}.Release|Any CPU.ActiveCfg = Release|Any CPU
		{A97984B4-36A7-437B-A466-40F68A09A71A}.Release|Any CPU.Build.0 = Release|Any CPU
		{A97984B4-36A7-437B-A466-40F68A09A71A}.Release|x64.ActiveCfg = Release|Any CPU
		{A97984B4-36A7-437B-A466-40F68A09A71A}.Release|x64.Build.0 = Release|Any CPU
		{A97984B4-36A7-437B-A466-40F68A09A71A}.Release|x86.ActiveCfg = Release|Any CPU
		{A97984B4-36A7-437B-A466-40F68A09A71A}.Release|x86.Build.0 = Release|Any CPU
		{C082197E-8778-49B5-8074-BB2FCF74F136}.Debug|Any CPU.ActiveCfg = Debug|Any CPU
		{C082197E-8778-49B5-8074-BB2FCF74F136}.Debug|Any CPU.Build.0 = Debug|Any CPU
		{C082197E-8778-49B5-8074-BB2FCF74F136}.Debug|x64.ActiveCfg = Debug|Any CPU
		{C082197E-8778-49B5-8074-BB2FCF74F136}.Debug|x64.Build.0 = Debug|Any CPU
		{C082197E-8778-49B5-8074-BB2FCF74F136}.Debug|x86.ActiveCfg = Debug|Any CPU
		{C082197E-8778-49B5-8074-BB2FCF74F136}.Debug|x86.Build.0 = Debug|Any CPU
		{C082197E-8778-49B5-8074-BB2FCF74F136}.Release|Any CPU.ActiveCfg = Release|Any CPU
		{C082197E-8778-49B5-8074-BB2FCF74F136}.Release|Any CPU.Build.0 = Release|Any CPU
		{C082197E-8778-49B5-8074-BB2FCF74F136}.Release|x64.ActiveCfg = Release|Any CPU
		{C082197E-8778-49B5-8074-BB2FCF74F136}.Release|x64.Build.0 = Release|Any CPU
		{C082197E-8778-49B5-8074-BB2FCF74F136}.Release|x86.ActiveCfg = Release|Any CPU
		{C082197E-8778-49B5-8074-BB2FCF74F136}.Release|x86.Build.0 = Release|Any CPU
		{82313A77-2F5E-4612-86F5-8C0A4FDF1E2B}.Debug|Any CPU.ActiveCfg = Debug|Any CPU
		{82313A77-2F5E-4612-86F5-8C0A4FDF1E2B}.Debug|Any CPU.Build.0 = Debug|Any CPU
		{82313A77-2F5E-4612-86F5-8C0A4FDF1E2B}.Debug|x64.ActiveCfg = Debug|Any CPU
		{82313A77-2F5E-4612-86F5-8C0A4FDF1E2B}.Debug|x64.Build.0 = Debug|Any CPU
		{82313A77-2F5E-4612-86F5-8C0A4FDF1E2B}.Debug|x86.ActiveCfg = Debug|Any CPU
		{82313A77-2F5E-4612-86F5-8C0A4FDF1E2B}.Debug|x86.Build.0 = Debug|Any CPU
		{82313A77-2F5E-4612-86F5-8C0A4FDF1E2B}.Release|Any CPU.ActiveCfg = Release|Any CPU
		{82313A77-2F5E-4612-86F5-8C0A4FDF1E2B}.Release|Any CPU.Build.0 = Release|Any CPU
		{82313A77-2F5E-4612-86F5-8C0A4FDF1E2B}.Release|x64.ActiveCfg = Release|Any CPU
		{82313A77-2F5E-4612-86F5-8C0A4FDF1E2B}.Release|x64.Build.0 = Release|Any CPU
		{82313A77-2F5E-4612-86F5-8C0A4FDF1E2B}.Release|x86.ActiveCfg = Release|Any CPU
		{82313A77-2F5E-4612-86F5-8C0A4FDF1E2B}.Release|x86.Build.0 = Release|Any CPU
		{5327355A-373F-49E7-ABB5-65DB70B207B4}.Debug|Any CPU.ActiveCfg = Debug|Any CPU
		{5327355A-373F-49E7-ABB5-65DB70B207B4}.Debug|Any CPU.Build.0 = Debug|Any CPU
		{5327355A-373F-49E7-ABB5-65DB70B207B4}.Debug|x64.ActiveCfg = Debug|Any CPU
		{5327355A-373F-49E7-ABB5-65DB70B207B4}.Debug|x64.Build.0 = Debug|Any CPU
		{5327355A-373F-49E7-ABB5-65DB70B207B4}.Debug|x86.ActiveCfg = Debug|Any CPU
		{5327355A-373F-49E7-ABB5-65DB70B207B4}.Debug|x86.Build.0 = Debug|Any CPU
		{5327355A-373F-49E7-ABB5-65DB70B207B4}.Release|Any CPU.ActiveCfg = Release|Any CPU
		{5327355A-373F-49E7-ABB5-65DB70B207B4}.Release|Any CPU.Build.0 = Release|Any CPU
		{5327355A-373F-49E7-ABB5-65DB70B207B4}.Release|x64.ActiveCfg = Release|Any CPU
		{5327355A-373F-49E7-ABB5-65DB70B207B4}.Release|x64.Build.0 = Release|Any CPU
		{5327355A-373F-49E7-ABB5-65DB70B207B4}.Release|x86.ActiveCfg = Release|Any CPU
		{5327355A-373F-49E7-ABB5-65DB70B207B4}.Release|x86.Build.0 = Release|Any CPU
		{6E0B6F98-BF79-47FD-ADF6-6AD400A284BF}.Debug|Any CPU.ActiveCfg = Debug|Any CPU
		{6E0B6F98-BF79-47FD-ADF6-6AD400A284BF}.Debug|Any CPU.Build.0 = Debug|Any CPU
		{6E0B6F98-BF79-47FD-ADF6-6AD400A284BF}.Debug|x64.ActiveCfg = Debug|Any CPU
		{6E0B6F98-BF79-47FD-ADF6-6AD400A284BF}.Debug|x64.Build.0 = Debug|Any CPU
		{6E0B6F98-BF79-47FD-ADF6-6AD400A284BF}.Debug|x86.ActiveCfg = Debug|Any CPU
		{6E0B6F98-BF79-47FD-ADF6-6AD400A284BF}.Debug|x86.Build.0 = Debug|Any CPU
		{6E0B6F98-BF79-47FD-ADF6-6AD400A284BF}.Release|Any CPU.ActiveCfg = Release|Any CPU
		{6E0B6F98-BF79-47FD-ADF6-6AD400A284BF}.Release|Any CPU.Build.0 = Release|Any CPU
		{6E0B6F98-BF79-47FD-ADF6-6AD400A284BF}.Release|x64.ActiveCfg = Release|Any CPU
		{6E0B6F98-BF79-47FD-ADF6-6AD400A284BF}.Release|x64.Build.0 = Release|Any CPU
		{6E0B6F98-BF79-47FD-ADF6-6AD400A284BF}.Release|x86.ActiveCfg = Release|Any CPU
		{6E0B6F98-BF79-47FD-ADF6-6AD400A284BF}.Release|x86.Build.0 = Release|Any CPU
		{9AA8FB32-312B-4ABE-AB3A-6253B08DE638}.Debug|Any CPU.ActiveCfg = Debug|Any CPU
		{9AA8FB32-312B-4ABE-AB3A-6253B08DE638}.Debug|Any CPU.Build.0 = Debug|Any CPU
		{9AA8FB32-312B-4ABE-AB3A-6253B08DE638}.Debug|x64.ActiveCfg = Debug|Any CPU
		{9AA8FB32-312B-4ABE-AB3A-6253B08DE638}.Debug|x64.Build.0 = Debug|Any CPU
		{9AA8FB32-312B-4ABE-AB3A-6253B08DE638}.Debug|x86.ActiveCfg = Debug|Any CPU
		{9AA8FB32-312B-4ABE-AB3A-6253B08DE638}.Debug|x86.Build.0 = Debug|Any CPU
		{9AA8FB32-312B-4ABE-AB3A-6253B08DE638}.Release|Any CPU.ActiveCfg = Release|Any CPU
		{9AA8FB32-312B-4ABE-AB3A-6253B08DE638}.Release|Any CPU.Build.0 = Release|Any CPU
		{9AA8FB32-312B-4ABE-AB3A-6253B08DE638}.Release|x64.ActiveCfg = Release|Any CPU
		{9AA8FB32-312B-4ABE-AB3A-6253B08DE638}.Release|x64.Build.0 = Release|Any CPU
		{9AA8FB32-312B-4ABE-AB3A-6253B08DE638}.Release|x86.ActiveCfg = Release|Any CPU
		{9AA8FB32-312B-4ABE-AB3A-6253B08DE638}.Release|x86.Build.0 = Release|Any CPU
		{4E4D9AF8-AAF8-4BE0-A4DD-9402118FFF9E}.Debug|Any CPU.ActiveCfg = Debug|Any CPU
		{4E4D9AF8-AAF8-4BE0-A4DD-9402118FFF9E}.Debug|Any CPU.Build.0 = Debug|Any CPU
		{4E4D9AF8-AAF8-4BE0-A4DD-9402118FFF9E}.Debug|x64.ActiveCfg = Debug|Any CPU
		{4E4D9AF8-AAF8-4BE0-A4DD-9402118FFF9E}.Debug|x64.Build.0 = Debug|Any CPU
		{4E4D9AF8-AAF8-4BE0-A4DD-9402118FFF9E}.Debug|x86.ActiveCfg = Debug|Any CPU
		{4E4D9AF8-AAF8-4BE0-A4DD-9402118FFF9E}.Debug|x86.Build.0 = Debug|Any CPU
		{4E4D9AF8-AAF8-4BE0-A4DD-9402118FFF9E}.Release|Any CPU.ActiveCfg = Release|Any CPU
		{4E4D9AF8-AAF8-4BE0-A4DD-9402118FFF9E}.Release|Any CPU.Build.0 = Release|Any CPU
		{4E4D9AF8-AAF8-4BE0-A4DD-9402118FFF9E}.Release|x64.ActiveCfg = Release|Any CPU
		{4E4D9AF8-AAF8-4BE0-A4DD-9402118FFF9E}.Release|x64.Build.0 = Release|Any CPU
		{4E4D9AF8-AAF8-4BE0-A4DD-9402118FFF9E}.Release|x86.ActiveCfg = Release|Any CPU
		{4E4D9AF8-AAF8-4BE0-A4DD-9402118FFF9E}.Release|x86.Build.0 = Release|Any CPU
		{3B233F03-E3F7-4029-92F6-BCFD1215138E}.Debug|Any CPU.ActiveCfg = Debug|Any CPU
		{3B233F03-E3F7-4029-92F6-BCFD1215138E}.Debug|Any CPU.Build.0 = Debug|Any CPU
		{3B233F03-E3F7-4029-92F6-BCFD1215138E}.Debug|x64.ActiveCfg = Debug|Any CPU
		{3B233F03-E3F7-4029-92F6-BCFD1215138E}.Debug|x64.Build.0 = Debug|Any CPU
		{3B233F03-E3F7-4029-92F6-BCFD1215138E}.Debug|x86.ActiveCfg = Debug|Any CPU
		{3B233F03-E3F7-4029-92F6-BCFD1215138E}.Debug|x86.Build.0 = Debug|Any CPU
		{3B233F03-E3F7-4029-92F6-BCFD1215138E}.Release|Any CPU.ActiveCfg = Release|Any CPU
		{3B233F03-E3F7-4029-92F6-BCFD1215138E}.Release|Any CPU.Build.0 = Release|Any CPU
		{3B233F03-E3F7-4029-92F6-BCFD1215138E}.Release|x64.ActiveCfg = Release|Any CPU
		{3B233F03-E3F7-4029-92F6-BCFD1215138E}.Release|x64.Build.0 = Release|Any CPU
		{3B233F03-E3F7-4029-92F6-BCFD1215138E}.Release|x86.ActiveCfg = Release|Any CPU
		{3B233F03-E3F7-4029-92F6-BCFD1215138E}.Release|x86.Build.0 = Release|Any CPU
		{77460A57-C2FA-4758-B45B-F59D8BCE4059}.Debug|Any CPU.ActiveCfg = Debug|Any CPU
		{77460A57-C2FA-4758-B45B-F59D8BCE4059}.Debug|Any CPU.Build.0 = Debug|Any CPU
		{77460A57-C2FA-4758-B45B-F59D8BCE4059}.Debug|x64.ActiveCfg = Debug|Any CPU
		{77460A57-C2FA-4758-B45B-F59D8BCE4059}.Debug|x64.Build.0 = Debug|Any CPU
		{77460A57-C2FA-4758-B45B-F59D8BCE4059}.Debug|x86.ActiveCfg = Debug|Any CPU
		{77460A57-C2FA-4758-B45B-F59D8BCE4059}.Debug|x86.Build.0 = Debug|Any CPU
		{77460A57-C2FA-4758-B45B-F59D8BCE4059}.Release|Any CPU.ActiveCfg = Release|Any CPU
		{77460A57-C2FA-4758-B45B-F59D8BCE4059}.Release|Any CPU.Build.0 = Release|Any CPU
		{77460A57-C2FA-4758-B45B-F59D8BCE4059}.Release|x64.ActiveCfg = Release|Any CPU
		{77460A57-C2FA-4758-B45B-F59D8BCE4059}.Release|x64.Build.0 = Release|Any CPU
		{77460A57-C2FA-4758-B45B-F59D8BCE4059}.Release|x86.ActiveCfg = Release|Any CPU
		{77460A57-C2FA-4758-B45B-F59D8BCE4059}.Release|x86.Build.0 = Release|Any CPU
		{8A50A4F1-E147-4606-90EC-38F7E2493E7D}.Debug|Any CPU.ActiveCfg = Debug|Any CPU
		{8A50A4F1-E147-4606-90EC-38F7E2493E7D}.Debug|Any CPU.Build.0 = Debug|Any CPU
		{8A50A4F1-E147-4606-90EC-38F7E2493E7D}.Debug|x64.ActiveCfg = Debug|Any CPU
		{8A50A4F1-E147-4606-90EC-38F7E2493E7D}.Debug|x64.Build.0 = Debug|Any CPU
		{8A50A4F1-E147-4606-90EC-38F7E2493E7D}.Debug|x86.ActiveCfg = Debug|Any CPU
		{8A50A4F1-E147-4606-90EC-38F7E2493E7D}.Debug|x86.Build.0 = Debug|Any CPU
		{8A50A4F1-E147-4606-90EC-38F7E2493E7D}.Release|Any CPU.ActiveCfg = Release|Any CPU
		{8A50A4F1-E147-4606-90EC-38F7E2493E7D}.Release|Any CPU.Build.0 = Release|Any CPU
		{8A50A4F1-E147-4606-90EC-38F7E2493E7D}.Release|x64.ActiveCfg = Release|Any CPU
		{8A50A4F1-E147-4606-90EC-38F7E2493E7D}.Release|x64.Build.0 = Release|Any CPU
		{8A50A4F1-E147-4606-90EC-38F7E2493E7D}.Release|x86.ActiveCfg = Release|Any CPU
		{8A50A4F1-E147-4606-90EC-38F7E2493E7D}.Release|x86.Build.0 = Release|Any CPU
		{3FD8D3B7-F6D7-44AB-B497-AA8411C059BB}.Debug|Any CPU.ActiveCfg = Debug|Any CPU
		{3FD8D3B7-F6D7-44AB-B497-AA8411C059BB}.Debug|Any CPU.Build.0 = Debug|Any CPU
		{3FD8D3B7-F6D7-44AB-B497-AA8411C059BB}.Debug|x64.ActiveCfg = Debug|Any CPU
		{3FD8D3B7-F6D7-44AB-B497-AA8411C059BB}.Debug|x64.Build.0 = Debug|Any CPU
		{3FD8D3B7-F6D7-44AB-B497-AA8411C059BB}.Debug|x86.ActiveCfg = Debug|Any CPU
		{3FD8D3B7-F6D7-44AB-B497-AA8411C059BB}.Debug|x86.Build.0 = Debug|Any CPU
		{3FD8D3B7-F6D7-44AB-B497-AA8411C059BB}.Release|Any CPU.ActiveCfg = Release|Any CPU
		{3FD8D3B7-F6D7-44AB-B497-AA8411C059BB}.Release|Any CPU.Build.0 = Release|Any CPU
		{3FD8D3B7-F6D7-44AB-B497-AA8411C059BB}.Release|x64.ActiveCfg = Release|Any CPU
		{3FD8D3B7-F6D7-44AB-B497-AA8411C059BB}.Release|x64.Build.0 = Release|Any CPU
		{3FD8D3B7-F6D7-44AB-B497-AA8411C059BB}.Release|x86.ActiveCfg = Release|Any CPU
		{3FD8D3B7-F6D7-44AB-B497-AA8411C059BB}.Release|x86.Build.0 = Release|Any CPU
		{4AB7FA5F-9966-4D10-882D-A86755D0CA41}.Debug|Any CPU.ActiveCfg = Debug|Any CPU
		{4AB7FA5F-9966-4D10-882D-A86755D0CA41}.Debug|Any CPU.Build.0 = Debug|Any CPU
		{4AB7FA5F-9966-4D10-882D-A86755D0CA41}.Debug|x64.ActiveCfg = Debug|Any CPU
		{4AB7FA5F-9966-4D10-882D-A86755D0CA41}.Debug|x64.Build.0 = Debug|Any CPU
		{4AB7FA5F-9966-4D10-882D-A86755D0CA41}.Debug|x86.ActiveCfg = Debug|Any CPU
		{4AB7FA5F-9966-4D10-882D-A86755D0CA41}.Debug|x86.Build.0 = Debug|Any CPU
		{4AB7FA5F-9966-4D10-882D-A86755D0CA41}.Release|Any CPU.ActiveCfg = Release|Any CPU
		{4AB7FA5F-9966-4D10-882D-A86755D0CA41}.Release|Any CPU.Build.0 = Release|Any CPU
		{4AB7FA5F-9966-4D10-882D-A86755D0CA41}.Release|x64.ActiveCfg = Release|Any CPU
		{4AB7FA5F-9966-4D10-882D-A86755D0CA41}.Release|x64.Build.0 = Release|Any CPU
		{4AB7FA5F-9966-4D10-882D-A86755D0CA41}.Release|x86.ActiveCfg = Release|Any CPU
		{4AB7FA5F-9966-4D10-882D-A86755D0CA41}.Release|x86.Build.0 = Release|Any CPU
		{F3428B26-3993-4AA2-B2A0-9DBFE42474FD}.Debug|Any CPU.ActiveCfg = Debug|Any CPU
		{F3428B26-3993-4AA2-B2A0-9DBFE42474FD}.Debug|Any CPU.Build.0 = Debug|Any CPU
		{F3428B26-3993-4AA2-B2A0-9DBFE42474FD}.Debug|x64.ActiveCfg = Debug|Any CPU
		{F3428B26-3993-4AA2-B2A0-9DBFE42474FD}.Debug|x64.Build.0 = Debug|Any CPU
		{F3428B26-3993-4AA2-B2A0-9DBFE42474FD}.Debug|x86.ActiveCfg = Debug|Any CPU
		{F3428B26-3993-4AA2-B2A0-9DBFE42474FD}.Debug|x86.Build.0 = Debug|Any CPU
		{F3428B26-3993-4AA2-B2A0-9DBFE42474FD}.Release|Any CPU.ActiveCfg = Release|Any CPU
		{F3428B26-3993-4AA2-B2A0-9DBFE42474FD}.Release|Any CPU.Build.0 = Release|Any CPU
		{F3428B26-3993-4AA2-B2A0-9DBFE42474FD}.Release|x64.ActiveCfg = Release|Any CPU
		{F3428B26-3993-4AA2-B2A0-9DBFE42474FD}.Release|x64.Build.0 = Release|Any CPU
		{F3428B26-3993-4AA2-B2A0-9DBFE42474FD}.Release|x86.ActiveCfg = Release|Any CPU
		{F3428B26-3993-4AA2-B2A0-9DBFE42474FD}.Release|x86.Build.0 = Release|Any CPU
		{2E9296C7-D557-4A5C-AD94-1A61C1C57C56}.Debug|Any CPU.ActiveCfg = Debug|Any CPU
		{2E9296C7-D557-4A5C-AD94-1A61C1C57C56}.Debug|Any CPU.Build.0 = Debug|Any CPU
		{2E9296C7-D557-4A5C-AD94-1A61C1C57C56}.Debug|x64.ActiveCfg = Debug|Any CPU
		{2E9296C7-D557-4A5C-AD94-1A61C1C57C56}.Debug|x64.Build.0 = Debug|Any CPU
		{2E9296C7-D557-4A5C-AD94-1A61C1C57C56}.Debug|x86.ActiveCfg = Debug|Any CPU
		{2E9296C7-D557-4A5C-AD94-1A61C1C57C56}.Debug|x86.Build.0 = Debug|Any CPU
		{2E9296C7-D557-4A5C-AD94-1A61C1C57C56}.Release|Any CPU.ActiveCfg = Release|Any CPU
		{2E9296C7-D557-4A5C-AD94-1A61C1C57C56}.Release|Any CPU.Build.0 = Release|Any CPU
		{2E9296C7-D557-4A5C-AD94-1A61C1C57C56}.Release|x64.ActiveCfg = Release|Any CPU
		{2E9296C7-D557-4A5C-AD94-1A61C1C57C56}.Release|x64.Build.0 = Release|Any CPU
		{2E9296C7-D557-4A5C-AD94-1A61C1C57C56}.Release|x86.ActiveCfg = Release|Any CPU
		{2E9296C7-D557-4A5C-AD94-1A61C1C57C56}.Release|x86.Build.0 = Release|Any CPU
		{4BDC15DD-E956-43E8-BEFC-2F86572DC0D9}.Debug|Any CPU.ActiveCfg = Debug|Any CPU
		{4BDC15DD-E956-43E8-BEFC-2F86572DC0D9}.Debug|Any CPU.Build.0 = Debug|Any CPU
		{4BDC15DD-E956-43E8-BEFC-2F86572DC0D9}.Debug|x64.ActiveCfg = Debug|Any CPU
		{4BDC15DD-E956-43E8-BEFC-2F86572DC0D9}.Debug|x64.Build.0 = Debug|Any CPU
		{4BDC15DD-E956-43E8-BEFC-2F86572DC0D9}.Debug|x86.ActiveCfg = Debug|Any CPU
		{4BDC15DD-E956-43E8-BEFC-2F86572DC0D9}.Debug|x86.Build.0 = Debug|Any CPU
		{4BDC15DD-E956-43E8-BEFC-2F86572DC0D9}.Release|Any CPU.ActiveCfg = Release|Any CPU
		{4BDC15DD-E956-43E8-BEFC-2F86572DC0D9}.Release|Any CPU.Build.0 = Release|Any CPU
		{4BDC15DD-E956-43E8-BEFC-2F86572DC0D9}.Release|x64.ActiveCfg = Release|Any CPU
		{4BDC15DD-E956-43E8-BEFC-2F86572DC0D9}.Release|x64.Build.0 = Release|Any CPU
		{4BDC15DD-E956-43E8-BEFC-2F86572DC0D9}.Release|x86.ActiveCfg = Release|Any CPU
		{4BDC15DD-E956-43E8-BEFC-2F86572DC0D9}.Release|x86.Build.0 = Release|Any CPU
		{2D3382AA-3A3D-4C38-A1E3-63903C321BE3}.Debug|Any CPU.ActiveCfg = Debug|Any CPU
		{2D3382AA-3A3D-4C38-A1E3-63903C321BE3}.Debug|Any CPU.Build.0 = Debug|Any CPU
		{2D3382AA-3A3D-4C38-A1E3-63903C321BE3}.Debug|x64.ActiveCfg = Debug|Any CPU
		{2D3382AA-3A3D-4C38-A1E3-63903C321BE3}.Debug|x64.Build.0 = Debug|Any CPU
		{2D3382AA-3A3D-4C38-A1E3-63903C321BE3}.Debug|x86.ActiveCfg = Debug|Any CPU
		{2D3382AA-3A3D-4C38-A1E3-63903C321BE3}.Debug|x86.Build.0 = Debug|Any CPU
		{2D3382AA-3A3D-4C38-A1E3-63903C321BE3}.Release|Any CPU.ActiveCfg = Release|Any CPU
		{2D3382AA-3A3D-4C38-A1E3-63903C321BE3}.Release|Any CPU.Build.0 = Release|Any CPU
		{2D3382AA-3A3D-4C38-A1E3-63903C321BE3}.Release|x64.ActiveCfg = Release|Any CPU
		{2D3382AA-3A3D-4C38-A1E3-63903C321BE3}.Release|x64.Build.0 = Release|Any CPU
		{2D3382AA-3A3D-4C38-A1E3-63903C321BE3}.Release|x86.ActiveCfg = Release|Any CPU
		{2D3382AA-3A3D-4C38-A1E3-63903C321BE3}.Release|x86.Build.0 = Release|Any CPU
		{D057F88A-5C44-4CF0-A1F9-B0EAC4F45CEA}.Debug|Any CPU.ActiveCfg = Debug|Any CPU
		{D057F88A-5C44-4CF0-A1F9-B0EAC4F45CEA}.Debug|Any CPU.Build.0 = Debug|Any CPU
		{D057F88A-5C44-4CF0-A1F9-B0EAC4F45CEA}.Debug|x64.ActiveCfg = Debug|Any CPU
		{D057F88A-5C44-4CF0-A1F9-B0EAC4F45CEA}.Debug|x64.Build.0 = Debug|Any CPU
		{D057F88A-5C44-4CF0-A1F9-B0EAC4F45CEA}.Debug|x86.ActiveCfg = Debug|Any CPU
		{D057F88A-5C44-4CF0-A1F9-B0EAC4F45CEA}.Debug|x86.Build.0 = Debug|Any CPU
		{D057F88A-5C44-4CF0-A1F9-B0EAC4F45CEA}.Release|Any CPU.ActiveCfg = Release|Any CPU
		{D057F88A-5C44-4CF0-A1F9-B0EAC4F45CEA}.Release|Any CPU.Build.0 = Release|Any CPU
		{D057F88A-5C44-4CF0-A1F9-B0EAC4F45CEA}.Release|x64.ActiveCfg = Release|Any CPU
		{D057F88A-5C44-4CF0-A1F9-B0EAC4F45CEA}.Release|x64.Build.0 = Release|Any CPU
		{D057F88A-5C44-4CF0-A1F9-B0EAC4F45CEA}.Release|x86.ActiveCfg = Release|Any CPU
		{D057F88A-5C44-4CF0-A1F9-B0EAC4F45CEA}.Release|x86.Build.0 = Release|Any CPU
		{61A2FAE1-C207-4524-86B7-289B611EDC4A}.Debug|Any CPU.ActiveCfg = Debug|Any CPU
		{61A2FAE1-C207-4524-86B7-289B611EDC4A}.Debug|Any CPU.Build.0 = Debug|Any CPU
		{61A2FAE1-C207-4524-86B7-289B611EDC4A}.Debug|x64.ActiveCfg = Debug|Any CPU
		{61A2FAE1-C207-4524-86B7-289B611EDC4A}.Debug|x64.Build.0 = Debug|Any CPU
		{61A2FAE1-C207-4524-86B7-289B611EDC4A}.Debug|x86.ActiveCfg = Debug|Any CPU
		{61A2FAE1-C207-4524-86B7-289B611EDC4A}.Debug|x86.Build.0 = Debug|Any CPU
		{61A2FAE1-C207-4524-86B7-289B611EDC4A}.Release|Any CPU.ActiveCfg = Release|Any CPU
		{61A2FAE1-C207-4524-86B7-289B611EDC4A}.Release|Any CPU.Build.0 = Release|Any CPU
		{61A2FAE1-C207-4524-86B7-289B611EDC4A}.Release|x64.ActiveCfg = Release|Any CPU
		{61A2FAE1-C207-4524-86B7-289B611EDC4A}.Release|x64.Build.0 = Release|Any CPU
		{61A2FAE1-C207-4524-86B7-289B611EDC4A}.Release|x86.ActiveCfg = Release|Any CPU
		{61A2FAE1-C207-4524-86B7-289B611EDC4A}.Release|x86.Build.0 = Release|Any CPU
		{C65FFCA3-18E4-4450-B15C-9C7EC5D75272}.Debug|Any CPU.ActiveCfg = Debug|Any CPU
		{C65FFCA3-18E4-4450-B15C-9C7EC5D75272}.Debug|Any CPU.Build.0 = Debug|Any CPU
		{C65FFCA3-18E4-4450-B15C-9C7EC5D75272}.Debug|x64.ActiveCfg = Debug|Any CPU
		{C65FFCA3-18E4-4450-B15C-9C7EC5D75272}.Debug|x64.Build.0 = Debug|Any CPU
		{C65FFCA3-18E4-4450-B15C-9C7EC5D75272}.Debug|x86.ActiveCfg = Debug|Any CPU
		{C65FFCA3-18E4-4450-B15C-9C7EC5D75272}.Debug|x86.Build.0 = Debug|Any CPU
		{C65FFCA3-18E4-4450-B15C-9C7EC5D75272}.Release|Any CPU.ActiveCfg = Release|Any CPU
		{C65FFCA3-18E4-4450-B15C-9C7EC5D75272}.Release|Any CPU.Build.0 = Release|Any CPU
		{C65FFCA3-18E4-4450-B15C-9C7EC5D75272}.Release|x64.ActiveCfg = Release|Any CPU
		{C65FFCA3-18E4-4450-B15C-9C7EC5D75272}.Release|x64.Build.0 = Release|Any CPU
		{C65FFCA3-18E4-4450-B15C-9C7EC5D75272}.Release|x86.ActiveCfg = Release|Any CPU
		{C65FFCA3-18E4-4450-B15C-9C7EC5D75272}.Release|x86.Build.0 = Release|Any CPU
		{45638CA6-FF03-43D2-A1C8-8854C1905227}.Debug|Any CPU.ActiveCfg = Debug|Any CPU
		{45638CA6-FF03-43D2-A1C8-8854C1905227}.Debug|Any CPU.Build.0 = Debug|Any CPU
		{45638CA6-FF03-43D2-A1C8-8854C1905227}.Debug|x64.ActiveCfg = Debug|Any CPU
		{45638CA6-FF03-43D2-A1C8-8854C1905227}.Debug|x64.Build.0 = Debug|Any CPU
		{45638CA6-FF03-43D2-A1C8-8854C1905227}.Debug|x86.ActiveCfg = Debug|Any CPU
		{45638CA6-FF03-43D2-A1C8-8854C1905227}.Debug|x86.Build.0 = Debug|Any CPU
		{45638CA6-FF03-43D2-A1C8-8854C1905227}.Release|Any CPU.ActiveCfg = Release|Any CPU
		{45638CA6-FF03-43D2-A1C8-8854C1905227}.Release|Any CPU.Build.0 = Release|Any CPU
		{45638CA6-FF03-43D2-A1C8-8854C1905227}.Release|x64.ActiveCfg = Release|Any CPU
		{45638CA6-FF03-43D2-A1C8-8854C1905227}.Release|x64.Build.0 = Release|Any CPU
		{45638CA6-FF03-43D2-A1C8-8854C1905227}.Release|x86.ActiveCfg = Release|Any CPU
		{45638CA6-FF03-43D2-A1C8-8854C1905227}.Release|x86.Build.0 = Release|Any CPU
		{8B7C361A-D725-43F8-BA92-990AAE21A889}.Debug|Any CPU.ActiveCfg = Debug|Any CPU
		{8B7C361A-D725-43F8-BA92-990AAE21A889}.Debug|Any CPU.Build.0 = Debug|Any CPU
		{8B7C361A-D725-43F8-BA92-990AAE21A889}.Debug|x64.ActiveCfg = Debug|Any CPU
		{8B7C361A-D725-43F8-BA92-990AAE21A889}.Debug|x64.Build.0 = Debug|Any CPU
		{8B7C361A-D725-43F8-BA92-990AAE21A889}.Debug|x86.ActiveCfg = Debug|Any CPU
		{8B7C361A-D725-43F8-BA92-990AAE21A889}.Debug|x86.Build.0 = Debug|Any CPU
		{8B7C361A-D725-43F8-BA92-990AAE21A889}.Release|Any CPU.ActiveCfg = Release|Any CPU
		{8B7C361A-D725-43F8-BA92-990AAE21A889}.Release|Any CPU.Build.0 = Release|Any CPU
		{8B7C361A-D725-43F8-BA92-990AAE21A889}.Release|x64.ActiveCfg = Release|Any CPU
		{8B7C361A-D725-43F8-BA92-990AAE21A889}.Release|x64.Build.0 = Release|Any CPU
		{8B7C361A-D725-43F8-BA92-990AAE21A889}.Release|x86.ActiveCfg = Release|Any CPU
		{8B7C361A-D725-43F8-BA92-990AAE21A889}.Release|x86.Build.0 = Release|Any CPU
		{C6C6C647-0F2B-4B8C-9999-91F7B5EB6CAA}.Debug|Any CPU.ActiveCfg = Debug|Any CPU
		{C6C6C647-0F2B-4B8C-9999-91F7B5EB6CAA}.Debug|Any CPU.Build.0 = Debug|Any CPU
		{C6C6C647-0F2B-4B8C-9999-91F7B5EB6CAA}.Debug|x64.ActiveCfg = Debug|Any CPU
		{C6C6C647-0F2B-4B8C-9999-91F7B5EB6CAA}.Debug|x64.Build.0 = Debug|Any CPU
		{C6C6C647-0F2B-4B8C-9999-91F7B5EB6CAA}.Debug|x86.ActiveCfg = Debug|Any CPU
		{C6C6C647-0F2B-4B8C-9999-91F7B5EB6CAA}.Debug|x86.Build.0 = Debug|Any CPU
		{C6C6C647-0F2B-4B8C-9999-91F7B5EB6CAA}.Release|Any CPU.ActiveCfg = Release|Any CPU
		{C6C6C647-0F2B-4B8C-9999-91F7B5EB6CAA}.Release|Any CPU.Build.0 = Release|Any CPU
		{C6C6C647-0F2B-4B8C-9999-91F7B5EB6CAA}.Release|x64.ActiveCfg = Release|Any CPU
		{C6C6C647-0F2B-4B8C-9999-91F7B5EB6CAA}.Release|x64.Build.0 = Release|Any CPU
		{C6C6C647-0F2B-4B8C-9999-91F7B5EB6CAA}.Release|x86.ActiveCfg = Release|Any CPU
		{C6C6C647-0F2B-4B8C-9999-91F7B5EB6CAA}.Release|x86.Build.0 = Release|Any CPU
		{82638A6A-7969-48F0-93B6-622A36F15118}.Debug|Any CPU.ActiveCfg = Debug|Any CPU
		{82638A6A-7969-48F0-93B6-622A36F15118}.Debug|Any CPU.Build.0 = Debug|Any CPU
		{82638A6A-7969-48F0-93B6-622A36F15118}.Debug|x64.ActiveCfg = Debug|Any CPU
		{82638A6A-7969-48F0-93B6-622A36F15118}.Debug|x64.Build.0 = Debug|Any CPU
		{82638A6A-7969-48F0-93B6-622A36F15118}.Debug|x86.ActiveCfg = Debug|Any CPU
		{82638A6A-7969-48F0-93B6-622A36F15118}.Debug|x86.Build.0 = Debug|Any CPU
		{82638A6A-7969-48F0-93B6-622A36F15118}.Release|Any CPU.ActiveCfg = Release|Any CPU
		{82638A6A-7969-48F0-93B6-622A36F15118}.Release|Any CPU.Build.0 = Release|Any CPU
		{82638A6A-7969-48F0-93B6-622A36F15118}.Release|x64.ActiveCfg = Release|Any CPU
		{82638A6A-7969-48F0-93B6-622A36F15118}.Release|x64.Build.0 = Release|Any CPU
		{82638A6A-7969-48F0-93B6-622A36F15118}.Release|x86.ActiveCfg = Release|Any CPU
		{82638A6A-7969-48F0-93B6-622A36F15118}.Release|x86.Build.0 = Release|Any CPU
		{97281BBF-EBF6-4391-86DC-3CCC1CA611AC}.Debug|Any CPU.ActiveCfg = Debug|Any CPU
		{97281BBF-EBF6-4391-86DC-3CCC1CA611AC}.Debug|Any CPU.Build.0 = Debug|Any CPU
		{97281BBF-EBF6-4391-86DC-3CCC1CA611AC}.Debug|x64.ActiveCfg = Debug|Any CPU
		{97281BBF-EBF6-4391-86DC-3CCC1CA611AC}.Debug|x64.Build.0 = Debug|Any CPU
		{97281BBF-EBF6-4391-86DC-3CCC1CA611AC}.Debug|x86.ActiveCfg = Debug|Any CPU
		{97281BBF-EBF6-4391-86DC-3CCC1CA611AC}.Debug|x86.Build.0 = Debug|Any CPU
		{97281BBF-EBF6-4391-86DC-3CCC1CA611AC}.Release|Any CPU.ActiveCfg = Release|Any CPU
		{97281BBF-EBF6-4391-86DC-3CCC1CA611AC}.Release|Any CPU.Build.0 = Release|Any CPU
		{97281BBF-EBF6-4391-86DC-3CCC1CA611AC}.Release|x64.ActiveCfg = Release|Any CPU
		{97281BBF-EBF6-4391-86DC-3CCC1CA611AC}.Release|x64.Build.0 = Release|Any CPU
		{97281BBF-EBF6-4391-86DC-3CCC1CA611AC}.Release|x86.ActiveCfg = Release|Any CPU
		{97281BBF-EBF6-4391-86DC-3CCC1CA611AC}.Release|x86.Build.0 = Release|Any CPU
		{BAD87898-6F98-42A1-87A2-8E3E493C8BD5}.Debug|Any CPU.ActiveCfg = Debug|Any CPU
		{BAD87898-6F98-42A1-87A2-8E3E493C8BD5}.Debug|Any CPU.Build.0 = Debug|Any CPU
		{BAD87898-6F98-42A1-87A2-8E3E493C8BD5}.Debug|x64.ActiveCfg = Debug|Any CPU
		{BAD87898-6F98-42A1-87A2-8E3E493C8BD5}.Debug|x64.Build.0 = Debug|Any CPU
		{BAD87898-6F98-42A1-87A2-8E3E493C8BD5}.Debug|x86.ActiveCfg = Debug|Any CPU
		{BAD87898-6F98-42A1-87A2-8E3E493C8BD5}.Debug|x86.Build.0 = Debug|Any CPU
		{BAD87898-6F98-42A1-87A2-8E3E493C8BD5}.Release|Any CPU.ActiveCfg = Release|Any CPU
		{BAD87898-6F98-42A1-87A2-8E3E493C8BD5}.Release|Any CPU.Build.0 = Release|Any CPU
		{BAD87898-6F98-42A1-87A2-8E3E493C8BD5}.Release|x64.ActiveCfg = Release|Any CPU
		{BAD87898-6F98-42A1-87A2-8E3E493C8BD5}.Release|x64.Build.0 = Release|Any CPU
		{BAD87898-6F98-42A1-87A2-8E3E493C8BD5}.Release|x86.ActiveCfg = Release|Any CPU
		{BAD87898-6F98-42A1-87A2-8E3E493C8BD5}.Release|x86.Build.0 = Release|Any CPU
		{72CBCABB-F27F-4BF9-AE15-68BC1E15725D}.Debug|Any CPU.ActiveCfg = Debug|Any CPU
		{72CBCABB-F27F-4BF9-AE15-68BC1E15725D}.Debug|Any CPU.Build.0 = Debug|Any CPU
		{72CBCABB-F27F-4BF9-AE15-68BC1E15725D}.Debug|x64.ActiveCfg = Debug|Any CPU
		{72CBCABB-F27F-4BF9-AE15-68BC1E15725D}.Debug|x64.Build.0 = Debug|Any CPU
		{72CBCABB-F27F-4BF9-AE15-68BC1E15725D}.Debug|x86.ActiveCfg = Debug|Any CPU
		{72CBCABB-F27F-4BF9-AE15-68BC1E15725D}.Debug|x86.Build.0 = Debug|Any CPU
		{72CBCABB-F27F-4BF9-AE15-68BC1E15725D}.Release|Any CPU.ActiveCfg = Release|Any CPU
		{72CBCABB-F27F-4BF9-AE15-68BC1E15725D}.Release|Any CPU.Build.0 = Release|Any CPU
		{72CBCABB-F27F-4BF9-AE15-68BC1E15725D}.Release|x64.ActiveCfg = Release|Any CPU
		{72CBCABB-F27F-4BF9-AE15-68BC1E15725D}.Release|x64.Build.0 = Release|Any CPU
		{72CBCABB-F27F-4BF9-AE15-68BC1E15725D}.Release|x86.ActiveCfg = Release|Any CPU
		{72CBCABB-F27F-4BF9-AE15-68BC1E15725D}.Release|x86.Build.0 = Release|Any CPU
		{D055B60A-3BB0-4CE3-8C7A-0DDDAE9C2D1B}.Debug|Any CPU.ActiveCfg = Debug|Any CPU
		{D055B60A-3BB0-4CE3-8C7A-0DDDAE9C2D1B}.Debug|Any CPU.Build.0 = Debug|Any CPU
		{D055B60A-3BB0-4CE3-8C7A-0DDDAE9C2D1B}.Debug|x64.ActiveCfg = Debug|Any CPU
		{D055B60A-3BB0-4CE3-8C7A-0DDDAE9C2D1B}.Debug|x64.Build.0 = Debug|Any CPU
		{D055B60A-3BB0-4CE3-8C7A-0DDDAE9C2D1B}.Debug|x86.ActiveCfg = Debug|Any CPU
		{D055B60A-3BB0-4CE3-8C7A-0DDDAE9C2D1B}.Debug|x86.Build.0 = Debug|Any CPU
		{D055B60A-3BB0-4CE3-8C7A-0DDDAE9C2D1B}.Release|Any CPU.ActiveCfg = Release|Any CPU
		{D055B60A-3BB0-4CE3-8C7A-0DDDAE9C2D1B}.Release|Any CPU.Build.0 = Release|Any CPU
		{D055B60A-3BB0-4CE3-8C7A-0DDDAE9C2D1B}.Release|x64.ActiveCfg = Release|Any CPU
		{D055B60A-3BB0-4CE3-8C7A-0DDDAE9C2D1B}.Release|x64.Build.0 = Release|Any CPU
		{D055B60A-3BB0-4CE3-8C7A-0DDDAE9C2D1B}.Release|x86.ActiveCfg = Release|Any CPU
		{D055B60A-3BB0-4CE3-8C7A-0DDDAE9C2D1B}.Release|x86.Build.0 = Release|Any CPU
		{4D2CAFB4-4089-4216-BE91-7AFEB3568ECB}.Debug|Any CPU.ActiveCfg = Debug|Any CPU
		{4D2CAFB4-4089-4216-BE91-7AFEB3568ECB}.Debug|Any CPU.Build.0 = Debug|Any CPU
		{4D2CAFB4-4089-4216-BE91-7AFEB3568ECB}.Debug|x64.ActiveCfg = Debug|Any CPU
		{4D2CAFB4-4089-4216-BE91-7AFEB3568ECB}.Debug|x64.Build.0 = Debug|Any CPU
		{4D2CAFB4-4089-4216-BE91-7AFEB3568ECB}.Debug|x86.ActiveCfg = Debug|Any CPU
		{4D2CAFB4-4089-4216-BE91-7AFEB3568ECB}.Debug|x86.Build.0 = Debug|Any CPU
		{4D2CAFB4-4089-4216-BE91-7AFEB3568ECB}.Release|Any CPU.ActiveCfg = Release|Any CPU
		{4D2CAFB4-4089-4216-BE91-7AFEB3568ECB}.Release|Any CPU.Build.0 = Release|Any CPU
		{4D2CAFB4-4089-4216-BE91-7AFEB3568ECB}.Release|x64.ActiveCfg = Release|Any CPU
		{4D2CAFB4-4089-4216-BE91-7AFEB3568ECB}.Release|x64.Build.0 = Release|Any CPU
		{4D2CAFB4-4089-4216-BE91-7AFEB3568ECB}.Release|x86.ActiveCfg = Release|Any CPU
		{4D2CAFB4-4089-4216-BE91-7AFEB3568ECB}.Release|x86.Build.0 = Release|Any CPU
		{033C2311-6681-46BD-91CA-38A7AC3B56CF}.Debug|Any CPU.ActiveCfg = Debug|Any CPU
		{033C2311-6681-46BD-91CA-38A7AC3B56CF}.Debug|Any CPU.Build.0 = Debug|Any CPU
		{033C2311-6681-46BD-91CA-38A7AC3B56CF}.Debug|x64.ActiveCfg = Debug|Any CPU
		{033C2311-6681-46BD-91CA-38A7AC3B56CF}.Debug|x64.Build.0 = Debug|Any CPU
		{033C2311-6681-46BD-91CA-38A7AC3B56CF}.Debug|x86.ActiveCfg = Debug|Any CPU
		{033C2311-6681-46BD-91CA-38A7AC3B56CF}.Debug|x86.Build.0 = Debug|Any CPU
		{033C2311-6681-46BD-91CA-38A7AC3B56CF}.Release|Any CPU.ActiveCfg = Release|Any CPU
		{033C2311-6681-46BD-91CA-38A7AC3B56CF}.Release|Any CPU.Build.0 = Release|Any CPU
		{033C2311-6681-46BD-91CA-38A7AC3B56CF}.Release|x64.ActiveCfg = Release|Any CPU
		{033C2311-6681-46BD-91CA-38A7AC3B56CF}.Release|x64.Build.0 = Release|Any CPU
		{033C2311-6681-46BD-91CA-38A7AC3B56CF}.Release|x86.ActiveCfg = Release|Any CPU
		{033C2311-6681-46BD-91CA-38A7AC3B56CF}.Release|x86.Build.0 = Release|Any CPU
		{B8B3F2BA-47B0-4958-BE0E-47312B11623A}.Debug|Any CPU.ActiveCfg = Debug|Any CPU
		{B8B3F2BA-47B0-4958-BE0E-47312B11623A}.Debug|Any CPU.Build.0 = Debug|Any CPU
		{B8B3F2BA-47B0-4958-BE0E-47312B11623A}.Debug|x64.ActiveCfg = Debug|Any CPU
		{B8B3F2BA-47B0-4958-BE0E-47312B11623A}.Debug|x64.Build.0 = Debug|Any CPU
		{B8B3F2BA-47B0-4958-BE0E-47312B11623A}.Debug|x86.ActiveCfg = Debug|Any CPU
		{B8B3F2BA-47B0-4958-BE0E-47312B11623A}.Debug|x86.Build.0 = Debug|Any CPU
		{B8B3F2BA-47B0-4958-BE0E-47312B11623A}.Release|Any CPU.ActiveCfg = Release|Any CPU
		{B8B3F2BA-47B0-4958-BE0E-47312B11623A}.Release|Any CPU.Build.0 = Release|Any CPU
		{B8B3F2BA-47B0-4958-BE0E-47312B11623A}.Release|x64.ActiveCfg = Release|Any CPU
		{B8B3F2BA-47B0-4958-BE0E-47312B11623A}.Release|x64.Build.0 = Release|Any CPU
		{B8B3F2BA-47B0-4958-BE0E-47312B11623A}.Release|x86.ActiveCfg = Release|Any CPU
		{B8B3F2BA-47B0-4958-BE0E-47312B11623A}.Release|x86.Build.0 = Release|Any CPU
	EndGlobalSection
EndGlobal
