
Microsoft Visual Studio Solution File, Format Version 12.00
# Visual Studio 15
VisualStudioVersion = 15.0.26124.0
MinimumVisualStudioVersion = 15.0.26124.0
Project("{FAE04EC0-301F-11D3-BF4B-00C04F79EFBC}") = "Penguin.Cms.Modules.Reporting.Local", "Penguin.Cms.Modules.Reporting.Local.csproj", "{C18D5597-F7E5-4D66-8749-FAA5DC663627}"
EndProject
Project("{FAE04EC0-301F-11D3-BF4B-00C04F79EFBC}") = "Penguin.Reflection.Dynamic.Local", "..\Penguin.Reflection.Dynamic\Penguin.Reflection.Dynamic.Local.csproj", "{8F1661EC-BF86-4CD2-B61C-E030547CA18C}"
EndProject
Project("{FAE04EC0-301F-11D3-BF4B-00C04F79EFBC}") = "Penguin.Cms.Reporting.Local", "..\Penguin.Cms.Reporting\Penguin.Cms.Reporting.Local.csproj", "{2C0D273D-EB5E-4AD5-BD41-91B5F7B21DB1}"
EndProject
Project("{FAE04EC0-301F-11D3-BF4B-00C04F79EFBC}") = "Penguin.Cms.Entities.Local", "..\Penguin.Cms.Entities\Penguin.Cms.Entities.Local.csproj", "{BBF346B2-173D-4298-87C1-EF8E9F3983FB}"
EndProject
Project("{FAE04EC0-301F-11D3-BF4B-00C04F79EFBC}") = "Penguin.Persistence.Abstractions.Local", "..\Penguin.Persistence.Abstractions\Penguin.Persistence.Abstractions.Local.csproj", "{8850E0D4-0E31-4F71-B76A-CA18C6763F85}"
EndProject
Project("{FAE04EC0-301F-11D3-BF4B-00C04F79EFBC}") = "Penguin.Entities.Abstractions.Local", "..\Penguin.Entities.Abstractions\Penguin.Entities.Abstractions.Local.csproj", "{9BE33482-A875-40FC-9888-B39E3F189143}"
EndProject
Project("{FAE04EC0-301F-11D3-BF4B-00C04F79EFBC}") = "Penguin.Reflection.Extensions.Local", "..\Penguin.Reflection.Extensions\Penguin.Reflection.Extensions.Local.csproj", "{64216526-A621-4319-A87B-1F9960D64836}"
EndProject
Project("{FAE04EC0-301F-11D3-BF4B-00C04F79EFBC}") = "Penguin.Reflection.Abstractions.Local", "..\Penguin.Reflection.Abstractions\Penguin.Reflection.Abstractions.Local.csproj", "{439BFB6F-C1D5-4290-A821-1F1615667085}"
EndProject
Project("{FAE04EC0-301F-11D3-BF4B-00C04F79EFBC}") = "Penguin.Extensions.String.Local", "..\Penguin.Extensions.String\Penguin.Extensions.String.Local.csproj", "{7A910FE8-2750-4CAD-8356-540D53F72F07}"
EndProject
Project("{FAE04EC0-301F-11D3-BF4B-00C04F79EFBC}") = "Penguin.Persistence.Database.Serialization.Extensions.Local", "..\Penguin.Persistence.Database.Serialization.Extensions\Penguin.Persistence.Database.Serialization.Extensions.Local.csproj", "{383887A6-8FC9-48D6-8423-2ED615C98CBA}"
EndProject
Project("{FAE04EC0-301F-11D3-BF4B-00C04F79EFBC}") = "Penguin.Persistence.Database.Local", "..\Penguin.Persistence.Database\Penguin.Persistence.Database.Local.csproj", "{929EDF5F-47BD-4621-B310-149DD35BC8D7}"
EndProject
Project("{FAE04EC0-301F-11D3-BF4B-00C04F79EFBC}") = "Penguin.Debugging.Local", "..\Penguin.Debugging\Penguin.Debugging.Local.csproj", "{587E4D9D-8E0F-44A1-9682-211B02464855}"
EndProject
Project("{FAE04EC0-301F-11D3-BF4B-00C04F79EFBC}") = "Penguin.Extensions.Exceptions.Local", "..\Penguin.Extensions.Exceptions\Penguin.Extensions.Exceptions.Local.csproj", "{7A6D2722-B9AB-4EC0-A977-14FB9F046FA4}"
EndProject
Project("{FAE04EC0-301F-11D3-BF4B-00C04F79EFBC}") = "Penguin.Threading.BackgroundWorker.Local", "..\Penguin.Threading.BackgroundWorker\Penguin.Threading.BackgroundWorker.Local.csproj", "{AC8B9BBA-2762-4179-BA0E-00F728E42D84}"
EndProject
Project("{FAE04EC0-301F-11D3-BF4B-00C04F79EFBC}") = "Penguin.Reflection.Serialization.Local", "..\Penguin.Reflection.Serialization\Penguin.Reflection.Serialization.Local.csproj", "{7479ED96-D027-432E-BCA4-18C9D6F68B3C}"
EndProject
Project("{FAE04EC0-301F-11D3-BF4B-00C04F79EFBC}") = "Penguin.Extensions.Collections.Local", "..\Penguin.Extensions.Collections\Penguin.Extensions.Collections.Local.csproj", "{DAB22AF1-BCBD-4F76-B0FF-390A73F65F8C}"
EndProject
Project("{FAE04EC0-301F-11D3-BF4B-00C04F79EFBC}") = "Penguin.Reflection.Serialization.Abstractions.Local", "..\Penguin.Reflection.Serialization.Abstractions\Penguin.Reflection.Serialization.Abstractions.Local.csproj", "{595F29ED-1320-4281-89D9-D35CD7BCE0FF}"
EndProject
Project("{FAE04EC0-301F-11D3-BF4B-00C04F79EFBC}") = "Penguin.Reflection.Local", "..\Penguin.Reflection\Penguin.Reflection.Local.csproj", "{61E4986B-0425-4FB7-9924-24F5179BC99B}"
EndProject
Project("{FAE04EC0-301F-11D3-BF4B-00C04F79EFBC}") = "Penguin.Cms.Modules.Dynamic.Local", "..\Penguin.Cms.Modules.Dynamic\Penguin.Cms.Modules.Dynamic.Local.csproj", "{6BBAA136-E8E8-4313-89E4-B0AA5A7E9722}"
EndProject
Project("{FAE04EC0-301F-11D3-BF4B-00C04F79EFBC}") = "Penguin.Json.Local", "..\Penguin.Json\Penguin.Json.Local.csproj", "{2CD5EF9B-050D-4952-8D35-E614D9DC4A13}"
EndProject
Project("{FAE04EC0-301F-11D3-BF4B-00C04F79EFBC}") = "Penguin.Json.Abstractions.Local", "..\Penguin.Json.Abstractions\Penguin.Json.Abstractions.Local.csproj", "{743839D0-4BFA-4F93-97D0-5EC4693A2EFF}"
EndProject
Project("{FAE04EC0-301F-11D3-BF4B-00C04F79EFBC}") = "Penguin.SystemExtensions.Abstractions.Local", "..\Penguin.SystemExtensions.Abstractions\Penguin.SystemExtensions.Abstractions.Local.csproj", "{80FE7E62-8B9A-48E9-BDD3-15C16C46A187}"
EndProject
Project("{FAE04EC0-301F-11D3-BF4B-00C04F79EFBC}") = "Penguin.Shared.Objects.Local", "..\Penguin.Shared.Objects\Penguin.Shared.Objects.Local.csproj", "{F4B92F79-BCC3-45B4-995E-8D984A600A7E}"
EndProject
Project("{FAE04EC0-301F-11D3-BF4B-00C04F79EFBC}") = "Penguin.Cms.Errors.Local", "..\Penguin.Cms.Errors\Penguin.Cms.Errors.Local.csproj", "{A26327C2-732E-4DE9-B41A-507143F373EE}"
EndProject
Project("{FAE04EC0-301F-11D3-BF4B-00C04F79EFBC}") = "Penguin.Auditing.Abstractions.Local", "..\Penguin.Auditing.Abstractions\Penguin.Auditing.Abstractions.Local.csproj", "{083AAE68-F5A4-4778-89AA-F9EAAC36131D}"
EndProject
Project("{FAE04EC0-301F-11D3-BF4B-00C04F79EFBC}") = "Penguin.Cms.Repositories.Local", "..\Penguin.Cms.Repositories\Penguin.Cms.Repositories.Local.csproj", "{D6A4832C-02DB-46AA-A57F-DE64ADA56BCD}"
EndProject
Project("{FAE04EC0-301F-11D3-BF4B-00C04F79EFBC}") = "Penguin.Persistence.Repositories.Local", "..\Penguin.Persistence.Repositories\Penguin.Persistence.Repositories.Local.csproj", "{AF006398-98F9-4B3D-B158-B75F5E196395}"
EndProject
Project("{FAE04EC0-301F-11D3-BF4B-00C04F79EFBC}") = "Penguin.Messaging.Core.Local", "..\Penguin.Messaging.Core\Penguin.Messaging.Core.Local.csproj", "{8BF37317-D0F1-468D-A2B1-201E75FD092C}"
EndProject
Project("{FAE04EC0-301F-11D3-BF4B-00C04F79EFBC}") = "Penguin.Messaging.Abstractions.Local", "..\Penguin.Messaging.Abstractions\Penguin.Messaging.Abstractions.Local.csproj", "{A6A2DE0D-7A2B-4889-9737-47FD188BBEF7}"
EndProject
Project("{FAE04EC0-301F-11D3-BF4B-00C04F79EFBC}") = "Penguin.DependencyInjection.Abstractions.Local", "..\Penguin.DependencyInjection.Abstractions\Penguin.DependencyInjection.Abstractions.Local.csproj", "{4BD4E17E-54E4-454D-AD28-3ADC64BB8ABA}"
EndProject
Project("{FAE04EC0-301F-11D3-BF4B-00C04F79EFBC}") = "Penguin.Messaging.Persistence.Local", "..\Penguin.Messaging.Persistence\Penguin.Messaging.Persistence.Local.csproj", "{01597483-1573-47E3-8B45-34FA7377E94B}"
EndProject
Project("{FAE04EC0-301F-11D3-BF4B-00C04F79EFBC}") = "Penguin.Web.Dynamic.Local", "..\Penguin.Web.Dynamic\Penguin.Web.Dynamic.Local.csproj", "{E0C4D184-1793-4EF4-8939-1E2A07336E27}"
EndProject
Project("{FAE04EC0-301F-11D3-BF4B-00C04F79EFBC}") = "Penguin.Cms.Modules.Admin.Local", "..\Penguin.Cms.Modules.Admin\Penguin.Cms.Modules.Admin.Local.csproj", "{4E2B5055-DB22-475E-B368-A216537CCECA}"
EndProject
Project("{FAE04EC0-301F-11D3-BF4B-00C04F79EFBC}") = "Penguin.Web.Security.Local", "..\Penguin.Web.Security\Penguin.Web.Security.Local.csproj", "{EBA15AF2-3425-4776-8713-06E8205A02A4}"
EndProject
Project("{FAE04EC0-301F-11D3-BF4B-00C04F79EFBC}") = "Penguin.Security.Abstractions.Local", "..\Penguin.Security.Abstractions\Penguin.Security.Abstractions.Local.csproj", "{89E9C42C-4979-4DBE-B6DF-178F7C917DF2}"
EndProject
Project("{FAE04EC0-301F-11D3-BF4B-00C04F79EFBC}") = "Penguin.Cms.Modules.Core.Local", "..\Penguin.Cms.Modules.Core\Penguin.Cms.Modules.Core.Local.csproj", "{B3CA1D9D-93B0-490D-8BC3-0CD7118BB5CE}"
EndProject
Project("{FAE04EC0-301F-11D3-BF4B-00C04F79EFBC}") = "Penguin.Navigation.Abstractions.Local", "..\Penguin.Navigation.Abstractions\Penguin.Navigation.Abstractions.Local.csproj", "{FCDB328D-1E74-4172-ADB9-9F1B90C9A10D}"
EndProject
Project("{FAE04EC0-301F-11D3-BF4B-00C04F79EFBC}") = "Penguin.Cms.Core.Local", "..\Penguin.Cms.Core\Penguin.Cms.Core.Local.csproj", "{E888E306-B67E-4810-9E4A-9C5707806988}"
EndProject
Project("{FAE04EC0-301F-11D3-BF4B-00C04F79EFBC}") = "Penguin.Cms.Abstractions.Local", "..\Penguin.Cms.Abstractions\Penguin.Cms.Abstractions.Local.csproj", "{B7740019-A4DE-4205-B00C-E27E7B2EDE5E}"
EndProject
Project("{FAE04EC0-301F-11D3-BF4B-00C04F79EFBC}") = "Penguin.Cms.Web.Local", "..\Penguin.Cms.Web\Penguin.Cms.Web.Local.csproj", "{1C935E95-FAD7-40AF-AD7F-3D6C5A31501B}"
EndProject
Project("{FAE04EC0-301F-11D3-BF4B-00C04F79EFBC}") = "Penguin.Messaging.Application.Local", "..\Penguin.Messaging.Application\Penguin.Messaging.Application.Local.csproj", "{58181E24-791E-4D09-B6F2-66ED23B912AA}"
EndProject
Project("{FAE04EC0-301F-11D3-BF4B-00C04F79EFBC}") = "Penguin.Web.Mvc.Local", "..\Penguin.Web.Mvc\Penguin.Web.Mvc.Local.csproj", "{6B19E00E-30F2-4474-8F37-212EEE9E7924}"
EndProject
Project("{FAE04EC0-301F-11D3-BF4B-00C04F79EFBC}") = "Penguin.Web.Mvc.Abstractions.Local", "..\Penguin.Web.Mvc.Abstractions\Penguin.Web.Mvc.Abstractions.Local.csproj", "{2F1C9761-7E2C-45F1-8790-BAE3F7C7397A}"
EndProject
Project("{FAE04EC0-301F-11D3-BF4B-00C04F79EFBC}") = "Penguin.Templating.Abstractions.Local", "..\Penguin.Templating.Abstractions\Penguin.Templating.Abstractions.Local.csproj", "{D7D02A7B-C270-41F0-9D00-D419A6762768}"
EndProject
Project("{FAE04EC0-301F-11D3-BF4B-00C04F79EFBC}") = "Penguin.Testing.Local", "..\Penguin.Testing\Penguin.Testing.Local.csproj", "{8CEAFF93-8D13-44BC-84D7-C035306920A7}"
EndProject
Project("{FAE04EC0-301F-11D3-BF4B-00C04F79EFBC}") = "Penguin.Web.Errors.Local", "..\Penguin.Web.Errors\Penguin.Web.Errors.Local.csproj", "{B7C127F7-BFA0-4CE0-B02B-2BF0C4286700}"
EndProject
Project("{FAE04EC0-301F-11D3-BF4B-00C04F79EFBC}") = "Penguin.Web.Abstractions.Local", "..\Penguin.Web.Abstractions\Penguin.Web.Abstractions.Local.csproj", "{FFBA93DA-1D98-4D6B-819B-C6597D10A028}"
EndProject
Project("{FAE04EC0-301F-11D3-BF4B-00C04F79EFBC}") = "Penguin.Web.DependencyInjection.Local", "..\Penguin.Web.DependencyInjection\Penguin.Web.DependencyInjection.Local.csproj", "{29A6CA49-5BBC-4C98-8494-BE15F63A3969}"
EndProject
Project("{FAE04EC0-301F-11D3-BF4B-00C04F79EFBC}") = "Penguin.Web.Testing.Local", "..\Penguin.Web.Testing\Penguin.Web.Testing.Local.csproj", "{45A72DB0-D119-422D-96F0-EB59C9709882}"
EndProject
Project("{FAE04EC0-301F-11D3-BF4B-00C04F79EFBC}") = "Penguin.DependencyInjection.Local", "..\Penguin.DependencyInjection\Penguin.DependencyInjection.Local.csproj", "{D8268235-A068-4108-AE4F-7C36AE7B112D}"
EndProject
Project("{FAE04EC0-301F-11D3-BF4B-00C04F79EFBC}") = "Penguin.Configuration.Local", "..\Penguin.Configuration\Penguin.Configuration.Local.csproj", "{672CE845-3B2F-4EE0-9E29-C8DD986F9399}"
EndProject
Project("{FAE04EC0-301F-11D3-BF4B-00C04F79EFBC}") = "Penguin.Configuration.Abstractions.Local", "..\Penguin.Configuration.Abstractions\Penguin.Configuration.Abstractions.Local.csproj", "{87198876-904D-4182-9F86-43A588CF2B74}"
EndProject
Project("{FAE04EC0-301F-11D3-BF4B-00C04F79EFBC}") = "Penguin.Files.Local", "..\Penguin.Files\Penguin.Files.Local.csproj", "{C5672B2A-CAC8-4EB5-AAED-7203C1A60F03}"
EndProject
Project("{FAE04EC0-301F-11D3-BF4B-00C04F79EFBC}") = "Penguin.Files.Abstractions.Local", "..\Penguin.Files.Abstractions\Penguin.Files.Abstractions.Local.csproj", "{B11A787A-DD71-4975-8A9F-D856CED986DD}"
EndProject
Project("{FAE04EC0-301F-11D3-BF4B-00C04F79EFBC}") = "Penguin.Reflection.Serialization.Extensions.Local", "..\Penguin.Reflection.Serialization.Extensions\Penguin.Reflection.Serialization.Extensions.Local.csproj", "{A7525EB7-6B15-4D4E-82DF-731ECAFA3C0F}"
EndProject
Global
	GlobalSection(SolutionConfigurationPlatforms) = preSolution
		Debug|Any CPU = Debug|Any CPU
		Debug|x64 = Debug|x64
		Debug|x86 = Debug|x86
		Release|Any CPU = Release|Any CPU
		Release|x64 = Release|x64
		Release|x86 = Release|x86
	EndGlobalSection
	GlobalSection(SolutionProperties) = preSolution
		HideSolutionNode = FALSE
	EndGlobalSection
	GlobalSection(ProjectConfigurationPlatforms) = postSolution
		{C18D5597-F7E5-4D66-8749-FAA5DC663627}.Debug|Any CPU.ActiveCfg = Debug|Any CPU
		{C18D5597-F7E5-4D66-8749-FAA5DC663627}.Debug|Any CPU.Build.0 = Debug|Any CPU
		{C18D5597-F7E5-4D66-8749-FAA5DC663627}.Debug|x64.ActiveCfg = Debug|Any CPU
		{C18D5597-F7E5-4D66-8749-FAA5DC663627}.Debug|x64.Build.0 = Debug|Any CPU
		{C18D5597-F7E5-4D66-8749-FAA5DC663627}.Debug|x86.ActiveCfg = Debug|Any CPU
		{C18D5597-F7E5-4D66-8749-FAA5DC663627}.Debug|x86.Build.0 = Debug|Any CPU
		{C18D5597-F7E5-4D66-8749-FAA5DC663627}.Release|Any CPU.ActiveCfg = Release|Any CPU
		{C18D5597-F7E5-4D66-8749-FAA5DC663627}.Release|Any CPU.Build.0 = Release|Any CPU
		{C18D5597-F7E5-4D66-8749-FAA5DC663627}.Release|x64.ActiveCfg = Release|Any CPU
		{C18D5597-F7E5-4D66-8749-FAA5DC663627}.Release|x64.Build.0 = Release|Any CPU
		{C18D5597-F7E5-4D66-8749-FAA5DC663627}.Release|x86.ActiveCfg = Release|Any CPU
		{C18D5597-F7E5-4D66-8749-FAA5DC663627}.Release|x86.Build.0 = Release|Any CPU
		{8F1661EC-BF86-4CD2-B61C-E030547CA18C}.Debug|Any CPU.ActiveCfg = Debug|Any CPU
		{8F1661EC-BF86-4CD2-B61C-E030547CA18C}.Debug|Any CPU.Build.0 = Debug|Any CPU
		{8F1661EC-BF86-4CD2-B61C-E030547CA18C}.Debug|x64.ActiveCfg = Debug|Any CPU
		{8F1661EC-BF86-4CD2-B61C-E030547CA18C}.Debug|x64.Build.0 = Debug|Any CPU
		{8F1661EC-BF86-4CD2-B61C-E030547CA18C}.Debug|x86.ActiveCfg = Debug|Any CPU
		{8F1661EC-BF86-4CD2-B61C-E030547CA18C}.Debug|x86.Build.0 = Debug|Any CPU
		{8F1661EC-BF86-4CD2-B61C-E030547CA18C}.Release|Any CPU.ActiveCfg = Release|Any CPU
		{8F1661EC-BF86-4CD2-B61C-E030547CA18C}.Release|Any CPU.Build.0 = Release|Any CPU
		{8F1661EC-BF86-4CD2-B61C-E030547CA18C}.Release|x64.ActiveCfg = Release|Any CPU
		{8F1661EC-BF86-4CD2-B61C-E030547CA18C}.Release|x64.Build.0 = Release|Any CPU
		{8F1661EC-BF86-4CD2-B61C-E030547CA18C}.Release|x86.ActiveCfg = Release|Any CPU
		{8F1661EC-BF86-4CD2-B61C-E030547CA18C}.Release|x86.Build.0 = Release|Any CPU
		{2C0D273D-EB5E-4AD5-BD41-91B5F7B21DB1}.Debug|Any CPU.ActiveCfg = Debug|Any CPU
		{2C0D273D-EB5E-4AD5-BD41-91B5F7B21DB1}.Debug|Any CPU.Build.0 = Debug|Any CPU
		{2C0D273D-EB5E-4AD5-BD41-91B5F7B21DB1}.Debug|x64.ActiveCfg = Debug|Any CPU
		{2C0D273D-EB5E-4AD5-BD41-91B5F7B21DB1}.Debug|x64.Build.0 = Debug|Any CPU
		{2C0D273D-EB5E-4AD5-BD41-91B5F7B21DB1}.Debug|x86.ActiveCfg = Debug|Any CPU
		{2C0D273D-EB5E-4AD5-BD41-91B5F7B21DB1}.Debug|x86.Build.0 = Debug|Any CPU
		{2C0D273D-EB5E-4AD5-BD41-91B5F7B21DB1}.Release|Any CPU.ActiveCfg = Release|Any CPU
		{2C0D273D-EB5E-4AD5-BD41-91B5F7B21DB1}.Release|Any CPU.Build.0 = Release|Any CPU
		{2C0D273D-EB5E-4AD5-BD41-91B5F7B21DB1}.Release|x64.ActiveCfg = Release|Any CPU
		{2C0D273D-EB5E-4AD5-BD41-91B5F7B21DB1}.Release|x64.Build.0 = Release|Any CPU
		{2C0D273D-EB5E-4AD5-BD41-91B5F7B21DB1}.Release|x86.ActiveCfg = Release|Any CPU
		{2C0D273D-EB5E-4AD5-BD41-91B5F7B21DB1}.Release|x86.Build.0 = Release|Any CPU
		{BBF346B2-173D-4298-87C1-EF8E9F3983FB}.Debug|Any CPU.ActiveCfg = Debug|Any CPU
		{BBF346B2-173D-4298-87C1-EF8E9F3983FB}.Debug|Any CPU.Build.0 = Debug|Any CPU
		{BBF346B2-173D-4298-87C1-EF8E9F3983FB}.Debug|x64.ActiveCfg = Debug|Any CPU
		{BBF346B2-173D-4298-87C1-EF8E9F3983FB}.Debug|x64.Build.0 = Debug|Any CPU
		{BBF346B2-173D-4298-87C1-EF8E9F3983FB}.Debug|x86.ActiveCfg = Debug|Any CPU
		{BBF346B2-173D-4298-87C1-EF8E9F3983FB}.Debug|x86.Build.0 = Debug|Any CPU
		{BBF346B2-173D-4298-87C1-EF8E9F3983FB}.Release|Any CPU.ActiveCfg = Release|Any CPU
		{BBF346B2-173D-4298-87C1-EF8E9F3983FB}.Release|Any CPU.Build.0 = Release|Any CPU
		{BBF346B2-173D-4298-87C1-EF8E9F3983FB}.Release|x64.ActiveCfg = Release|Any CPU
		{BBF346B2-173D-4298-87C1-EF8E9F3983FB}.Release|x64.Build.0 = Release|Any CPU
		{BBF346B2-173D-4298-87C1-EF8E9F3983FB}.Release|x86.ActiveCfg = Release|Any CPU
		{BBF346B2-173D-4298-87C1-EF8E9F3983FB}.Release|x86.Build.0 = Release|Any CPU
		{8850E0D4-0E31-4F71-B76A-CA18C6763F85}.Debug|Any CPU.ActiveCfg = Debug|Any CPU
		{8850E0D4-0E31-4F71-B76A-CA18C6763F85}.Debug|Any CPU.Build.0 = Debug|Any CPU
		{8850E0D4-0E31-4F71-B76A-CA18C6763F85}.Debug|x64.ActiveCfg = Debug|Any CPU
		{8850E0D4-0E31-4F71-B76A-CA18C6763F85}.Debug|x64.Build.0 = Debug|Any CPU
		{8850E0D4-0E31-4F71-B76A-CA18C6763F85}.Debug|x86.ActiveCfg = Debug|Any CPU
		{8850E0D4-0E31-4F71-B76A-CA18C6763F85}.Debug|x86.Build.0 = Debug|Any CPU
		{8850E0D4-0E31-4F71-B76A-CA18C6763F85}.Release|Any CPU.ActiveCfg = Release|Any CPU
		{8850E0D4-0E31-4F71-B76A-CA18C6763F85}.Release|Any CPU.Build.0 = Release|Any CPU
		{8850E0D4-0E31-4F71-B76A-CA18C6763F85}.Release|x64.ActiveCfg = Release|Any CPU
		{8850E0D4-0E31-4F71-B76A-CA18C6763F85}.Release|x64.Build.0 = Release|Any CPU
		{8850E0D4-0E31-4F71-B76A-CA18C6763F85}.Release|x86.ActiveCfg = Release|Any CPU
		{8850E0D4-0E31-4F71-B76A-CA18C6763F85}.Release|x86.Build.0 = Release|Any CPU
		{9BE33482-A875-40FC-9888-B39E3F189143}.Debug|Any CPU.ActiveCfg = Debug|Any CPU
		{9BE33482-A875-40FC-9888-B39E3F189143}.Debug|Any CPU.Build.0 = Debug|Any CPU
		{9BE33482-A875-40FC-9888-B39E3F189143}.Debug|x64.ActiveCfg = Debug|Any CPU
		{9BE33482-A875-40FC-9888-B39E3F189143}.Debug|x64.Build.0 = Debug|Any CPU
		{9BE33482-A875-40FC-9888-B39E3F189143}.Debug|x86.ActiveCfg = Debug|Any CPU
		{9BE33482-A875-40FC-9888-B39E3F189143}.Debug|x86.Build.0 = Debug|Any CPU
		{9BE33482-A875-40FC-9888-B39E3F189143}.Release|Any CPU.ActiveCfg = Release|Any CPU
		{9BE33482-A875-40FC-9888-B39E3F189143}.Release|Any CPU.Build.0 = Release|Any CPU
		{9BE33482-A875-40FC-9888-B39E3F189143}.Release|x64.ActiveCfg = Release|Any CPU
		{9BE33482-A875-40FC-9888-B39E3F189143}.Release|x64.Build.0 = Release|Any CPU
		{9BE33482-A875-40FC-9888-B39E3F189143}.Release|x86.ActiveCfg = Release|Any CPU
		{9BE33482-A875-40FC-9888-B39E3F189143}.Release|x86.Build.0 = Release|Any CPU
		{64216526-A621-4319-A87B-1F9960D64836}.Debug|Any CPU.ActiveCfg = Debug|Any CPU
		{64216526-A621-4319-A87B-1F9960D64836}.Debug|Any CPU.Build.0 = Debug|Any CPU
		{64216526-A621-4319-A87B-1F9960D64836}.Debug|x64.ActiveCfg = Debug|Any CPU
		{64216526-A621-4319-A87B-1F9960D64836}.Debug|x64.Build.0 = Debug|Any CPU
		{64216526-A621-4319-A87B-1F9960D64836}.Debug|x86.ActiveCfg = Debug|Any CPU
		{64216526-A621-4319-A87B-1F9960D64836}.Debug|x86.Build.0 = Debug|Any CPU
		{64216526-A621-4319-A87B-1F9960D64836}.Release|Any CPU.ActiveCfg = Release|Any CPU
		{64216526-A621-4319-A87B-1F9960D64836}.Release|Any CPU.Build.0 = Release|Any CPU
		{64216526-A621-4319-A87B-1F9960D64836}.Release|x64.ActiveCfg = Release|Any CPU
		{64216526-A621-4319-A87B-1F9960D64836}.Release|x64.Build.0 = Release|Any CPU
		{64216526-A621-4319-A87B-1F9960D64836}.Release|x86.ActiveCfg = Release|Any CPU
		{64216526-A621-4319-A87B-1F9960D64836}.Release|x86.Build.0 = Release|Any CPU
		{439BFB6F-C1D5-4290-A821-1F1615667085}.Debug|Any CPU.ActiveCfg = Debug|Any CPU
		{439BFB6F-C1D5-4290-A821-1F1615667085}.Debug|Any CPU.Build.0 = Debug|Any CPU
		{439BFB6F-C1D5-4290-A821-1F1615667085}.Debug|x64.ActiveCfg = Debug|Any CPU
		{439BFB6F-C1D5-4290-A821-1F1615667085}.Debug|x64.Build.0 = Debug|Any CPU
		{439BFB6F-C1D5-4290-A821-1F1615667085}.Debug|x86.ActiveCfg = Debug|Any CPU
		{439BFB6F-C1D5-4290-A821-1F1615667085}.Debug|x86.Build.0 = Debug|Any CPU
		{439BFB6F-C1D5-4290-A821-1F1615667085}.Release|Any CPU.ActiveCfg = Release|Any CPU
		{439BFB6F-C1D5-4290-A821-1F1615667085}.Release|Any CPU.Build.0 = Release|Any CPU
		{439BFB6F-C1D5-4290-A821-1F1615667085}.Release|x64.ActiveCfg = Release|Any CPU
		{439BFB6F-C1D5-4290-A821-1F1615667085}.Release|x64.Build.0 = Release|Any CPU
		{439BFB6F-C1D5-4290-A821-1F1615667085}.Release|x86.ActiveCfg = Release|Any CPU
		{439BFB6F-C1D5-4290-A821-1F1615667085}.Release|x86.Build.0 = Release|Any CPU
		{7A910FE8-2750-4CAD-8356-540D53F72F07}.Debug|Any CPU.ActiveCfg = Debug|Any CPU
		{7A910FE8-2750-4CAD-8356-540D53F72F07}.Debug|Any CPU.Build.0 = Debug|Any CPU
		{7A910FE8-2750-4CAD-8356-540D53F72F07}.Debug|x64.ActiveCfg = Debug|Any CPU
		{7A910FE8-2750-4CAD-8356-540D53F72F07}.Debug|x64.Build.0 = Debug|Any CPU
		{7A910FE8-2750-4CAD-8356-540D53F72F07}.Debug|x86.ActiveCfg = Debug|Any CPU
		{7A910FE8-2750-4CAD-8356-540D53F72F07}.Debug|x86.Build.0 = Debug|Any CPU
		{7A910FE8-2750-4CAD-8356-540D53F72F07}.Release|Any CPU.ActiveCfg = Release|Any CPU
		{7A910FE8-2750-4CAD-8356-540D53F72F07}.Release|Any CPU.Build.0 = Release|Any CPU
		{7A910FE8-2750-4CAD-8356-540D53F72F07}.Release|x64.ActiveCfg = Release|Any CPU
		{7A910FE8-2750-4CAD-8356-540D53F72F07}.Release|x64.Build.0 = Release|Any CPU
		{7A910FE8-2750-4CAD-8356-540D53F72F07}.Release|x86.ActiveCfg = Release|Any CPU
		{7A910FE8-2750-4CAD-8356-540D53F72F07}.Release|x86.Build.0 = Release|Any CPU
		{383887A6-8FC9-48D6-8423-2ED615C98CBA}.Debug|Any CPU.ActiveCfg = Debug|Any CPU
		{383887A6-8FC9-48D6-8423-2ED615C98CBA}.Debug|Any CPU.Build.0 = Debug|Any CPU
		{383887A6-8FC9-48D6-8423-2ED615C98CBA}.Debug|x64.ActiveCfg = Debug|Any CPU
		{383887A6-8FC9-48D6-8423-2ED615C98CBA}.Debug|x64.Build.0 = Debug|Any CPU
		{383887A6-8FC9-48D6-8423-2ED615C98CBA}.Debug|x86.ActiveCfg = Debug|Any CPU
		{383887A6-8FC9-48D6-8423-2ED615C98CBA}.Debug|x86.Build.0 = Debug|Any CPU
		{383887A6-8FC9-48D6-8423-2ED615C98CBA}.Release|Any CPU.ActiveCfg = Release|Any CPU
		{383887A6-8FC9-48D6-8423-2ED615C98CBA}.Release|Any CPU.Build.0 = Release|Any CPU
		{383887A6-8FC9-48D6-8423-2ED615C98CBA}.Release|x64.ActiveCfg = Release|Any CPU
		{383887A6-8FC9-48D6-8423-2ED615C98CBA}.Release|x64.Build.0 = Release|Any CPU
		{383887A6-8FC9-48D6-8423-2ED615C98CBA}.Release|x86.ActiveCfg = Release|Any CPU
		{383887A6-8FC9-48D6-8423-2ED615C98CBA}.Release|x86.Build.0 = Release|Any CPU
		{929EDF5F-47BD-4621-B310-149DD35BC8D7}.Debug|Any CPU.ActiveCfg = Debug|Any CPU
		{929EDF5F-47BD-4621-B310-149DD35BC8D7}.Debug|Any CPU.Build.0 = Debug|Any CPU
		{929EDF5F-47BD-4621-B310-149DD35BC8D7}.Debug|x64.ActiveCfg = Debug|Any CPU
		{929EDF5F-47BD-4621-B310-149DD35BC8D7}.Debug|x64.Build.0 = Debug|Any CPU
		{929EDF5F-47BD-4621-B310-149DD35BC8D7}.Debug|x86.ActiveCfg = Debug|Any CPU
		{929EDF5F-47BD-4621-B310-149DD35BC8D7}.Debug|x86.Build.0 = Debug|Any CPU
		{929EDF5F-47BD-4621-B310-149DD35BC8D7}.Release|Any CPU.ActiveCfg = Release|Any CPU
		{929EDF5F-47BD-4621-B310-149DD35BC8D7}.Release|Any CPU.Build.0 = Release|Any CPU
		{929EDF5F-47BD-4621-B310-149DD35BC8D7}.Release|x64.ActiveCfg = Release|Any CPU
		{929EDF5F-47BD-4621-B310-149DD35BC8D7}.Release|x64.Build.0 = Release|Any CPU
		{929EDF5F-47BD-4621-B310-149DD35BC8D7}.Release|x86.ActiveCfg = Release|Any CPU
		{929EDF5F-47BD-4621-B310-149DD35BC8D7}.Release|x86.Build.0 = Release|Any CPU
		{587E4D9D-8E0F-44A1-9682-211B02464855}.Debug|Any CPU.ActiveCfg = Debug|Any CPU
		{587E4D9D-8E0F-44A1-9682-211B02464855}.Debug|Any CPU.Build.0 = Debug|Any CPU
		{587E4D9D-8E0F-44A1-9682-211B02464855}.Debug|x64.ActiveCfg = Debug|Any CPU
		{587E4D9D-8E0F-44A1-9682-211B02464855}.Debug|x64.Build.0 = Debug|Any CPU
		{587E4D9D-8E0F-44A1-9682-211B02464855}.Debug|x86.ActiveCfg = Debug|Any CPU
		{587E4D9D-8E0F-44A1-9682-211B02464855}.Debug|x86.Build.0 = Debug|Any CPU
		{587E4D9D-8E0F-44A1-9682-211B02464855}.Release|Any CPU.ActiveCfg = Release|Any CPU
		{587E4D9D-8E0F-44A1-9682-211B02464855}.Release|Any CPU.Build.0 = Release|Any CPU
		{587E4D9D-8E0F-44A1-9682-211B02464855}.Release|x64.ActiveCfg = Release|Any CPU
		{587E4D9D-8E0F-44A1-9682-211B02464855}.Release|x64.Build.0 = Release|Any CPU
		{587E4D9D-8E0F-44A1-9682-211B02464855}.Release|x86.ActiveCfg = Release|Any CPU
		{587E4D9D-8E0F-44A1-9682-211B02464855}.Release|x86.Build.0 = Release|Any CPU
		{7A6D2722-B9AB-4EC0-A977-14FB9F046FA4}.Debug|Any CPU.ActiveCfg = Debug|Any CPU
		{7A6D2722-B9AB-4EC0-A977-14FB9F046FA4}.Debug|Any CPU.Build.0 = Debug|Any CPU
		{7A6D2722-B9AB-4EC0-A977-14FB9F046FA4}.Debug|x64.ActiveCfg = Debug|Any CPU
		{7A6D2722-B9AB-4EC0-A977-14FB9F046FA4}.Debug|x64.Build.0 = Debug|Any CPU
		{7A6D2722-B9AB-4EC0-A977-14FB9F046FA4}.Debug|x86.ActiveCfg = Debug|Any CPU
		{7A6D2722-B9AB-4EC0-A977-14FB9F046FA4}.Debug|x86.Build.0 = Debug|Any CPU
		{7A6D2722-B9AB-4EC0-A977-14FB9F046FA4}.Release|Any CPU.ActiveCfg = Release|Any CPU
		{7A6D2722-B9AB-4EC0-A977-14FB9F046FA4}.Release|Any CPU.Build.0 = Release|Any CPU
		{7A6D2722-B9AB-4EC0-A977-14FB9F046FA4}.Release|x64.ActiveCfg = Release|Any CPU
		{7A6D2722-B9AB-4EC0-A977-14FB9F046FA4}.Release|x64.Build.0 = Release|Any CPU
		{7A6D2722-B9AB-4EC0-A977-14FB9F046FA4}.Release|x86.ActiveCfg = Release|Any CPU
		{7A6D2722-B9AB-4EC0-A977-14FB9F046FA4}.Release|x86.Build.0 = Release|Any CPU
		{AC8B9BBA-2762-4179-BA0E-00F728E42D84}.Debug|Any CPU.ActiveCfg = Debug|Any CPU
		{AC8B9BBA-2762-4179-BA0E-00F728E42D84}.Debug|Any CPU.Build.0 = Debug|Any CPU
		{AC8B9BBA-2762-4179-BA0E-00F728E42D84}.Debug|x64.ActiveCfg = Debug|Any CPU
		{AC8B9BBA-2762-4179-BA0E-00F728E42D84}.Debug|x64.Build.0 = Debug|Any CPU
		{AC8B9BBA-2762-4179-BA0E-00F728E42D84}.Debug|x86.ActiveCfg = Debug|Any CPU
		{AC8B9BBA-2762-4179-BA0E-00F728E42D84}.Debug|x86.Build.0 = Debug|Any CPU
		{AC8B9BBA-2762-4179-BA0E-00F728E42D84}.Release|Any CPU.ActiveCfg = Release|Any CPU
		{AC8B9BBA-2762-4179-BA0E-00F728E42D84}.Release|Any CPU.Build.0 = Release|Any CPU
		{AC8B9BBA-2762-4179-BA0E-00F728E42D84}.Release|x64.ActiveCfg = Release|Any CPU
		{AC8B9BBA-2762-4179-BA0E-00F728E42D84}.Release|x64.Build.0 = Release|Any CPU
		{AC8B9BBA-2762-4179-BA0E-00F728E42D84}.Release|x86.ActiveCfg = Release|Any CPU
		{AC8B9BBA-2762-4179-BA0E-00F728E42D84}.Release|x86.Build.0 = Release|Any CPU
		{7479ED96-D027-432E-BCA4-18C9D6F68B3C}.Debug|Any CPU.ActiveCfg = Debug|Any CPU
		{7479ED96-D027-432E-BCA4-18C9D6F68B3C}.Debug|Any CPU.Build.0 = Debug|Any CPU
		{7479ED96-D027-432E-BCA4-18C9D6F68B3C}.Debug|x64.ActiveCfg = Debug|Any CPU
		{7479ED96-D027-432E-BCA4-18C9D6F68B3C}.Debug|x64.Build.0 = Debug|Any CPU
		{7479ED96-D027-432E-BCA4-18C9D6F68B3C}.Debug|x86.ActiveCfg = Debug|Any CPU
		{7479ED96-D027-432E-BCA4-18C9D6F68B3C}.Debug|x86.Build.0 = Debug|Any CPU
		{7479ED96-D027-432E-BCA4-18C9D6F68B3C}.Release|Any CPU.ActiveCfg = Release|Any CPU
		{7479ED96-D027-432E-BCA4-18C9D6F68B3C}.Release|Any CPU.Build.0 = Release|Any CPU
		{7479ED96-D027-432E-BCA4-18C9D6F68B3C}.Release|x64.ActiveCfg = Release|Any CPU
		{7479ED96-D027-432E-BCA4-18C9D6F68B3C}.Release|x64.Build.0 = Release|Any CPU
		{7479ED96-D027-432E-BCA4-18C9D6F68B3C}.Release|x86.ActiveCfg = Release|Any CPU
		{7479ED96-D027-432E-BCA4-18C9D6F68B3C}.Release|x86.Build.0 = Release|Any CPU
		{DAB22AF1-BCBD-4F76-B0FF-390A73F65F8C}.Debug|Any CPU.ActiveCfg = Debug|Any CPU
		{DAB22AF1-BCBD-4F76-B0FF-390A73F65F8C}.Debug|Any CPU.Build.0 = Debug|Any CPU
		{DAB22AF1-BCBD-4F76-B0FF-390A73F65F8C}.Debug|x64.ActiveCfg = Debug|Any CPU
		{DAB22AF1-BCBD-4F76-B0FF-390A73F65F8C}.Debug|x64.Build.0 = Debug|Any CPU
		{DAB22AF1-BCBD-4F76-B0FF-390A73F65F8C}.Debug|x86.ActiveCfg = Debug|Any CPU
		{DAB22AF1-BCBD-4F76-B0FF-390A73F65F8C}.Debug|x86.Build.0 = Debug|Any CPU
		{DAB22AF1-BCBD-4F76-B0FF-390A73F65F8C}.Release|Any CPU.ActiveCfg = Release|Any CPU
		{DAB22AF1-BCBD-4F76-B0FF-390A73F65F8C}.Release|Any CPU.Build.0 = Release|Any CPU
		{DAB22AF1-BCBD-4F76-B0FF-390A73F65F8C}.Release|x64.ActiveCfg = Release|Any CPU
		{DAB22AF1-BCBD-4F76-B0FF-390A73F65F8C}.Release|x64.Build.0 = Release|Any CPU
		{DAB22AF1-BCBD-4F76-B0FF-390A73F65F8C}.Release|x86.ActiveCfg = Release|Any CPU
		{DAB22AF1-BCBD-4F76-B0FF-390A73F65F8C}.Release|x86.Build.0 = Release|Any CPU
		{595F29ED-1320-4281-89D9-D35CD7BCE0FF}.Debug|Any CPU.ActiveCfg = Debug|Any CPU
		{595F29ED-1320-4281-89D9-D35CD7BCE0FF}.Debug|Any CPU.Build.0 = Debug|Any CPU
		{595F29ED-1320-4281-89D9-D35CD7BCE0FF}.Debug|x64.ActiveCfg = Debug|Any CPU
		{595F29ED-1320-4281-89D9-D35CD7BCE0FF}.Debug|x64.Build.0 = Debug|Any CPU
		{595F29ED-1320-4281-89D9-D35CD7BCE0FF}.Debug|x86.ActiveCfg = Debug|Any CPU
		{595F29ED-1320-4281-89D9-D35CD7BCE0FF}.Debug|x86.Build.0 = Debug|Any CPU
		{595F29ED-1320-4281-89D9-D35CD7BCE0FF}.Release|Any CPU.ActiveCfg = Release|Any CPU
		{595F29ED-1320-4281-89D9-D35CD7BCE0FF}.Release|Any CPU.Build.0 = Release|Any CPU
		{595F29ED-1320-4281-89D9-D35CD7BCE0FF}.Release|x64.ActiveCfg = Release|Any CPU
		{595F29ED-1320-4281-89D9-D35CD7BCE0FF}.Release|x64.Build.0 = Release|Any CPU
		{595F29ED-1320-4281-89D9-D35CD7BCE0FF}.Release|x86.ActiveCfg = Release|Any CPU
		{595F29ED-1320-4281-89D9-D35CD7BCE0FF}.Release|x86.Build.0 = Release|Any CPU
		{61E4986B-0425-4FB7-9924-24F5179BC99B}.Debug|Any CPU.ActiveCfg = Debug|Any CPU
		{61E4986B-0425-4FB7-9924-24F5179BC99B}.Debug|Any CPU.Build.0 = Debug|Any CPU
		{61E4986B-0425-4FB7-9924-24F5179BC99B}.Debug|x64.ActiveCfg = Debug|Any CPU
		{61E4986B-0425-4FB7-9924-24F5179BC99B}.Debug|x64.Build.0 = Debug|Any CPU
		{61E4986B-0425-4FB7-9924-24F5179BC99B}.Debug|x86.ActiveCfg = Debug|Any CPU
		{61E4986B-0425-4FB7-9924-24F5179BC99B}.Debug|x86.Build.0 = Debug|Any CPU
		{61E4986B-0425-4FB7-9924-24F5179BC99B}.Release|Any CPU.ActiveCfg = Release|Any CPU
		{61E4986B-0425-4FB7-9924-24F5179BC99B}.Release|Any CPU.Build.0 = Release|Any CPU
		{61E4986B-0425-4FB7-9924-24F5179BC99B}.Release|x64.ActiveCfg = Release|Any CPU
		{61E4986B-0425-4FB7-9924-24F5179BC99B}.Release|x64.Build.0 = Release|Any CPU
		{61E4986B-0425-4FB7-9924-24F5179BC99B}.Release|x86.ActiveCfg = Release|Any CPU
		{61E4986B-0425-4FB7-9924-24F5179BC99B}.Release|x86.Build.0 = Release|Any CPU
		{6BBAA136-E8E8-4313-89E4-B0AA5A7E9722}.Debug|Any CPU.ActiveCfg = Debug|Any CPU
		{6BBAA136-E8E8-4313-89E4-B0AA5A7E9722}.Debug|Any CPU.Build.0 = Debug|Any CPU
		{6BBAA136-E8E8-4313-89E4-B0AA5A7E9722}.Debug|x64.ActiveCfg = Debug|Any CPU
		{6BBAA136-E8E8-4313-89E4-B0AA5A7E9722}.Debug|x64.Build.0 = Debug|Any CPU
		{6BBAA136-E8E8-4313-89E4-B0AA5A7E9722}.Debug|x86.ActiveCfg = Debug|Any CPU
		{6BBAA136-E8E8-4313-89E4-B0AA5A7E9722}.Debug|x86.Build.0 = Debug|Any CPU
		{6BBAA136-E8E8-4313-89E4-B0AA5A7E9722}.Release|Any CPU.ActiveCfg = Release|Any CPU
		{6BBAA136-E8E8-4313-89E4-B0AA5A7E9722}.Release|Any CPU.Build.0 = Release|Any CPU
		{6BBAA136-E8E8-4313-89E4-B0AA5A7E9722}.Release|x64.ActiveCfg = Release|Any CPU
		{6BBAA136-E8E8-4313-89E4-B0AA5A7E9722}.Release|x64.Build.0 = Release|Any CPU
		{6BBAA136-E8E8-4313-89E4-B0AA5A7E9722}.Release|x86.ActiveCfg = Release|Any CPU
		{6BBAA136-E8E8-4313-89E4-B0AA5A7E9722}.Release|x86.Build.0 = Release|Any CPU
		{2CD5EF9B-050D-4952-8D35-E614D9DC4A13}.Debug|Any CPU.ActiveCfg = Debug|Any CPU
		{2CD5EF9B-050D-4952-8D35-E614D9DC4A13}.Debug|Any CPU.Build.0 = Debug|Any CPU
		{2CD5EF9B-050D-4952-8D35-E614D9DC4A13}.Debug|x64.ActiveCfg = Debug|Any CPU
		{2CD5EF9B-050D-4952-8D35-E614D9DC4A13}.Debug|x64.Build.0 = Debug|Any CPU
		{2CD5EF9B-050D-4952-8D35-E614D9DC4A13}.Debug|x86.ActiveCfg = Debug|Any CPU
		{2CD5EF9B-050D-4952-8D35-E614D9DC4A13}.Debug|x86.Build.0 = Debug|Any CPU
		{2CD5EF9B-050D-4952-8D35-E614D9DC4A13}.Release|Any CPU.ActiveCfg = Release|Any CPU
		{2CD5EF9B-050D-4952-8D35-E614D9DC4A13}.Release|Any CPU.Build.0 = Release|Any CPU
		{2CD5EF9B-050D-4952-8D35-E614D9DC4A13}.Release|x64.ActiveCfg = Release|Any CPU
		{2CD5EF9B-050D-4952-8D35-E614D9DC4A13}.Release|x64.Build.0 = Release|Any CPU
		{2CD5EF9B-050D-4952-8D35-E614D9DC4A13}.Release|x86.ActiveCfg = Release|Any CPU
		{2CD5EF9B-050D-4952-8D35-E614D9DC4A13}.Release|x86.Build.0 = Release|Any CPU
		{743839D0-4BFA-4F93-97D0-5EC4693A2EFF}.Debug|Any CPU.ActiveCfg = Debug|Any CPU
		{743839D0-4BFA-4F93-97D0-5EC4693A2EFF}.Debug|Any CPU.Build.0 = Debug|Any CPU
		{743839D0-4BFA-4F93-97D0-5EC4693A2EFF}.Debug|x64.ActiveCfg = Debug|Any CPU
		{743839D0-4BFA-4F93-97D0-5EC4693A2EFF}.Debug|x64.Build.0 = Debug|Any CPU
		{743839D0-4BFA-4F93-97D0-5EC4693A2EFF}.Debug|x86.ActiveCfg = Debug|Any CPU
		{743839D0-4BFA-4F93-97D0-5EC4693A2EFF}.Debug|x86.Build.0 = Debug|Any CPU
		{743839D0-4BFA-4F93-97D0-5EC4693A2EFF}.Release|Any CPU.ActiveCfg = Release|Any CPU
		{743839D0-4BFA-4F93-97D0-5EC4693A2EFF}.Release|Any CPU.Build.0 = Release|Any CPU
		{743839D0-4BFA-4F93-97D0-5EC4693A2EFF}.Release|x64.ActiveCfg = Release|Any CPU
		{743839D0-4BFA-4F93-97D0-5EC4693A2EFF}.Release|x64.Build.0 = Release|Any CPU
		{743839D0-4BFA-4F93-97D0-5EC4693A2EFF}.Release|x86.ActiveCfg = Release|Any CPU
		{743839D0-4BFA-4F93-97D0-5EC4693A2EFF}.Release|x86.Build.0 = Release|Any CPU
		{80FE7E62-8B9A-48E9-BDD3-15C16C46A187}.Debug|Any CPU.ActiveCfg = Debug|Any CPU
		{80FE7E62-8B9A-48E9-BDD3-15C16C46A187}.Debug|Any CPU.Build.0 = Debug|Any CPU
		{80FE7E62-8B9A-48E9-BDD3-15C16C46A187}.Debug|x64.ActiveCfg = Debug|Any CPU
		{80FE7E62-8B9A-48E9-BDD3-15C16C46A187}.Debug|x64.Build.0 = Debug|Any CPU
		{80FE7E62-8B9A-48E9-BDD3-15C16C46A187}.Debug|x86.ActiveCfg = Debug|Any CPU
		{80FE7E62-8B9A-48E9-BDD3-15C16C46A187}.Debug|x86.Build.0 = Debug|Any CPU
		{80FE7E62-8B9A-48E9-BDD3-15C16C46A187}.Release|Any CPU.ActiveCfg = Release|Any CPU
		{80FE7E62-8B9A-48E9-BDD3-15C16C46A187}.Release|Any CPU.Build.0 = Release|Any CPU
		{80FE7E62-8B9A-48E9-BDD3-15C16C46A187}.Release|x64.ActiveCfg = Release|Any CPU
		{80FE7E62-8B9A-48E9-BDD3-15C16C46A187}.Release|x64.Build.0 = Release|Any CPU
		{80FE7E62-8B9A-48E9-BDD3-15C16C46A187}.Release|x86.ActiveCfg = Release|Any CPU
		{80FE7E62-8B9A-48E9-BDD3-15C16C46A187}.Release|x86.Build.0 = Release|Any CPU
		{F4B92F79-BCC3-45B4-995E-8D984A600A7E}.Debug|Any CPU.ActiveCfg = Debug|Any CPU
		{F4B92F79-BCC3-45B4-995E-8D984A600A7E}.Debug|Any CPU.Build.0 = Debug|Any CPU
		{F4B92F79-BCC3-45B4-995E-8D984A600A7E}.Debug|x64.ActiveCfg = Debug|Any CPU
		{F4B92F79-BCC3-45B4-995E-8D984A600A7E}.Debug|x64.Build.0 = Debug|Any CPU
		{F4B92F79-BCC3-45B4-995E-8D984A600A7E}.Debug|x86.ActiveCfg = Debug|Any CPU
		{F4B92F79-BCC3-45B4-995E-8D984A600A7E}.Debug|x86.Build.0 = Debug|Any CPU
		{F4B92F79-BCC3-45B4-995E-8D984A600A7E}.Release|Any CPU.ActiveCfg = Release|Any CPU
		{F4B92F79-BCC3-45B4-995E-8D984A600A7E}.Release|Any CPU.Build.0 = Release|Any CPU
		{F4B92F79-BCC3-45B4-995E-8D984A600A7E}.Release|x64.ActiveCfg = Release|Any CPU
		{F4B92F79-BCC3-45B4-995E-8D984A600A7E}.Release|x64.Build.0 = Release|Any CPU
		{F4B92F79-BCC3-45B4-995E-8D984A600A7E}.Release|x86.ActiveCfg = Release|Any CPU
		{F4B92F79-BCC3-45B4-995E-8D984A600A7E}.Release|x86.Build.0 = Release|Any CPU
		{A26327C2-732E-4DE9-B41A-507143F373EE}.Debug|Any CPU.ActiveCfg = Debug|Any CPU
		{A26327C2-732E-4DE9-B41A-507143F373EE}.Debug|Any CPU.Build.0 = Debug|Any CPU
		{A26327C2-732E-4DE9-B41A-507143F373EE}.Debug|x64.ActiveCfg = Debug|Any CPU
		{A26327C2-732E-4DE9-B41A-507143F373EE}.Debug|x64.Build.0 = Debug|Any CPU
		{A26327C2-732E-4DE9-B41A-507143F373EE}.Debug|x86.ActiveCfg = Debug|Any CPU
		{A26327C2-732E-4DE9-B41A-507143F373EE}.Debug|x86.Build.0 = Debug|Any CPU
		{A26327C2-732E-4DE9-B41A-507143F373EE}.Release|Any CPU.ActiveCfg = Release|Any CPU
		{A26327C2-732E-4DE9-B41A-507143F373EE}.Release|Any CPU.Build.0 = Release|Any CPU
		{A26327C2-732E-4DE9-B41A-507143F373EE}.Release|x64.ActiveCfg = Release|Any CPU
		{A26327C2-732E-4DE9-B41A-507143F373EE}.Release|x64.Build.0 = Release|Any CPU
		{A26327C2-732E-4DE9-B41A-507143F373EE}.Release|x86.ActiveCfg = Release|Any CPU
		{A26327C2-732E-4DE9-B41A-507143F373EE}.Release|x86.Build.0 = Release|Any CPU
		{083AAE68-F5A4-4778-89AA-F9EAAC36131D}.Debug|Any CPU.ActiveCfg = Debug|Any CPU
		{083AAE68-F5A4-4778-89AA-F9EAAC36131D}.Debug|Any CPU.Build.0 = Debug|Any CPU
		{083AAE68-F5A4-4778-89AA-F9EAAC36131D}.Debug|x64.ActiveCfg = Debug|Any CPU
		{083AAE68-F5A4-4778-89AA-F9EAAC36131D}.Debug|x64.Build.0 = Debug|Any CPU
		{083AAE68-F5A4-4778-89AA-F9EAAC36131D}.Debug|x86.ActiveCfg = Debug|Any CPU
		{083AAE68-F5A4-4778-89AA-F9EAAC36131D}.Debug|x86.Build.0 = Debug|Any CPU
		{083AAE68-F5A4-4778-89AA-F9EAAC36131D}.Release|Any CPU.ActiveCfg = Release|Any CPU
		{083AAE68-F5A4-4778-89AA-F9EAAC36131D}.Release|Any CPU.Build.0 = Release|Any CPU
		{083AAE68-F5A4-4778-89AA-F9EAAC36131D}.Release|x64.ActiveCfg = Release|Any CPU
		{083AAE68-F5A4-4778-89AA-F9EAAC36131D}.Release|x64.Build.0 = Release|Any CPU
		{083AAE68-F5A4-4778-89AA-F9EAAC36131D}.Release|x86.ActiveCfg = Release|Any CPU
		{083AAE68-F5A4-4778-89AA-F9EAAC36131D}.Release|x86.Build.0 = Release|Any CPU
		{D6A4832C-02DB-46AA-A57F-DE64ADA56BCD}.Debug|Any CPU.ActiveCfg = Debug|Any CPU
		{D6A4832C-02DB-46AA-A57F-DE64ADA56BCD}.Debug|Any CPU.Build.0 = Debug|Any CPU
		{D6A4832C-02DB-46AA-A57F-DE64ADA56BCD}.Debug|x64.ActiveCfg = Debug|Any CPU
		{D6A4832C-02DB-46AA-A57F-DE64ADA56BCD}.Debug|x64.Build.0 = Debug|Any CPU
		{D6A4832C-02DB-46AA-A57F-DE64ADA56BCD}.Debug|x86.ActiveCfg = Debug|Any CPU
		{D6A4832C-02DB-46AA-A57F-DE64ADA56BCD}.Debug|x86.Build.0 = Debug|Any CPU
		{D6A4832C-02DB-46AA-A57F-DE64ADA56BCD}.Release|Any CPU.ActiveCfg = Release|Any CPU
		{D6A4832C-02DB-46AA-A57F-DE64ADA56BCD}.Release|Any CPU.Build.0 = Release|Any CPU
		{D6A4832C-02DB-46AA-A57F-DE64ADA56BCD}.Release|x64.ActiveCfg = Release|Any CPU
		{D6A4832C-02DB-46AA-A57F-DE64ADA56BCD}.Release|x64.Build.0 = Release|Any CPU
		{D6A4832C-02DB-46AA-A57F-DE64ADA56BCD}.Release|x86.ActiveCfg = Release|Any CPU
		{D6A4832C-02DB-46AA-A57F-DE64ADA56BCD}.Release|x86.Build.0 = Release|Any CPU
		{AF006398-98F9-4B3D-B158-B75F5E196395}.Debug|Any CPU.ActiveCfg = Debug|Any CPU
		{AF006398-98F9-4B3D-B158-B75F5E196395}.Debug|Any CPU.Build.0 = Debug|Any CPU
		{AF006398-98F9-4B3D-B158-B75F5E196395}.Debug|x64.ActiveCfg = Debug|Any CPU
		{AF006398-98F9-4B3D-B158-B75F5E196395}.Debug|x64.Build.0 = Debug|Any CPU
		{AF006398-98F9-4B3D-B158-B75F5E196395}.Debug|x86.ActiveCfg = Debug|Any CPU
		{AF006398-98F9-4B3D-B158-B75F5E196395}.Debug|x86.Build.0 = Debug|Any CPU
		{AF006398-98F9-4B3D-B158-B75F5E196395}.Release|Any CPU.ActiveCfg = Release|Any CPU
		{AF006398-98F9-4B3D-B158-B75F5E196395}.Release|Any CPU.Build.0 = Release|Any CPU
		{AF006398-98F9-4B3D-B158-B75F5E196395}.Release|x64.ActiveCfg = Release|Any CPU
		{AF006398-98F9-4B3D-B158-B75F5E196395}.Release|x64.Build.0 = Release|Any CPU
		{AF006398-98F9-4B3D-B158-B75F5E196395}.Release|x86.ActiveCfg = Release|Any CPU
		{AF006398-98F9-4B3D-B158-B75F5E196395}.Release|x86.Build.0 = Release|Any CPU
		{8BF37317-D0F1-468D-A2B1-201E75FD092C}.Debug|Any CPU.ActiveCfg = Debug|Any CPU
		{8BF37317-D0F1-468D-A2B1-201E75FD092C}.Debug|Any CPU.Build.0 = Debug|Any CPU
		{8BF37317-D0F1-468D-A2B1-201E75FD092C}.Debug|x64.ActiveCfg = Debug|Any CPU
		{8BF37317-D0F1-468D-A2B1-201E75FD092C}.Debug|x64.Build.0 = Debug|Any CPU
		{8BF37317-D0F1-468D-A2B1-201E75FD092C}.Debug|x86.ActiveCfg = Debug|Any CPU
		{8BF37317-D0F1-468D-A2B1-201E75FD092C}.Debug|x86.Build.0 = Debug|Any CPU
		{8BF37317-D0F1-468D-A2B1-201E75FD092C}.Release|Any CPU.ActiveCfg = Release|Any CPU
		{8BF37317-D0F1-468D-A2B1-201E75FD092C}.Release|Any CPU.Build.0 = Release|Any CPU
		{8BF37317-D0F1-468D-A2B1-201E75FD092C}.Release|x64.ActiveCfg = Release|Any CPU
		{8BF37317-D0F1-468D-A2B1-201E75FD092C}.Release|x64.Build.0 = Release|Any CPU
		{8BF37317-D0F1-468D-A2B1-201E75FD092C}.Release|x86.ActiveCfg = Release|Any CPU
		{8BF37317-D0F1-468D-A2B1-201E75FD092C}.Release|x86.Build.0 = Release|Any CPU
		{A6A2DE0D-7A2B-4889-9737-47FD188BBEF7}.Debug|Any CPU.ActiveCfg = Debug|Any CPU
		{A6A2DE0D-7A2B-4889-9737-47FD188BBEF7}.Debug|Any CPU.Build.0 = Debug|Any CPU
		{A6A2DE0D-7A2B-4889-9737-47FD188BBEF7}.Debug|x64.ActiveCfg = Debug|Any CPU
		{A6A2DE0D-7A2B-4889-9737-47FD188BBEF7}.Debug|x64.Build.0 = Debug|Any CPU
		{A6A2DE0D-7A2B-4889-9737-47FD188BBEF7}.Debug|x86.ActiveCfg = Debug|Any CPU
		{A6A2DE0D-7A2B-4889-9737-47FD188BBEF7}.Debug|x86.Build.0 = Debug|Any CPU
		{A6A2DE0D-7A2B-4889-9737-47FD188BBEF7}.Release|Any CPU.ActiveCfg = Release|Any CPU
		{A6A2DE0D-7A2B-4889-9737-47FD188BBEF7}.Release|Any CPU.Build.0 = Release|Any CPU
		{A6A2DE0D-7A2B-4889-9737-47FD188BBEF7}.Release|x64.ActiveCfg = Release|Any CPU
		{A6A2DE0D-7A2B-4889-9737-47FD188BBEF7}.Release|x64.Build.0 = Release|Any CPU
		{A6A2DE0D-7A2B-4889-9737-47FD188BBEF7}.Release|x86.ActiveCfg = Release|Any CPU
		{A6A2DE0D-7A2B-4889-9737-47FD188BBEF7}.Release|x86.Build.0 = Release|Any CPU
		{4BD4E17E-54E4-454D-AD28-3ADC64BB8ABA}.Debug|Any CPU.ActiveCfg = Debug|Any CPU
		{4BD4E17E-54E4-454D-AD28-3ADC64BB8ABA}.Debug|Any CPU.Build.0 = Debug|Any CPU
		{4BD4E17E-54E4-454D-AD28-3ADC64BB8ABA}.Debug|x64.ActiveCfg = Debug|Any CPU
		{4BD4E17E-54E4-454D-AD28-3ADC64BB8ABA}.Debug|x64.Build.0 = Debug|Any CPU
		{4BD4E17E-54E4-454D-AD28-3ADC64BB8ABA}.Debug|x86.ActiveCfg = Debug|Any CPU
		{4BD4E17E-54E4-454D-AD28-3ADC64BB8ABA}.Debug|x86.Build.0 = Debug|Any CPU
		{4BD4E17E-54E4-454D-AD28-3ADC64BB8ABA}.Release|Any CPU.ActiveCfg = Release|Any CPU
		{4BD4E17E-54E4-454D-AD28-3ADC64BB8ABA}.Release|Any CPU.Build.0 = Release|Any CPU
		{4BD4E17E-54E4-454D-AD28-3ADC64BB8ABA}.Release|x64.ActiveCfg = Release|Any CPU
		{4BD4E17E-54E4-454D-AD28-3ADC64BB8ABA}.Release|x64.Build.0 = Release|Any CPU
		{4BD4E17E-54E4-454D-AD28-3ADC64BB8ABA}.Release|x86.ActiveCfg = Release|Any CPU
		{4BD4E17E-54E4-454D-AD28-3ADC64BB8ABA}.Release|x86.Build.0 = Release|Any CPU
		{01597483-1573-47E3-8B45-34FA7377E94B}.Debug|Any CPU.ActiveCfg = Debug|Any CPU
		{01597483-1573-47E3-8B45-34FA7377E94B}.Debug|Any CPU.Build.0 = Debug|Any CPU
		{01597483-1573-47E3-8B45-34FA7377E94B}.Debug|x64.ActiveCfg = Debug|Any CPU
		{01597483-1573-47E3-8B45-34FA7377E94B}.Debug|x64.Build.0 = Debug|Any CPU
		{01597483-1573-47E3-8B45-34FA7377E94B}.Debug|x86.ActiveCfg = Debug|Any CPU
		{01597483-1573-47E3-8B45-34FA7377E94B}.Debug|x86.Build.0 = Debug|Any CPU
		{01597483-1573-47E3-8B45-34FA7377E94B}.Release|Any CPU.ActiveCfg = Release|Any CPU
		{01597483-1573-47E3-8B45-34FA7377E94B}.Release|Any CPU.Build.0 = Release|Any CPU
		{01597483-1573-47E3-8B45-34FA7377E94B}.Release|x64.ActiveCfg = Release|Any CPU
		{01597483-1573-47E3-8B45-34FA7377E94B}.Release|x64.Build.0 = Release|Any CPU
		{01597483-1573-47E3-8B45-34FA7377E94B}.Release|x86.ActiveCfg = Release|Any CPU
		{01597483-1573-47E3-8B45-34FA7377E94B}.Release|x86.Build.0 = Release|Any CPU
		{E0C4D184-1793-4EF4-8939-1E2A07336E27}.Debug|Any CPU.ActiveCfg = Debug|Any CPU
		{E0C4D184-1793-4EF4-8939-1E2A07336E27}.Debug|Any CPU.Build.0 = Debug|Any CPU
		{E0C4D184-1793-4EF4-8939-1E2A07336E27}.Debug|x64.ActiveCfg = Debug|Any CPU
		{E0C4D184-1793-4EF4-8939-1E2A07336E27}.Debug|x64.Build.0 = Debug|Any CPU
		{E0C4D184-1793-4EF4-8939-1E2A07336E27}.Debug|x86.ActiveCfg = Debug|Any CPU
		{E0C4D184-1793-4EF4-8939-1E2A07336E27}.Debug|x86.Build.0 = Debug|Any CPU
		{E0C4D184-1793-4EF4-8939-1E2A07336E27}.Release|Any CPU.ActiveCfg = Release|Any CPU
		{E0C4D184-1793-4EF4-8939-1E2A07336E27}.Release|Any CPU.Build.0 = Release|Any CPU
		{E0C4D184-1793-4EF4-8939-1E2A07336E27}.Release|x64.ActiveCfg = Release|Any CPU
		{E0C4D184-1793-4EF4-8939-1E2A07336E27}.Release|x64.Build.0 = Release|Any CPU
		{E0C4D184-1793-4EF4-8939-1E2A07336E27}.Release|x86.ActiveCfg = Release|Any CPU
		{E0C4D184-1793-4EF4-8939-1E2A07336E27}.Release|x86.Build.0 = Release|Any CPU
		{4E2B5055-DB22-475E-B368-A216537CCECA}.Debug|Any CPU.ActiveCfg = Debug|Any CPU
		{4E2B5055-DB22-475E-B368-A216537CCECA}.Debug|Any CPU.Build.0 = Debug|Any CPU
		{4E2B5055-DB22-475E-B368-A216537CCECA}.Debug|x64.ActiveCfg = Debug|Any CPU
		{4E2B5055-DB22-475E-B368-A216537CCECA}.Debug|x64.Build.0 = Debug|Any CPU
		{4E2B5055-DB22-475E-B368-A216537CCECA}.Debug|x86.ActiveCfg = Debug|Any CPU
		{4E2B5055-DB22-475E-B368-A216537CCECA}.Debug|x86.Build.0 = Debug|Any CPU
		{4E2B5055-DB22-475E-B368-A216537CCECA}.Release|Any CPU.ActiveCfg = Release|Any CPU
		{4E2B5055-DB22-475E-B368-A216537CCECA}.Release|Any CPU.Build.0 = Release|Any CPU
		{4E2B5055-DB22-475E-B368-A216537CCECA}.Release|x64.ActiveCfg = Release|Any CPU
		{4E2B5055-DB22-475E-B368-A216537CCECA}.Release|x64.Build.0 = Release|Any CPU
		{4E2B5055-DB22-475E-B368-A216537CCECA}.Release|x86.ActiveCfg = Release|Any CPU
		{4E2B5055-DB22-475E-B368-A216537CCECA}.Release|x86.Build.0 = Release|Any CPU
		{EBA15AF2-3425-4776-8713-06E8205A02A4}.Debug|Any CPU.ActiveCfg = Debug|Any CPU
		{EBA15AF2-3425-4776-8713-06E8205A02A4}.Debug|Any CPU.Build.0 = Debug|Any CPU
		{EBA15AF2-3425-4776-8713-06E8205A02A4}.Debug|x64.ActiveCfg = Debug|Any CPU
		{EBA15AF2-3425-4776-8713-06E8205A02A4}.Debug|x64.Build.0 = Debug|Any CPU
		{EBA15AF2-3425-4776-8713-06E8205A02A4}.Debug|x86.ActiveCfg = Debug|Any CPU
		{EBA15AF2-3425-4776-8713-06E8205A02A4}.Debug|x86.Build.0 = Debug|Any CPU
		{EBA15AF2-3425-4776-8713-06E8205A02A4}.Release|Any CPU.ActiveCfg = Release|Any CPU
		{EBA15AF2-3425-4776-8713-06E8205A02A4}.Release|Any CPU.Build.0 = Release|Any CPU
		{EBA15AF2-3425-4776-8713-06E8205A02A4}.Release|x64.ActiveCfg = Release|Any CPU
		{EBA15AF2-3425-4776-8713-06E8205A02A4}.Release|x64.Build.0 = Release|Any CPU
		{EBA15AF2-3425-4776-8713-06E8205A02A4}.Release|x86.ActiveCfg = Release|Any CPU
		{EBA15AF2-3425-4776-8713-06E8205A02A4}.Release|x86.Build.0 = Release|Any CPU
		{89E9C42C-4979-4DBE-B6DF-178F7C917DF2}.Debug|Any CPU.ActiveCfg = Debug|Any CPU
		{89E9C42C-4979-4DBE-B6DF-178F7C917DF2}.Debug|Any CPU.Build.0 = Debug|Any CPU
		{89E9C42C-4979-4DBE-B6DF-178F7C917DF2}.Debug|x64.ActiveCfg = Debug|Any CPU
		{89E9C42C-4979-4DBE-B6DF-178F7C917DF2}.Debug|x64.Build.0 = Debug|Any CPU
		{89E9C42C-4979-4DBE-B6DF-178F7C917DF2}.Debug|x86.ActiveCfg = Debug|Any CPU
		{89E9C42C-4979-4DBE-B6DF-178F7C917DF2}.Debug|x86.Build.0 = Debug|Any CPU
		{89E9C42C-4979-4DBE-B6DF-178F7C917DF2}.Release|Any CPU.ActiveCfg = Release|Any CPU
		{89E9C42C-4979-4DBE-B6DF-178F7C917DF2}.Release|Any CPU.Build.0 = Release|Any CPU
		{89E9C42C-4979-4DBE-B6DF-178F7C917DF2}.Release|x64.ActiveCfg = Release|Any CPU
		{89E9C42C-4979-4DBE-B6DF-178F7C917DF2}.Release|x64.Build.0 = Release|Any CPU
		{89E9C42C-4979-4DBE-B6DF-178F7C917DF2}.Release|x86.ActiveCfg = Release|Any CPU
		{89E9C42C-4979-4DBE-B6DF-178F7C917DF2}.Release|x86.Build.0 = Release|Any CPU
		{B3CA1D9D-93B0-490D-8BC3-0CD7118BB5CE}.Debug|Any CPU.ActiveCfg = Debug|Any CPU
		{B3CA1D9D-93B0-490D-8BC3-0CD7118BB5CE}.Debug|Any CPU.Build.0 = Debug|Any CPU
		{B3CA1D9D-93B0-490D-8BC3-0CD7118BB5CE}.Debug|x64.ActiveCfg = Debug|Any CPU
		{B3CA1D9D-93B0-490D-8BC3-0CD7118BB5CE}.Debug|x64.Build.0 = Debug|Any CPU
		{B3CA1D9D-93B0-490D-8BC3-0CD7118BB5CE}.Debug|x86.ActiveCfg = Debug|Any CPU
		{B3CA1D9D-93B0-490D-8BC3-0CD7118BB5CE}.Debug|x86.Build.0 = Debug|Any CPU
		{B3CA1D9D-93B0-490D-8BC3-0CD7118BB5CE}.Release|Any CPU.ActiveCfg = Release|Any CPU
		{B3CA1D9D-93B0-490D-8BC3-0CD7118BB5CE}.Release|Any CPU.Build.0 = Release|Any CPU
		{B3CA1D9D-93B0-490D-8BC3-0CD7118BB5CE}.Release|x64.ActiveCfg = Release|Any CPU
		{B3CA1D9D-93B0-490D-8BC3-0CD7118BB5CE}.Release|x64.Build.0 = Release|Any CPU
		{B3CA1D9D-93B0-490D-8BC3-0CD7118BB5CE}.Release|x86.ActiveCfg = Release|Any CPU
		{B3CA1D9D-93B0-490D-8BC3-0CD7118BB5CE}.Release|x86.Build.0 = Release|Any CPU
		{FCDB328D-1E74-4172-ADB9-9F1B90C9A10D}.Debug|Any CPU.ActiveCfg = Debug|Any CPU
		{FCDB328D-1E74-4172-ADB9-9F1B90C9A10D}.Debug|Any CPU.Build.0 = Debug|Any CPU
		{FCDB328D-1E74-4172-ADB9-9F1B90C9A10D}.Debug|x64.ActiveCfg = Debug|Any CPU
		{FCDB328D-1E74-4172-ADB9-9F1B90C9A10D}.Debug|x64.Build.0 = Debug|Any CPU
		{FCDB328D-1E74-4172-ADB9-9F1B90C9A10D}.Debug|x86.ActiveCfg = Debug|Any CPU
		{FCDB328D-1E74-4172-ADB9-9F1B90C9A10D}.Debug|x86.Build.0 = Debug|Any CPU
		{FCDB328D-1E74-4172-ADB9-9F1B90C9A10D}.Release|Any CPU.ActiveCfg = Release|Any CPU
		{FCDB328D-1E74-4172-ADB9-9F1B90C9A10D}.Release|Any CPU.Build.0 = Release|Any CPU
		{FCDB328D-1E74-4172-ADB9-9F1B90C9A10D}.Release|x64.ActiveCfg = Release|Any CPU
		{FCDB328D-1E74-4172-ADB9-9F1B90C9A10D}.Release|x64.Build.0 = Release|Any CPU
		{FCDB328D-1E74-4172-ADB9-9F1B90C9A10D}.Release|x86.ActiveCfg = Release|Any CPU
		{FCDB328D-1E74-4172-ADB9-9F1B90C9A10D}.Release|x86.Build.0 = Release|Any CPU
		{E888E306-B67E-4810-9E4A-9C5707806988}.Debug|Any CPU.ActiveCfg = Debug|Any CPU
		{E888E306-B67E-4810-9E4A-9C5707806988}.Debug|Any CPU.Build.0 = Debug|Any CPU
		{E888E306-B67E-4810-9E4A-9C5707806988}.Debug|x64.ActiveCfg = Debug|Any CPU
		{E888E306-B67E-4810-9E4A-9C5707806988}.Debug|x64.Build.0 = Debug|Any CPU
		{E888E306-B67E-4810-9E4A-9C5707806988}.Debug|x86.ActiveCfg = Debug|Any CPU
		{E888E306-B67E-4810-9E4A-9C5707806988}.Debug|x86.Build.0 = Debug|Any CPU
		{E888E306-B67E-4810-9E4A-9C5707806988}.Release|Any CPU.ActiveCfg = Release|Any CPU
		{E888E306-B67E-4810-9E4A-9C5707806988}.Release|Any CPU.Build.0 = Release|Any CPU
		{E888E306-B67E-4810-9E4A-9C5707806988}.Release|x64.ActiveCfg = Release|Any CPU
		{E888E306-B67E-4810-9E4A-9C5707806988}.Release|x64.Build.0 = Release|Any CPU
		{E888E306-B67E-4810-9E4A-9C5707806988}.Release|x86.ActiveCfg = Release|Any CPU
		{E888E306-B67E-4810-9E4A-9C5707806988}.Release|x86.Build.0 = Release|Any CPU
		{B7740019-A4DE-4205-B00C-E27E7B2EDE5E}.Debug|Any CPU.ActiveCfg = Debug|Any CPU
		{B7740019-A4DE-4205-B00C-E27E7B2EDE5E}.Debug|Any CPU.Build.0 = Debug|Any CPU
		{B7740019-A4DE-4205-B00C-E27E7B2EDE5E}.Debug|x64.ActiveCfg = Debug|Any CPU
		{B7740019-A4DE-4205-B00C-E27E7B2EDE5E}.Debug|x64.Build.0 = Debug|Any CPU
		{B7740019-A4DE-4205-B00C-E27E7B2EDE5E}.Debug|x86.ActiveCfg = Debug|Any CPU
		{B7740019-A4DE-4205-B00C-E27E7B2EDE5E}.Debug|x86.Build.0 = Debug|Any CPU
		{B7740019-A4DE-4205-B00C-E27E7B2EDE5E}.Release|Any CPU.ActiveCfg = Release|Any CPU
		{B7740019-A4DE-4205-B00C-E27E7B2EDE5E}.Release|Any CPU.Build.0 = Release|Any CPU
		{B7740019-A4DE-4205-B00C-E27E7B2EDE5E}.Release|x64.ActiveCfg = Release|Any CPU
		{B7740019-A4DE-4205-B00C-E27E7B2EDE5E}.Release|x64.Build.0 = Release|Any CPU
		{B7740019-A4DE-4205-B00C-E27E7B2EDE5E}.Release|x86.ActiveCfg = Release|Any CPU
		{B7740019-A4DE-4205-B00C-E27E7B2EDE5E}.Release|x86.Build.0 = Release|Any CPU
		{1C935E95-FAD7-40AF-AD7F-3D6C5A31501B}.Debug|Any CPU.ActiveCfg = Debug|Any CPU
		{1C935E95-FAD7-40AF-AD7F-3D6C5A31501B}.Debug|Any CPU.Build.0 = Debug|Any CPU
		{1C935E95-FAD7-40AF-AD7F-3D6C5A31501B}.Debug|x64.ActiveCfg = Debug|Any CPU
		{1C935E95-FAD7-40AF-AD7F-3D6C5A31501B}.Debug|x64.Build.0 = Debug|Any CPU
		{1C935E95-FAD7-40AF-AD7F-3D6C5A31501B}.Debug|x86.ActiveCfg = Debug|Any CPU
		{1C935E95-FAD7-40AF-AD7F-3D6C5A31501B}.Debug|x86.Build.0 = Debug|Any CPU
		{1C935E95-FAD7-40AF-AD7F-3D6C5A31501B}.Release|Any CPU.ActiveCfg = Release|Any CPU
		{1C935E95-FAD7-40AF-AD7F-3D6C5A31501B}.Release|Any CPU.Build.0 = Release|Any CPU
		{1C935E95-FAD7-40AF-AD7F-3D6C5A31501B}.Release|x64.ActiveCfg = Release|Any CPU
		{1C935E95-FAD7-40AF-AD7F-3D6C5A31501B}.Release|x64.Build.0 = Release|Any CPU
		{1C935E95-FAD7-40AF-AD7F-3D6C5A31501B}.Release|x86.ActiveCfg = Release|Any CPU
		{1C935E95-FAD7-40AF-AD7F-3D6C5A31501B}.Release|x86.Build.0 = Release|Any CPU
		{58181E24-791E-4D09-B6F2-66ED23B912AA}.Debug|Any CPU.ActiveCfg = Debug|Any CPU
		{58181E24-791E-4D09-B6F2-66ED23B912AA}.Debug|Any CPU.Build.0 = Debug|Any CPU
		{58181E24-791E-4D09-B6F2-66ED23B912AA}.Debug|x64.ActiveCfg = Debug|Any CPU
		{58181E24-791E-4D09-B6F2-66ED23B912AA}.Debug|x64.Build.0 = Debug|Any CPU
		{58181E24-791E-4D09-B6F2-66ED23B912AA}.Debug|x86.ActiveCfg = Debug|Any CPU
		{58181E24-791E-4D09-B6F2-66ED23B912AA}.Debug|x86.Build.0 = Debug|Any CPU
		{58181E24-791E-4D09-B6F2-66ED23B912AA}.Release|Any CPU.ActiveCfg = Release|Any CPU
		{58181E24-791E-4D09-B6F2-66ED23B912AA}.Release|Any CPU.Build.0 = Release|Any CPU
		{58181E24-791E-4D09-B6F2-66ED23B912AA}.Release|x64.ActiveCfg = Release|Any CPU
		{58181E24-791E-4D09-B6F2-66ED23B912AA}.Release|x64.Build.0 = Release|Any CPU
		{58181E24-791E-4D09-B6F2-66ED23B912AA}.Release|x86.ActiveCfg = Release|Any CPU
		{58181E24-791E-4D09-B6F2-66ED23B912AA}.Release|x86.Build.0 = Release|Any CPU
		{6B19E00E-30F2-4474-8F37-212EEE9E7924}.Debug|Any CPU.ActiveCfg = Debug|Any CPU
		{6B19E00E-30F2-4474-8F37-212EEE9E7924}.Debug|Any CPU.Build.0 = Debug|Any CPU
		{6B19E00E-30F2-4474-8F37-212EEE9E7924}.Debug|x64.ActiveCfg = Debug|Any CPU
		{6B19E00E-30F2-4474-8F37-212EEE9E7924}.Debug|x64.Build.0 = Debug|Any CPU
		{6B19E00E-30F2-4474-8F37-212EEE9E7924}.Debug|x86.ActiveCfg = Debug|Any CPU
		{6B19E00E-30F2-4474-8F37-212EEE9E7924}.Debug|x86.Build.0 = Debug|Any CPU
		{6B19E00E-30F2-4474-8F37-212EEE9E7924}.Release|Any CPU.ActiveCfg = Release|Any CPU
		{6B19E00E-30F2-4474-8F37-212EEE9E7924}.Release|Any CPU.Build.0 = Release|Any CPU
		{6B19E00E-30F2-4474-8F37-212EEE9E7924}.Release|x64.ActiveCfg = Release|Any CPU
		{6B19E00E-30F2-4474-8F37-212EEE9E7924}.Release|x64.Build.0 = Release|Any CPU
		{6B19E00E-30F2-4474-8F37-212EEE9E7924}.Release|x86.ActiveCfg = Release|Any CPU
		{6B19E00E-30F2-4474-8F37-212EEE9E7924}.Release|x86.Build.0 = Release|Any CPU
		{2F1C9761-7E2C-45F1-8790-BAE3F7C7397A}.Debug|Any CPU.ActiveCfg = Debug|Any CPU
		{2F1C9761-7E2C-45F1-8790-BAE3F7C7397A}.Debug|Any CPU.Build.0 = Debug|Any CPU
		{2F1C9761-7E2C-45F1-8790-BAE3F7C7397A}.Debug|x64.ActiveCfg = Debug|Any CPU
		{2F1C9761-7E2C-45F1-8790-BAE3F7C7397A}.Debug|x64.Build.0 = Debug|Any CPU
		{2F1C9761-7E2C-45F1-8790-BAE3F7C7397A}.Debug|x86.ActiveCfg = Debug|Any CPU
		{2F1C9761-7E2C-45F1-8790-BAE3F7C7397A}.Debug|x86.Build.0 = Debug|Any CPU
		{2F1C9761-7E2C-45F1-8790-BAE3F7C7397A}.Release|Any CPU.ActiveCfg = Release|Any CPU
		{2F1C9761-7E2C-45F1-8790-BAE3F7C7397A}.Release|Any CPU.Build.0 = Release|Any CPU
		{2F1C9761-7E2C-45F1-8790-BAE3F7C7397A}.Release|x64.ActiveCfg = Release|Any CPU
		{2F1C9761-7E2C-45F1-8790-BAE3F7C7397A}.Release|x64.Build.0 = Release|Any CPU
		{2F1C9761-7E2C-45F1-8790-BAE3F7C7397A}.Release|x86.ActiveCfg = Release|Any CPU
		{2F1C9761-7E2C-45F1-8790-BAE3F7C7397A}.Release|x86.Build.0 = Release|Any CPU
		{D7D02A7B-C270-41F0-9D00-D419A6762768}.Debug|Any CPU.ActiveCfg = Debug|Any CPU
		{D7D02A7B-C270-41F0-9D00-D419A6762768}.Debug|Any CPU.Build.0 = Debug|Any CPU
		{D7D02A7B-C270-41F0-9D00-D419A6762768}.Debug|x64.ActiveCfg = Debug|Any CPU
		{D7D02A7B-C270-41F0-9D00-D419A6762768}.Debug|x64.Build.0 = Debug|Any CPU
		{D7D02A7B-C270-41F0-9D00-D419A6762768}.Debug|x86.ActiveCfg = Debug|Any CPU
		{D7D02A7B-C270-41F0-9D00-D419A6762768}.Debug|x86.Build.0 = Debug|Any CPU
		{D7D02A7B-C270-41F0-9D00-D419A6762768}.Release|Any CPU.ActiveCfg = Release|Any CPU
		{D7D02A7B-C270-41F0-9D00-D419A6762768}.Release|Any CPU.Build.0 = Release|Any CPU
		{D7D02A7B-C270-41F0-9D00-D419A6762768}.Release|x64.ActiveCfg = Release|Any CPU
		{D7D02A7B-C270-41F0-9D00-D419A6762768}.Release|x64.Build.0 = Release|Any CPU
		{D7D02A7B-C270-41F0-9D00-D419A6762768}.Release|x86.ActiveCfg = Release|Any CPU
		{D7D02A7B-C270-41F0-9D00-D419A6762768}.Release|x86.Build.0 = Release|Any CPU
		{8CEAFF93-8D13-44BC-84D7-C035306920A7}.Debug|Any CPU.ActiveCfg = Debug|Any CPU
		{8CEAFF93-8D13-44BC-84D7-C035306920A7}.Debug|Any CPU.Build.0 = Debug|Any CPU
		{8CEAFF93-8D13-44BC-84D7-C035306920A7}.Debug|x64.ActiveCfg = Debug|Any CPU
		{8CEAFF93-8D13-44BC-84D7-C035306920A7}.Debug|x64.Build.0 = Debug|Any CPU
		{8CEAFF93-8D13-44BC-84D7-C035306920A7}.Debug|x86.ActiveCfg = Debug|Any CPU
		{8CEAFF93-8D13-44BC-84D7-C035306920A7}.Debug|x86.Build.0 = Debug|Any CPU
		{8CEAFF93-8D13-44BC-84D7-C035306920A7}.Release|Any CPU.ActiveCfg = Release|Any CPU
		{8CEAFF93-8D13-44BC-84D7-C035306920A7}.Release|Any CPU.Build.0 = Release|Any CPU
		{8CEAFF93-8D13-44BC-84D7-C035306920A7}.Release|x64.ActiveCfg = Release|Any CPU
		{8CEAFF93-8D13-44BC-84D7-C035306920A7}.Release|x64.Build.0 = Release|Any CPU
		{8CEAFF93-8D13-44BC-84D7-C035306920A7}.Release|x86.ActiveCfg = Release|Any CPU
		{8CEAFF93-8D13-44BC-84D7-C035306920A7}.Release|x86.Build.0 = Release|Any CPU
		{B7C127F7-BFA0-4CE0-B02B-2BF0C4286700}.Debug|Any CPU.ActiveCfg = Debug|Any CPU
		{B7C127F7-BFA0-4CE0-B02B-2BF0C4286700}.Debug|Any CPU.Build.0 = Debug|Any CPU
		{B7C127F7-BFA0-4CE0-B02B-2BF0C4286700}.Debug|x64.ActiveCfg = Debug|Any CPU
		{B7C127F7-BFA0-4CE0-B02B-2BF0C4286700}.Debug|x64.Build.0 = Debug|Any CPU
		{B7C127F7-BFA0-4CE0-B02B-2BF0C4286700}.Debug|x86.ActiveCfg = Debug|Any CPU
		{B7C127F7-BFA0-4CE0-B02B-2BF0C4286700}.Debug|x86.Build.0 = Debug|Any CPU
		{B7C127F7-BFA0-4CE0-B02B-2BF0C4286700}.Release|Any CPU.ActiveCfg = Release|Any CPU
		{B7C127F7-BFA0-4CE0-B02B-2BF0C4286700}.Release|Any CPU.Build.0 = Release|Any CPU
		{B7C127F7-BFA0-4CE0-B02B-2BF0C4286700}.Release|x64.ActiveCfg = Release|Any CPU
		{B7C127F7-BFA0-4CE0-B02B-2BF0C4286700}.Release|x64.Build.0 = Release|Any CPU
		{B7C127F7-BFA0-4CE0-B02B-2BF0C4286700}.Release|x86.ActiveCfg = Release|Any CPU
		{B7C127F7-BFA0-4CE0-B02B-2BF0C4286700}.Release|x86.Build.0 = Release|Any CPU
		{FFBA93DA-1D98-4D6B-819B-C6597D10A028}.Debug|Any CPU.ActiveCfg = Debug|Any CPU
		{FFBA93DA-1D98-4D6B-819B-C6597D10A028}.Debug|Any CPU.Build.0 = Debug|Any CPU
		{FFBA93DA-1D98-4D6B-819B-C6597D10A028}.Debug|x64.ActiveCfg = Debug|Any CPU
		{FFBA93DA-1D98-4D6B-819B-C6597D10A028}.Debug|x64.Build.0 = Debug|Any CPU
		{FFBA93DA-1D98-4D6B-819B-C6597D10A028}.Debug|x86.ActiveCfg = Debug|Any CPU
		{FFBA93DA-1D98-4D6B-819B-C6597D10A028}.Debug|x86.Build.0 = Debug|Any CPU
		{FFBA93DA-1D98-4D6B-819B-C6597D10A028}.Release|Any CPU.ActiveCfg = Release|Any CPU
		{FFBA93DA-1D98-4D6B-819B-C6597D10A028}.Release|Any CPU.Build.0 = Release|Any CPU
		{FFBA93DA-1D98-4D6B-819B-C6597D10A028}.Release|x64.ActiveCfg = Release|Any CPU
		{FFBA93DA-1D98-4D6B-819B-C6597D10A028}.Release|x64.Build.0 = Release|Any CPU
		{FFBA93DA-1D98-4D6B-819B-C6597D10A028}.Release|x86.ActiveCfg = Release|Any CPU
		{FFBA93DA-1D98-4D6B-819B-C6597D10A028}.Release|x86.Build.0 = Release|Any CPU
		{29A6CA49-5BBC-4C98-8494-BE15F63A3969}.Debug|Any CPU.ActiveCfg = Debug|Any CPU
		{29A6CA49-5BBC-4C98-8494-BE15F63A3969}.Debug|Any CPU.Build.0 = Debug|Any CPU
		{29A6CA49-5BBC-4C98-8494-BE15F63A3969}.Debug|x64.ActiveCfg = Debug|Any CPU
		{29A6CA49-5BBC-4C98-8494-BE15F63A3969}.Debug|x64.Build.0 = Debug|Any CPU
		{29A6CA49-5BBC-4C98-8494-BE15F63A3969}.Debug|x86.ActiveCfg = Debug|Any CPU
		{29A6CA49-5BBC-4C98-8494-BE15F63A3969}.Debug|x86.Build.0 = Debug|Any CPU
		{29A6CA49-5BBC-4C98-8494-BE15F63A3969}.Release|Any CPU.ActiveCfg = Release|Any CPU
		{29A6CA49-5BBC-4C98-8494-BE15F63A3969}.Release|Any CPU.Build.0 = Release|Any CPU
		{29A6CA49-5BBC-4C98-8494-BE15F63A3969}.Release|x64.ActiveCfg = Release|Any CPU
		{29A6CA49-5BBC-4C98-8494-BE15F63A3969}.Release|x64.Build.0 = Release|Any CPU
		{29A6CA49-5BBC-4C98-8494-BE15F63A3969}.Release|x86.ActiveCfg = Release|Any CPU
		{29A6CA49-5BBC-4C98-8494-BE15F63A3969}.Release|x86.Build.0 = Release|Any CPU
		{45A72DB0-D119-422D-96F0-EB59C9709882}.Debug|Any CPU.ActiveCfg = Debug|Any CPU
		{45A72DB0-D119-422D-96F0-EB59C9709882}.Debug|Any CPU.Build.0 = Debug|Any CPU
		{45A72DB0-D119-422D-96F0-EB59C9709882}.Debug|x64.ActiveCfg = Debug|Any CPU
		{45A72DB0-D119-422D-96F0-EB59C9709882}.Debug|x64.Build.0 = Debug|Any CPU
		{45A72DB0-D119-422D-96F0-EB59C9709882}.Debug|x86.ActiveCfg = Debug|Any CPU
		{45A72DB0-D119-422D-96F0-EB59C9709882}.Debug|x86.Build.0 = Debug|Any CPU
		{45A72DB0-D119-422D-96F0-EB59C9709882}.Release|Any CPU.ActiveCfg = Release|Any CPU
		{45A72DB0-D119-422D-96F0-EB59C9709882}.Release|Any CPU.Build.0 = Release|Any CPU
		{45A72DB0-D119-422D-96F0-EB59C9709882}.Release|x64.ActiveCfg = Release|Any CPU
		{45A72DB0-D119-422D-96F0-EB59C9709882}.Release|x64.Build.0 = Release|Any CPU
		{45A72DB0-D119-422D-96F0-EB59C9709882}.Release|x86.ActiveCfg = Release|Any CPU
		{45A72DB0-D119-422D-96F0-EB59C9709882}.Release|x86.Build.0 = Release|Any CPU
		{D8268235-A068-4108-AE4F-7C36AE7B112D}.Debug|Any CPU.ActiveCfg = Debug|Any CPU
		{D8268235-A068-4108-AE4F-7C36AE7B112D}.Debug|Any CPU.Build.0 = Debug|Any CPU
		{D8268235-A068-4108-AE4F-7C36AE7B112D}.Debug|x64.ActiveCfg = Debug|Any CPU
		{D8268235-A068-4108-AE4F-7C36AE7B112D}.Debug|x64.Build.0 = Debug|Any CPU
		{D8268235-A068-4108-AE4F-7C36AE7B112D}.Debug|x86.ActiveCfg = Debug|Any CPU
		{D8268235-A068-4108-AE4F-7C36AE7B112D}.Debug|x86.Build.0 = Debug|Any CPU
		{D8268235-A068-4108-AE4F-7C36AE7B112D}.Release|Any CPU.ActiveCfg = Release|Any CPU
		{D8268235-A068-4108-AE4F-7C36AE7B112D}.Release|Any CPU.Build.0 = Release|Any CPU
		{D8268235-A068-4108-AE4F-7C36AE7B112D}.Release|x64.ActiveCfg = Release|Any CPU
		{D8268235-A068-4108-AE4F-7C36AE7B112D}.Release|x64.Build.0 = Release|Any CPU
		{D8268235-A068-4108-AE4F-7C36AE7B112D}.Release|x86.ActiveCfg = Release|Any CPU
		{D8268235-A068-4108-AE4F-7C36AE7B112D}.Release|x86.Build.0 = Release|Any CPU
		{672CE845-3B2F-4EE0-9E29-C8DD986F9399}.Debug|Any CPU.ActiveCfg = Debug|Any CPU
		{672CE845-3B2F-4EE0-9E29-C8DD986F9399}.Debug|Any CPU.Build.0 = Debug|Any CPU
		{672CE845-3B2F-4EE0-9E29-C8DD986F9399}.Debug|x64.ActiveCfg = Debug|Any CPU
		{672CE845-3B2F-4EE0-9E29-C8DD986F9399}.Debug|x64.Build.0 = Debug|Any CPU
		{672CE845-3B2F-4EE0-9E29-C8DD986F9399}.Debug|x86.ActiveCfg = Debug|Any CPU
		{672CE845-3B2F-4EE0-9E29-C8DD986F9399}.Debug|x86.Build.0 = Debug|Any CPU
		{672CE845-3B2F-4EE0-9E29-C8DD986F9399}.Release|Any CPU.ActiveCfg = Release|Any CPU
		{672CE845-3B2F-4EE0-9E29-C8DD986F9399}.Release|Any CPU.Build.0 = Release|Any CPU
		{672CE845-3B2F-4EE0-9E29-C8DD986F9399}.Release|x64.ActiveCfg = Release|Any CPU
		{672CE845-3B2F-4EE0-9E29-C8DD986F9399}.Release|x64.Build.0 = Release|Any CPU
		{672CE845-3B2F-4EE0-9E29-C8DD986F9399}.Release|x86.ActiveCfg = Release|Any CPU
		{672CE845-3B2F-4EE0-9E29-C8DD986F9399}.Release|x86.Build.0 = Release|Any CPU
		{87198876-904D-4182-9F86-43A588CF2B74}.Debug|Any CPU.ActiveCfg = Debug|Any CPU
		{87198876-904D-4182-9F86-43A588CF2B74}.Debug|Any CPU.Build.0 = Debug|Any CPU
		{87198876-904D-4182-9F86-43A588CF2B74}.Debug|x64.ActiveCfg = Debug|Any CPU
		{87198876-904D-4182-9F86-43A588CF2B74}.Debug|x64.Build.0 = Debug|Any CPU
		{87198876-904D-4182-9F86-43A588CF2B74}.Debug|x86.ActiveCfg = Debug|Any CPU
		{87198876-904D-4182-9F86-43A588CF2B74}.Debug|x86.Build.0 = Debug|Any CPU
		{87198876-904D-4182-9F86-43A588CF2B74}.Release|Any CPU.ActiveCfg = Release|Any CPU
		{87198876-904D-4182-9F86-43A588CF2B74}.Release|Any CPU.Build.0 = Release|Any CPU
		{87198876-904D-4182-9F86-43A588CF2B74}.Release|x64.ActiveCfg = Release|Any CPU
		{87198876-904D-4182-9F86-43A588CF2B74}.Release|x64.Build.0 = Release|Any CPU
		{87198876-904D-4182-9F86-43A588CF2B74}.Release|x86.ActiveCfg = Release|Any CPU
		{87198876-904D-4182-9F86-43A588CF2B74}.Release|x86.Build.0 = Release|Any CPU
		{C5672B2A-CAC8-4EB5-AAED-7203C1A60F03}.Debug|Any CPU.ActiveCfg = Debug|Any CPU
		{C5672B2A-CAC8-4EB5-AAED-7203C1A60F03}.Debug|Any CPU.Build.0 = Debug|Any CPU
		{C5672B2A-CAC8-4EB5-AAED-7203C1A60F03}.Debug|x64.ActiveCfg = Debug|Any CPU
		{C5672B2A-CAC8-4EB5-AAED-7203C1A60F03}.Debug|x64.Build.0 = Debug|Any CPU
		{C5672B2A-CAC8-4EB5-AAED-7203C1A60F03}.Debug|x86.ActiveCfg = Debug|Any CPU
		{C5672B2A-CAC8-4EB5-AAED-7203C1A60F03}.Debug|x86.Build.0 = Debug|Any CPU
		{C5672B2A-CAC8-4EB5-AAED-7203C1A60F03}.Release|Any CPU.ActiveCfg = Release|Any CPU
		{C5672B2A-CAC8-4EB5-AAED-7203C1A60F03}.Release|Any CPU.Build.0 = Release|Any CPU
		{C5672B2A-CAC8-4EB5-AAED-7203C1A60F03}.Release|x64.ActiveCfg = Release|Any CPU
		{C5672B2A-CAC8-4EB5-AAED-7203C1A60F03}.Release|x64.Build.0 = Release|Any CPU
		{C5672B2A-CAC8-4EB5-AAED-7203C1A60F03}.Release|x86.ActiveCfg = Release|Any CPU
		{C5672B2A-CAC8-4EB5-AAED-7203C1A60F03}.Release|x86.Build.0 = Release|Any CPU
		{B11A787A-DD71-4975-8A9F-D856CED986DD}.Debug|Any CPU.ActiveCfg = Debug|Any CPU
		{B11A787A-DD71-4975-8A9F-D856CED986DD}.Debug|Any CPU.Build.0 = Debug|Any CPU
		{B11A787A-DD71-4975-8A9F-D856CED986DD}.Debug|x64.ActiveCfg = Debug|Any CPU
		{B11A787A-DD71-4975-8A9F-D856CED986DD}.Debug|x64.Build.0 = Debug|Any CPU
		{B11A787A-DD71-4975-8A9F-D856CED986DD}.Debug|x86.ActiveCfg = Debug|Any CPU
		{B11A787A-DD71-4975-8A9F-D856CED986DD}.Debug|x86.Build.0 = Debug|Any CPU
		{B11A787A-DD71-4975-8A9F-D856CED986DD}.Release|Any CPU.ActiveCfg = Release|Any CPU
		{B11A787A-DD71-4975-8A9F-D856CED986DD}.Release|Any CPU.Build.0 = Release|Any CPU
		{B11A787A-DD71-4975-8A9F-D856CED986DD}.Release|x64.ActiveCfg = Release|Any CPU
		{B11A787A-DD71-4975-8A9F-D856CED986DD}.Release|x64.Build.0 = Release|Any CPU
		{B11A787A-DD71-4975-8A9F-D856CED986DD}.Release|x86.ActiveCfg = Release|Any CPU
		{B11A787A-DD71-4975-8A9F-D856CED986DD}.Release|x86.Build.0 = Release|Any CPU
		{A7525EB7-6B15-4D4E-82DF-731ECAFA3C0F}.Debug|Any CPU.ActiveCfg = Debug|Any CPU
		{A7525EB7-6B15-4D4E-82DF-731ECAFA3C0F}.Debug|Any CPU.Build.0 = Debug|Any CPU
		{A7525EB7-6B15-4D4E-82DF-731ECAFA3C0F}.Debug|x64.ActiveCfg = Debug|Any CPU
		{A7525EB7-6B15-4D4E-82DF-731ECAFA3C0F}.Debug|x64.Build.0 = Debug|Any CPU
		{A7525EB7-6B15-4D4E-82DF-731ECAFA3C0F}.Debug|x86.ActiveCfg = Debug|Any CPU
		{A7525EB7-6B15-4D4E-82DF-731ECAFA3C0F}.Debug|x86.Build.0 = Debug|Any CPU
		{A7525EB7-6B15-4D4E-82DF-731ECAFA3C0F}.Release|Any CPU.ActiveCfg = Release|Any CPU
		{A7525EB7-6B15-4D4E-82DF-731ECAFA3C0F}.Release|Any CPU.Build.0 = Release|Any CPU
		{A7525EB7-6B15-4D4E-82DF-731ECAFA3C0F}.Release|x64.ActiveCfg = Release|Any CPU
		{A7525EB7-6B15-4D4E-82DF-731ECAFA3C0F}.Release|x64.Build.0 = Release|Any CPU
		{A7525EB7-6B15-4D4E-82DF-731ECAFA3C0F}.Release|x86.ActiveCfg = Release|Any CPU
		{A7525EB7-6B15-4D4E-82DF-731ECAFA3C0F}.Release|x86.Build.0 = Release|Any CPU
	EndGlobalSection
EndGlobal
